<?xml version="1.0" encoding="utf-8"?>
<Project ToolsVersion="16.0" xmlns="http://schemas.microsoft.com/developer/msbuild/2003">
  <ItemGroup>
    <ClCompile Include="C:\Users\Paul\Downloads\bullet-2.82-r2704\bullet-2.82-r2704\Extras\ConvexDecomposition\bestfitobb.cpp">
      <Filter>Source Files</Filter>
    </ClCompile>
    <ClCompile Include="C:\Users\Paul\Downloads\bullet-2.82-r2704\bullet-2.82-r2704\Extras\ConvexDecomposition\ConvexBuilder.cpp">
      <Filter>Source Files</Filter>
    </ClCompile>
    <ClCompile Include="C:\Users\Paul\Downloads\bullet-2.82-r2704\bullet-2.82-r2704\Extras\ConvexDecomposition\cd_wavefront.cpp">
      <Filter>Source Files</Filter>
    </ClCompile>
    <ClCompile Include="C:\Users\Paul\Downloads\bullet-2.82-r2704\bullet-2.82-r2704\Extras\ConvexDecomposition\fitsphere.cpp">
      <Filter>Source Files</Filter>
    </ClCompile>
    <ClCompile Include="C:\Users\Paul\Downloads\bullet-2.82-r2704\bullet-2.82-r2704\Extras\ConvexDecomposition\meshvolume.cpp">
      <Filter>Source Files</Filter>
    </ClCompile>
    <ClCompile Include="C:\Users\Paul\Downloads\bullet-2.82-r2704\bullet-2.82-r2704\Extras\ConvexDecomposition\raytri.cpp">
      <Filter>Source Files</Filter>
    </ClCompile>
    <ClCompile Include="C:\Users\Paul\Downloads\bullet-2.82-r2704\bullet-2.82-r2704\Extras\ConvexDecomposition\vlookup.cpp">
      <Filter>Source Files</Filter>
    </ClCompile>
    <ClCompile Include="C:\Users\Paul\Downloads\bullet-2.82-r2704\bullet-2.82-r2704\Extras\ConvexDecomposition\bestfit.cpp">
      <Filter>Source Files</Filter>
    </ClCompile>
    <ClCompile Include="C:\Users\Paul\Downloads\bullet-2.82-r2704\bullet-2.82-r2704\Extras\ConvexDecomposition\cd_hull.cpp">
      <Filter>Source Files</Filter>
    </ClCompile>
    <ClCompile Include="C:\Users\Paul\Downloads\bullet-2.82-r2704\bullet-2.82-r2704\Extras\ConvexDecomposition\ConvexDecomposition.cpp">
      <Filter>Source Files</Filter>
    </ClCompile>
    <ClCompile Include="C:\Users\Paul\Downloads\bullet-2.82-r2704\bullet-2.82-r2704\Extras\ConvexDecomposition\concavity.cpp">
      <Filter>Source Files</Filter>
    </ClCompile>
    <ClCompile Include="C:\Users\Paul\Downloads\bullet-2.82-r2704\bullet-2.82-r2704\Extras\ConvexDecomposition\float_math.cpp">
      <Filter>Source Files</Filter>
    </ClCompile>
    <ClCompile Include="C:\Users\Paul\Downloads\bullet-2.82-r2704\bullet-2.82-r2704\Extras\ConvexDecomposition\planetri.cpp">
      <Filter>Source Files</Filter>
    </ClCompile>
    <ClCompile Include="C:\Users\Paul\Downloads\bullet-2.82-r2704\bullet-2.82-r2704\Extras\ConvexDecomposition\splitplane.cpp">
      <Filter>Source Files</Filter>
    </ClCompile>
  </ItemGroup>
  <ItemGroup>
    <ClInclude Include="C:\Users\Paul\Downloads\bullet-2.82-r2704\bullet-2.82-r2704\Extras\ConvexDecomposition\ConvexDecomposition.h">
      <Filter>Header Files</Filter>
    </ClInclude>
    <ClInclude Include="C:\Users\Paul\Downloads\bullet-2.82-r2704\bullet-2.82-r2704\Extras\ConvexDecomposition\cd_vector.h">
      <Filter>Header Files</Filter>
    </ClInclude>
    <ClInclude Include="C:\Users\Paul\Downloads\bullet-2.82-r2704\bullet-2.82-r2704\Extras\ConvexDecomposition\concavity.h">
      <Filter>Header Files</Filter>
    </ClInclude>
    <ClInclude Include="C:\Users\Paul\Downloads\bullet-2.82-r2704\bullet-2.82-r2704\Extras\ConvexDecomposition\bestfitobb.h">
      <Filter>Header Files</Filter>
    </ClInclude>
    <ClInclude Include="C:\Users\Paul\Downloads\bullet-2.82-r2704\bullet-2.82-r2704\Extras\ConvexDecomposition\ConvexBuilder.h">
      <Filter>Header Files</Filter>
    </ClInclude>
    <ClInclude Include="C:\Users\Paul\Downloads\bullet-2.82-r2704\bullet-2.82-r2704\Extras\ConvexDecomposition\cd_wavefront.h">
      <Filter>Header Files</Filter>
    </ClInclude>
    <ClInclude Include="C:\Users\Paul\Downloads\bullet-2.82-r2704\bullet-2.82-r2704\Extras\ConvexDecomposition\fitsphere.h">
      <Filter>Header Files</Filter>
    </ClInclude>
    <ClInclude Include="C:\Users\Paul\Downloads\bullet-2.82-r2704\bullet-2.82-r2704\Extras\ConvexDecomposition\meshvolume.h">
      <Filter>Header Files</Filter>
    </ClInclude>
    <ClInclude Include="C:\Users\Paul\Downloads\bullet-2.82-r2704\bullet-2.82-r2704\Extras\ConvexDecomposition\raytri.h">
      <Filter>Header Files</Filter>
    </ClInclude>
    <ClInclude Include="C:\Users\Paul\Downloads\bullet-2.82-r2704\bullet-2.82-r2704\Extras\ConvexDecomposition\vlookup.h">
      <Filter>Header Files</Filter>
    </ClInclude>
    <ClInclude Include="C:\Users\Paul\Downloads\bullet-2.82-r2704\bullet-2.82-r2704\Extras\ConvexDecomposition\bestfit.h">
      <Filter>Header Files</Filter>
    </ClInclude>
    <ClInclude Include="C:\Users\Paul\Downloads\bullet-2.82-r2704\bullet-2.82-r2704\Extras\ConvexDecomposition\cd_hull.h">
      <Filter>Header Files</Filter>
    </ClInclude>
  </ItemGroup>
  <ItemGroup>
    <CustomBuild Include="C:\Users\Paul\Downloads\bullet-2.82-r2704\bullet-2.82-r2704\Extras\ConvexDecomposition\CMakeLists.txt" />
  </ItemGroup>
  <ItemGroup>
    <Filter Include="Header Files">
      <UniqueIdentifier>{CD5EE022-5628-31B3-ABAE-A152627790FC}</UniqueIdentifier>
    </Filter>
    <Filter Include="Source Files">
      <UniqueIdentifier>{002F0037-F607-366D-8651-69B51AE29B82}</UniqueIdentifier>
    </Filter>
  </ItemGroup>
</Project>
