<?xml version="1.0" encoding="utf-8"?>
<Project ToolsVersion="16.0" xmlns="http://schemas.microsoft.com/developer/msbuild/2003">
  <ItemGroup>
    <ClCompile Include="D:\Documents\BigOnion\bullet3-master\examples\OpenGLWindow\SimpleCamera.cpp">
      <Filter>Source Files</Filter>
    </ClCompile>
    <ClCompile Include="D:\Documents\BigOnion\bullet3-master\examples\TinyRenderer\geometry.cpp">
      <Filter>Source Files</Filter>
    </ClCompile>
    <ClCompile Include="D:\Documents\BigOnion\bullet3-master\examples\TinyRenderer\model.cpp">
      <Filter>Source Files</Filter>
    </ClCompile>
    <ClCompile Include="D:\Documents\BigOnion\bullet3-master\examples\TinyRenderer\tgaimage.cpp">
      <Filter>Source Files</Filter>
    </ClCompile>
    <ClCompile Include="D:\Documents\BigOnion\bullet3-master\examples\TinyRenderer\our_gl.cpp">
      <Filter>Source Files</Filter>
    </ClCompile>
    <ClCompile Include="D:\Documents\BigOnion\bullet3-master\examples\TinyRenderer\TinyRenderer.cpp">
      <Filter>Source Files</Filter>
    </ClCompile>
    <ClCompile Include="D:\Documents\BigOnion\bullet3-master\examples\SharedMemory\plugins\collisionFilterPlugin\collisionFilterPlugin.cpp">
      <Filter>Source Files</Filter>
    </ClCompile>
    <ClCompile Include="D:\Documents\BigOnion\bullet3-master\examples\SharedMemory\plugins\pdControlPlugin\pdControlPlugin.cpp">
      <Filter>Source Files</Filter>
    </ClCompile>
    <ClCompile Include="D:\Documents\BigOnion\bullet3-master\examples\SharedMemory\b3RobotSimulatorClientAPI_NoGUI.cpp">
      <Filter>Source Files</Filter>
    </ClCompile>
    <ClCompile Include="D:\Documents\BigOnion\bullet3-master\examples\SharedMemory\b3RobotSimulatorClientAPI_NoDirect.cpp">
      <Filter>Source Files</Filter>
    </ClCompile>
    <ClCompile Include="D:\Documents\BigOnion\bullet3-master\examples\SharedMemory\IKTrajectoryHelper.cpp">
      <Filter>Source Files</Filter>
    </ClCompile>
    <ClCompile Include="D:\Documents\BigOnion\bullet3-master\examples\SharedMemory\plugins\tinyRendererPlugin\tinyRendererPlugin.cpp">
      <Filter>Source Files</Filter>
    </ClCompile>
    <ClCompile Include="D:\Documents\BigOnion\bullet3-master\examples\SharedMemory\plugins\tinyRendererPlugin\TinyRendererVisualShapeConverter.cpp">
      <Filter>Source Files</Filter>
    </ClCompile>
    <ClCompile Include="D:\Documents\BigOnion\bullet3-master\examples\SharedMemory\InProcessMemory.cpp">
      <Filter>Source Files</Filter>
    </ClCompile>
    <ClCompile Include="D:\Documents\BigOnion\bullet3-master\examples\SharedMemory\PhysicsClient.cpp">
      <Filter>Source Files</Filter>
    </ClCompile>
    <ClCompile Include="D:\Documents\BigOnion\bullet3-master\examples\SharedMemory\PhysicsServer.cpp">
      <Filter>Source Files</Filter>
    </ClCompile>
    <ClCompile Include="D:\Documents\BigOnion\bullet3-master\examples\SharedMemory\PhysicsServerSharedMemory.cpp">
      <Filter>Source Files</Filter>
    </ClCompile>
    <ClCompile Include="D:\Documents\BigOnion\bullet3-master\examples\SharedMemory\PhysicsDirect.cpp">
      <Filter>Source Files</Filter>
    </ClCompile>
    <ClCompile Include="D:\Documents\BigOnion\bullet3-master\examples\SharedMemory\PhysicsDirectC_API.cpp">
      <Filter>Source Files</Filter>
    </ClCompile>
    <ClCompile Include="D:\Documents\BigOnion\bullet3-master\examples\SharedMemory\PhysicsServerCommandProcessor.cpp">
      <Filter>Source Files</Filter>
    </ClCompile>
    <ClCompile Include="D:\Documents\BigOnion\bullet3-master\examples\SharedMemory\b3PluginManager.cpp">
      <Filter>Source Files</Filter>
    </ClCompile>
    <ClCompile Include="D:\Documents\BigOnion\bullet3-master\examples\SharedMemory\PhysicsClientSharedMemory.cpp">
      <Filter>Source Files</Filter>
    </ClCompile>
    <ClCompile Include="D:\Documents\BigOnion\bullet3-master\examples\SharedMemory\PhysicsClientSharedMemory_C_API.cpp">
      <Filter>Source Files</Filter>
    </ClCompile>
    <ClCompile Include="D:\Documents\BigOnion\bullet3-master\examples\SharedMemory\PhysicsClientC_API.cpp">
      <Filter>Source Files</Filter>
    </ClCompile>
    <ClCompile Include="D:\Documents\BigOnion\bullet3-master\examples\SharedMemory\Win32SharedMemory.cpp">
      <Filter>Source Files</Filter>
    </ClCompile>
    <ClCompile Include="D:\Documents\BigOnion\bullet3-master\examples\SharedMemory\PosixSharedMemory.cpp">
      <Filter>Source Files</Filter>
    </ClCompile>
    <ClCompile Include="D:\Documents\BigOnion\bullet3-master\examples\Utils\b3ResourcePath.cpp">
      <Filter>Source Files</Filter>
    </ClCompile>
    <ClCompile Include="D:\Documents\BigOnion\bullet3-master\examples\Utils\RobotLoggingUtil.cpp">
      <Filter>Source Files</Filter>
    </ClCompile>
    <ClCompile Include="D:\Documents\BigOnion\bullet3-master\examples\Utils\b3Clock.cpp">
      <Filter>Source Files</Filter>
    </ClCompile>
    <ClCompile Include="D:\Documents\BigOnion\bullet3-master\examples\Utils\ChromeTraceUtil.cpp">
      <Filter>Source Files</Filter>
    </ClCompile>
    <ClCompile Include="D:\Documents\BigOnion\bullet3-master\examples\ThirdPartyLibs\tinyxml2\tinyxml2.cpp">
      <Filter>Source Files</Filter>
    </ClCompile>
    <ClCompile Include="D:\Documents\BigOnion\bullet3-master\examples\ThirdPartyLibs\Wavefront\tiny_obj_loader.cpp">
      <Filter>Source Files</Filter>
    </ClCompile>
    <ClCompile Include="D:\Documents\BigOnion\bullet3-master\examples\ThirdPartyLibs\stb_image\stb_image.cpp">
      <Filter>Source Files</Filter>
    </ClCompile>
    <ClCompile Include="D:\Documents\BigOnion\bullet3-master\examples\ThirdPartyLibs\BussIK\Jacobian.cpp">
      <Filter>Source Files</Filter>
    </ClCompile>
    <ClCompile Include="D:\Documents\BigOnion\bullet3-master\examples\ThirdPartyLibs\BussIK\LinearR2.cpp">
      <Filter>Source Files</Filter>
    </ClCompile>
    <ClCompile Include="D:\Documents\BigOnion\bullet3-master\examples\ThirdPartyLibs\BussIK\LinearR3.cpp">
      <Filter>Source Files</Filter>
    </ClCompile>
    <ClCompile Include="D:\Documents\BigOnion\bullet3-master\examples\ThirdPartyLibs\BussIK\LinearR4.cpp">
      <Filter>Source Files</Filter>
    </ClCompile>
    <ClCompile Include="D:\Documents\BigOnion\bullet3-master\examples\ThirdPartyLibs\BussIK\MatrixRmn.cpp">
      <Filter>Source Files</Filter>
    </ClCompile>
    <ClCompile Include="D:\Documents\BigOnion\bullet3-master\examples\ThirdPartyLibs\BussIK\Misc.cpp">
      <Filter>Source Files</Filter>
    </ClCompile>
    <ClCompile Include="D:\Documents\BigOnion\bullet3-master\examples\ThirdPartyLibs\BussIK\Node.cpp">
      <Filter>Source Files</Filter>
    </ClCompile>
    <ClCompile Include="D:\Documents\BigOnion\bullet3-master\examples\ThirdPartyLibs\BussIK\Tree.cpp">
      <Filter>Source Files</Filter>
    </ClCompile>
    <ClCompile Include="D:\Documents\BigOnion\bullet3-master\examples\ThirdPartyLibs\BussIK\VectorRn.cpp">
      <Filter>Source Files</Filter>
    </ClCompile>
    <ClCompile Include="D:\Documents\BigOnion\bullet3-master\examples\Importers\ImportColladaDemo\LoadMeshFromCollada.cpp">
      <Filter>Source Files</Filter>
    </ClCompile>
    <ClCompile Include="D:\Documents\BigOnion\bullet3-master\examples\Importers\ImportObjDemo\LoadMeshFromObj.cpp">
      <Filter>Source Files</Filter>
    </ClCompile>
    <ClCompile Include="D:\Documents\BigOnion\bullet3-master\examples\Importers\ImportObjDemo\Wavefront2GLInstanceGraphicsShape.cpp">
      <Filter>Source Files</Filter>
    </ClCompile>
    <ClCompile Include="D:\Documents\BigOnion\bullet3-master\examples\Importers\ImportMJCFDemo\BulletMJCFImporter.cpp">
      <Filter>Source Files</Filter>
    </ClCompile>
    <ClCompile Include="D:\Documents\BigOnion\bullet3-master\examples\Importers\ImportURDFDemo\BulletUrdfImporter.cpp">
      <Filter>Source Files</Filter>
    </ClCompile>
    <ClCompile Include="D:\Documents\BigOnion\bullet3-master\examples\Importers\ImportURDFDemo\MyMultiBodyCreator.cpp">
      <Filter>Source Files</Filter>
    </ClCompile>
    <ClCompile Include="D:\Documents\BigOnion\bullet3-master\examples\Importers\ImportURDFDemo\URDF2Bullet.cpp">
      <Filter>Source Files</Filter>
    </ClCompile>
    <ClCompile Include="D:\Documents\BigOnion\bullet3-master\examples\Importers\ImportURDFDemo\UrdfParser.cpp">
      <Filter>Source Files</Filter>
    </ClCompile>
    <ClCompile Include="D:\Documents\BigOnion\bullet3-master\examples\Importers\ImportURDFDemo\urdfStringSplit.cpp">
      <Filter>Source Files</Filter>
    </ClCompile>
    <ClCompile Include="D:\Documents\BigOnion\bullet3-master\examples\Importers\ImportMeshUtility\b3ImportMeshUtility.cpp">
      <Filter>Source Files</Filter>
    </ClCompile>
    <ClCompile Include="D:\Documents\BigOnion\bullet3-master\examples\MultiThreading\b3PosixThreadSupport.cpp">
      <Filter>Source Files</Filter>
    </ClCompile>
    <ClCompile Include="D:\Documents\BigOnion\bullet3-master\examples\MultiThreading\b3Win32ThreadSupport.cpp">
      <Filter>Source Files</Filter>
    </ClCompile>
    <ClCompile Include="D:\Documents\BigOnion\bullet3-master\examples\MultiThreading\b3ThreadSupportInterface.cpp">
      <Filter>Source Files</Filter>
    </ClCompile>
    <ClCompile Include="D:\Documents\BigOnion\bullet3-master\examples\SharedMemory\PhysicsClientUDP.cpp">
      <Filter>Source Files</Filter>
    </ClCompile>
    <ClCompile Include="D:\Documents\BigOnion\bullet3-master\examples\SharedMemory\PhysicsClientUDP_C_API.cpp">
      <Filter>Source Files</Filter>
    </ClCompile>
    <ClCompile Include="D:\Documents\BigOnion\bullet3-master\examples\ThirdPartyLibs\enet\win32.c">
      <Filter>Source Files</Filter>
    </ClCompile>
    <ClCompile Include="D:\Documents\BigOnion\bullet3-master\examples\ThirdPartyLibs\enet\unix.c">
      <Filter>Source Files</Filter>
    </ClCompile>
    <ClCompile Include="D:\Documents\BigOnion\bullet3-master\examples\ThirdPartyLibs\enet\callbacks.c">
      <Filter>Source Files</Filter>
    </ClCompile>
    <ClCompile Include="D:\Documents\BigOnion\bullet3-master\examples\ThirdPartyLibs\enet\compress.c">
      <Filter>Source Files</Filter>
    </ClCompile>
    <ClCompile Include="D:\Documents\BigOnion\bullet3-master\examples\ThirdPartyLibs\enet\host.c">
      <Filter>Source Files</Filter>
    </ClCompile>
    <ClCompile Include="D:\Documents\BigOnion\bullet3-master\examples\ThirdPartyLibs\enet\list.c">
      <Filter>Source Files</Filter>
    </ClCompile>
    <ClCompile Include="D:\Documents\BigOnion\bullet3-master\examples\ThirdPartyLibs\enet\packet.c">
      <Filter>Source Files</Filter>
    </ClCompile>
    <ClCompile Include="D:\Documents\BigOnion\bullet3-master\examples\ThirdPartyLibs\enet\peer.c">
      <Filter>Source Files</Filter>
    </ClCompile>
    <ClCompile Include="D:\Documents\BigOnion\bullet3-master\examples\ThirdPartyLibs\enet\protocol.c">
      <Filter>Source Files</Filter>
    </ClCompile>
    <ClCompile Include="D:\Documents\BigOnion\bullet3-master\examples\SharedMemory\PhysicsClientTCP.cpp">
      <Filter>Source Files</Filter>
    </ClCompile>
    <ClCompile Include="D:\Documents\BigOnion\bullet3-master\examples\SharedMemory\PhysicsClientTCP_C_API.cpp">
      <Filter>Source Files</Filter>
    </ClCompile>
    <ClCompile Include="D:\Documents\BigOnion\bullet3-master\examples\ThirdPartyLibs\clsocket\src\SimpleSocket.cpp">
      <Filter>Source Files</Filter>
    </ClCompile>
    <ClCompile Include="D:\Documents\BigOnion\bullet3-master\examples\ThirdPartyLibs\clsocket\src\ActiveSocket.cpp">
      <Filter>Source Files</Filter>
    </ClCompile>
    <ClCompile Include="D:\Documents\BigOnion\bullet3-master\examples\ThirdPartyLibs\clsocket\src\PassiveSocket.cpp">
      <Filter>Source Files</Filter>
    </ClCompile>
  </ItemGroup>
  <ItemGroup>
    <ClInclude Include="D:\Documents\BigOnion\bullet3-master\examples\CommonInterfaces\Common2dCanvasInterface.h">
      <Filter>Header Files</Filter>
    </ClInclude>
    <ClInclude Include="D:\Documents\BigOnion\bullet3-master\examples\CommonInterfaces\CommonCallbacks.h">
      <Filter>Header Files</Filter>
    </ClInclude>
    <ClInclude Include="D:\Documents\BigOnion\bullet3-master\examples\CommonInterfaces\CommonCameraInterface.h">
      <Filter>Header Files</Filter>
    </ClInclude>
    <ClInclude Include="D:\Documents\BigOnion\bullet3-master\examples\CommonInterfaces\CommonExampleInterface.h">
      <Filter>Header Files</Filter>
    </ClInclude>
    <ClInclude Include="D:\Documents\BigOnion\bullet3-master\examples\CommonInterfaces\CommonFileIOInterface.h">
      <Filter>Header Files</Filter>
    </ClInclude>
    <ClInclude Include="D:\Documents\BigOnion\bullet3-master\examples\CommonInterfaces\CommonGraphicsAppInterface.h">
      <Filter>Header Files</Filter>
    </ClInclude>
    <ClInclude Include="D:\Documents\BigOnion\bullet3-master\examples\CommonInterfaces\CommonGUIHelperInterface.h">
      <Filter>Header Files</Filter>
    </ClInclude>
    <ClInclude Include="D:\Documents\BigOnion\bullet3-master\examples\CommonInterfaces\CommonMultiBodyBase.h">
      <Filter>Header Files</Filter>
    </ClInclude>
    <ClInclude Include="D:\Documents\BigOnion\bullet3-master\examples\CommonInterfaces\CommonParameterInterface.h">
      <Filter>Header Files</Filter>
    </ClInclude>
    <ClInclude Include="D:\Documents\BigOnion\bullet3-master\examples\CommonInterfaces\CommonRenderInterface.h">
      <Filter>Header Files</Filter>
    </ClInclude>
    <ClInclude Include="D:\Documents\BigOnion\bullet3-master\examples\CommonInterfaces\CommonRigidBodyBase.h">
      <Filter>Header Files</Filter>
    </ClInclude>
    <ClInclude Include="D:\Documents\BigOnion\bullet3-master\examples\CommonInterfaces\CommonWindowInterface.h">
      <Filter>Header Files</Filter>
    </ClInclude>
    <ClInclude Include="D:\Documents\BigOnion\bullet3-master\examples\OpenGLWindow\SimpleCamera.h">
      <Filter>Header Files</Filter>
    </ClInclude>
    <ClInclude Include="D:\Documents\BigOnion\bullet3-master\examples\TinyRenderer\geometry.h">
      <Filter>Header Files</Filter>
    </ClInclude>
    <ClInclude Include="D:\Documents\BigOnion\bullet3-master\examples\TinyRenderer\model.h">
      <Filter>Header Files</Filter>
    </ClInclude>
    <ClInclude Include="D:\Documents\BigOnion\bullet3-master\examples\TinyRenderer\tgaimage.h">
      <Filter>Header Files</Filter>
    </ClInclude>
    <ClInclude Include="D:\Documents\BigOnion\bullet3-master\examples\TinyRenderer\our_gl.h">
      <Filter>Header Files</Filter>
    </ClInclude>
    <ClInclude Include="D:\Documents\BigOnion\bullet3-master\examples\TinyRenderer\TinyRenderer.h">
      <Filter>Header Files</Filter>
    </ClInclude>
    <ClInclude Include="D:\Documents\BigOnion\bullet3-master\examples\SharedMemory\plugins\collisionFilterPlugin\collisionFilterPlugin.h">
      <Filter>Header Files</Filter>
    </ClInclude>
    <ClInclude Include="D:\Documents\BigOnion\bullet3-master\examples\SharedMemory\plugins\pdControlPlugin\pdControlPlugin.h">
      <Filter>Header Files</Filter>
    </ClInclude>
    <ClInclude Include="D:\Documents\BigOnion\bullet3-master\examples\SharedMemory\b3RobotSimulatorClientAPI_NoGUI.h">
      <Filter>Header Files</Filter>
    </ClInclude>
    <ClInclude Include="D:\Documents\BigOnion\bullet3-master\examples\SharedMemory\b3RobotSimulatorClientAPI_NoDirect.h">
      <Filter>Header Files</Filter>
    </ClInclude>
    <ClInclude Include="D:\Documents\BigOnion\bullet3-master\examples\SharedMemory\IKTrajectoryHelper.h">
      <Filter>Header Files</Filter>
    </ClInclude>
    <ClInclude Include="D:\Documents\BigOnion\bullet3-master\examples\SharedMemory\plugins\tinyRendererPlugin\tinyRendererPlugin.h">
      <Filter>Header Files</Filter>
    </ClInclude>
    <ClInclude Include="D:\Documents\BigOnion\bullet3-master\examples\SharedMemory\plugins\tinyRendererPlugin\TinyRendererVisualShapeConverter.h">
      <Filter>Header Files</Filter>
    </ClInclude>
    <ClInclude Include="D:\Documents\BigOnion\bullet3-master\examples\SharedMemory\InProcessMemory.h">
      <Filter>Header Files</Filter>
    </ClInclude>
    <ClInclude Include="D:\Documents\BigOnion\bullet3-master\examples\SharedMemory\PhysicsServer.h">
      <Filter>Header Files</Filter>
    </ClInclude>
    <ClInclude Include="D:\Documents\BigOnion\bullet3-master\examples\SharedMemory\PhysicsClient.h">
      <Filter>Header Files</Filter>
    </ClInclude>
    <ClInclude Include="D:\Documents\BigOnion\bullet3-master\examples\SharedMemory\PhysicsServerSharedMemory.h">
      <Filter>Header Files</Filter>
    </ClInclude>
    <ClInclude Include="D:\Documents\BigOnion\bullet3-master\examples\SharedMemory\PhysicsDirect.h">
      <Filter>Header Files</Filter>
    </ClInclude>
    <ClInclude Include="D:\Documents\BigOnion\bullet3-master\examples\SharedMemory\PhysicsDirectC_API.h">
      <Filter>Header Files</Filter>
    </ClInclude>
    <ClInclude Include="D:\Documents\BigOnion\bullet3-master\examples\SharedMemory\PhysicsServerCommandProcessor.h">
      <Filter>Header Files</Filter>
    </ClInclude>
    <ClInclude Include="D:\Documents\BigOnion\bullet3-master\examples\SharedMemory\b3PluginManager.h">
      <Filter>Header Files</Filter>
    </ClInclude>
    <ClInclude Include="D:\Documents\BigOnion\bullet3-master\examples\SharedMemory\PhysicsClientSharedMemory.h">
      <Filter>Header Files</Filter>
    </ClInclude>
    <ClInclude Include="D:\Documents\BigOnion\bullet3-master\examples\SharedMemory\PhysicsClientSharedMemory_C_API.h">
      <Filter>Header Files</Filter>
    </ClInclude>
    <ClInclude Include="D:\Documents\BigOnion\bullet3-master\examples\SharedMemory\PhysicsClientC_API.h">
      <Filter>Header Files</Filter>
    </ClInclude>
    <ClInclude Include="D:\Documents\BigOnion\bullet3-master\examples\SharedMemory\SharedMemoryPublic.h">
      <Filter>Header Files</Filter>
    </ClInclude>
    <ClInclude Include="D:\Documents\BigOnion\bullet3-master\examples\SharedMemory\Win32SharedMemory.h">
      <Filter>Header Files</Filter>
    </ClInclude>
    <ClInclude Include="D:\Documents\BigOnion\bullet3-master\examples\SharedMemory\PosixSharedMemory.h">
      <Filter>Header Files</Filter>
    </ClInclude>
    <ClInclude Include="D:\Documents\BigOnion\bullet3-master\examples\Utils\b3ResourcePath.h">
      <Filter>Header Files</Filter>
    </ClInclude>
    <ClInclude Include="D:\Documents\BigOnion\bullet3-master\examples\Utils\RobotLoggingUtil.h">
      <Filter>Header Files</Filter>
    </ClInclude>
    <ClInclude Include="D:\Documents\BigOnion\bullet3-master\examples\Utils\b3Clock.h">
      <Filter>Header Files</Filter>
    </ClInclude>
    <ClInclude Include="D:\Documents\BigOnion\bullet3-master\examples\Utils\ChromeTraceUtil.h">
      <Filter>Header Files</Filter>
    </ClInclude>
    <ClInclude Include="D:\Documents\BigOnion\bullet3-master\examples\Utils\b3ERPCFMHelper.hpp">
      <Filter>Header Files</Filter>
    </ClInclude>
    <ClInclude Include="D:\Documents\BigOnion\bullet3-master\examples\Utils\b3ReferenceFrameHelper.hpp">
      <Filter>Header Files</Filter>
    </ClInclude>
    <ClInclude Include="D:\Documents\BigOnion\bullet3-master\examples\ThirdPartyLibs\tinyxml2\tinyxml2.h">
      <Filter>Header Files</Filter>
    </ClInclude>
    <ClInclude Include="D:\Documents\BigOnion\bullet3-master\examples\ThirdPartyLibs\Wavefront\tiny_obj_loader.h">
      <Filter>Header Files</Filter>
    </ClInclude>
    <ClInclude Include="D:\Documents\BigOnion\bullet3-master\examples\ThirdPartyLibs\stb_image\stb_image.h">
      <Filter>Header Files</Filter>
    </ClInclude>
    <ClInclude Include="D:\Documents\BigOnion\bullet3-master\examples\ThirdPartyLibs\BussIK\Jacobian.h">
      <Filter>Header Files</Filter>
    </ClInclude>
    <ClInclude Include="D:\Documents\BigOnion\bullet3-master\examples\ThirdPartyLibs\BussIK\LinearR2.h">
      <Filter>Header Files</Filter>
    </ClInclude>
    <ClInclude Include="D:\Documents\BigOnion\bullet3-master\examples\ThirdPartyLibs\BussIK\LinearR3.h">
      <Filter>Header Files</Filter>
    </ClInclude>
    <ClInclude Include="D:\Documents\BigOnion\bullet3-master\examples\ThirdPartyLibs\BussIK\LinearR4.h">
      <Filter>Header Files</Filter>
    </ClInclude>
    <ClInclude Include="D:\Documents\BigOnion\bullet3-master\examples\ThirdPartyLibs\BussIK\MatrixRmn.h">
      <Filter>Header Files</Filter>
    </ClInclude>
    <ClInclude Include="D:\Documents\BigOnion\bullet3-master\examples\ThirdPartyLibs\BussIK\Node.h">
      <Filter>Header Files</Filter>
    </ClInclude>
    <ClInclude Include="D:\Documents\BigOnion\bullet3-master\examples\ThirdPartyLibs\BussIK\Tree.h">
      <Filter>Header Files</Filter>
    </ClInclude>
    <ClInclude Include="D:\Documents\BigOnion\bullet3-master\examples\ThirdPartyLibs\BussIK\VectorRn.h">
      <Filter>Header Files</Filter>
    </ClInclude>
    <ClInclude Include="D:\Documents\BigOnion\bullet3-master\examples\Importers\ImportColladaDemo\LoadMeshFromCollada.h">
      <Filter>Header Files</Filter>
    </ClInclude>
    <ClInclude Include="D:\Documents\BigOnion\bullet3-master\examples\Importers\ImportObjDemo\LoadMeshFromObj.h">
      <Filter>Header Files</Filter>
    </ClInclude>
    <ClInclude Include="D:\Documents\BigOnion\bullet3-master\examples\Importers\ImportObjDemo\Wavefront2GLInstanceGraphicsShape.h">
      <Filter>Header Files</Filter>
    </ClInclude>
    <ClInclude Include="D:\Documents\BigOnion\bullet3-master\examples\Importers\ImportMJCFDemo\BulletMJCFImporter.h">
      <Filter>Header Files</Filter>
    </ClInclude>
    <ClInclude Include="D:\Documents\BigOnion\bullet3-master\examples\Importers\ImportURDFDemo\BulletUrdfImporter.h">
      <Filter>Header Files</Filter>
    </ClInclude>
    <ClInclude Include="D:\Documents\BigOnion\bullet3-master\examples\Importers\ImportURDFDemo\MyMultiBodyCreator.h">
      <Filter>Header Files</Filter>
    </ClInclude>
    <ClInclude Include="D:\Documents\BigOnion\bullet3-master\examples\Importers\ImportURDFDemo\URDF2Bullet.h">
      <Filter>Header Files</Filter>
    </ClInclude>
    <ClInclude Include="D:\Documents\BigOnion\bullet3-master\examples\Importers\ImportURDFDemo\UrdfParser.h">
      <Filter>Header Files</Filter>
    </ClInclude>
    <ClInclude Include="D:\Documents\BigOnion\bullet3-master\examples\Importers\ImportURDFDemo\urdfStringSplit.h">
      <Filter>Header Files</Filter>
    </ClInclude>
    <ClInclude Include="D:\Documents\BigOnion\bullet3-master\examples\Importers\ImportURDFDemo\URDFImporterInterface.h">
      <Filter>Header Files</Filter>
    </ClInclude>
    <ClInclude Include="D:\Documents\BigOnion\bullet3-master\examples\Importers\ImportURDFDemo\URDFJointTypes.h">
      <Filter>Header Files</Filter>
    </ClInclude>
    <ClInclude Include="D:\Documents\BigOnion\bullet3-master\examples\Importers\ImportURDFDemo\SDFAudioTypes.h">
      <Filter>Header Files</Filter>
    </ClInclude>
    <ClInclude Include="D:\Documents\BigOnion\bullet3-master\examples\Importers\ImportURDFDemo\UrdfRenderingInterface.h">
      <Filter>Header Files</Filter>
    </ClInclude>
    <ClInclude Include="D:\Documents\BigOnion\bullet3-master\examples\Importers\ImportURDFDemo\MultiBodyCreationInterface.h">
      <Filter>Header Files</Filter>
    </ClInclude>
    <ClInclude Include="D:\Documents\BigOnion\bullet3-master\examples\Importers\ImportMeshUtility\b3ImportMeshUtility.h">
      <Filter>Header Files</Filter>
    </ClInclude>
    <ClInclude Include="D:\Documents\BigOnion\bullet3-master\examples\MultiThreading\b3PosixThreadSupport.h">
      <Filter>Header Files</Filter>
    </ClInclude>
    <ClInclude Include="D:\Documents\BigOnion\bullet3-master\examples\MultiThreading\b3Win32ThreadSupport.h">
      <Filter>Header Files</Filter>
    </ClInclude>
    <ClInclude Include="D:\Documents\BigOnion\bullet3-master\examples\MultiThreading\b3ThreadSupportInterface.h">
      <Filter>Header Files</Filter>
    </ClInclude>
    <ClInclude Include="D:\Documents\BigOnion\bullet3-master\examples\SharedMemory\PhysicsClientUDP.h">
      <Filter>Header Files</Filter>
    </ClInclude>
    <ClInclude Include="D:\Documents\BigOnion\bullet3-master\examples\SharedMemory\PhysicsClientUDP_C_API.h">
      <Filter>Header Files</Filter>
    </ClInclude>
    <ClInclude Include="D:\Documents\BigOnion\bullet3-master\examples\ThirdPartyLibs\enet\include\enet\win32.h">
      <Filter>Header Files</Filter>
    </ClInclude>
    <ClInclude Include="D:\Documents\BigOnion\bullet3-master\examples\ThirdPartyLibs\enet\include\enet\unix.h">
      <Filter>Header Files</Filter>
    </ClInclude>
    <ClInclude Include="D:\Documents\BigOnion\bullet3-master\examples\ThirdPartyLibs\enet\include\enet\callbacks.h">
      <Filter>Header Files</Filter>
    </ClInclude>
    <ClInclude Include="D:\Documents\BigOnion\bullet3-master\examples\ThirdPartyLibs\enet\include\enet\list.h">
      <Filter>Header Files</Filter>
    </ClInclude>
    <ClInclude Include="D:\Documents\BigOnion\bullet3-master\examples\ThirdPartyLibs\enet\include\enet\protocol.h">
      <Filter>Header Files</Filter>
    </ClInclude>
    <ClInclude Include="D:\Documents\BigOnion\bullet3-master\examples\SharedMemory\PhysicsClientTCP.h">
      <Filter>Header Files</Filter>
    </ClInclude>
    <ClInclude Include="D:\Documents\BigOnion\bullet3-master\examples\SharedMemory\PhysicsClientTCP_C_API.h">
      <Filter>Header Files</Filter>
    </ClInclude>
    <ClInclude Include="D:\Documents\BigOnion\bullet3-master\examples\ThirdPartyLibs\clsocket\src\SimpleSocket.h">
      <Filter>Header Files</Filter>
    </ClInclude>
    <ClInclude Include="D:\Documents\BigOnion\bullet3-master\examples\ThirdPartyLibs\clsocket\src\ActiveSocket.h">
      <Filter>Header Files</Filter>
    </ClInclude>
    <ClInclude Include="D:\Documents\BigOnion\bullet3-master\examples\ThirdPartyLibs\clsocket\src\PassiveSocket.h">
      <Filter>Header Files</Filter>
    </ClInclude>
  </ItemGroup>
  <ItemGroup>
    <CustomBuild Include="D:\Documents\BigOnion\bullet3-master\Extras\BulletRobotics\CMakeLists.txt" />
  </ItemGroup>
  <ItemGroup>
    <Filter Include="Header Files">
      <UniqueIdentifier>{C9D9C154-3858-30E4-9319-70AC00A8A788}</UniqueIdentifier>
    </Filter>
    <Filter Include="Source Files">
      <UniqueIdentifier>{4E9B72D7-817B-3565-AAD4-7B72B5C2B16A}</UniqueIdentifier>
    </Filter>
  </ItemGroup>
</Project>
