Microsoft Visual Studio Solution File, Format Version 12.00
# Visual Studio 16
Project("{8BC9CEB8-8B4A-11D0-8D11-00A0C91BC942}") = "ALL_BUILD", "ALL_BUILD.vcxproj", "{853AF42D-2A7D-38B0-AD02-71EDAE5739A5}"
	ProjectSection(ProjectDependencies) = postProject
		{13438127-6400-3819-95A2-0AA681055A87} = {13438127-6400-3819-95A2-0AA681055A87}
		{B85BB0DF-2B59-3634-8986-83B9EC24C812} = {B85BB0DF-2B59-3634-8986-83B9EC24C812}
		{1E82C309-9314-3149-8459-775C778E9C4D} = {1E82C309-9314-3149-8459-775C778E9C4D}
		{0C569BE6-5CDD-3D3B-98CC-1AD6C1D5A6A4} = {0C569BE6-5CDD-3D3B-98CC-1AD6C1D5A6A4}
		{F579FCDC-A6A2-3712-B9C1-3A512086A0DF} = {F579FCDC-A6A2-3712-B9C1-3A512086A0DF}
		{B6BE2B0C-1657-32DE-A235-72B07BE742DE} = {B6BE2B0C-1657-32DE-A235-72B07BE742DE}
		{BE978221-5EC2-3046-A009-43A746838C18} = {BE978221-5EC2-3046-A009-43A746838C18}
		{A0430D5A-28B4-33EB-866F-A3DF008D4CA9} = {A0430D5A-28B4-33EB-866F-A3DF008D4CA9}
		{AF789DCA-8034-30B3-BEA9-A0C115FEF815} = {AF789DCA-8034-30B3-BEA9-A0C115FEF815}
		{BB7CE145-19A5-3852-B2D4-A84CCACFA778} = {BB7CE145-19A5-3852-B2D4-A84CCACFA778}
		{C18AEEB0-A5FD-32E1-9EB6-18907C72529A} = {C18AEEB0-A5FD-32E1-9EB6-18907C72529A}
		{F51CB6F4-C484-3961-A248-E80C30FE14DA} = {F51CB6F4-C484-3961-A248-E80C30FE14DA}
		{5E04185E-F0EE-3CFF-AA6B-0E82A20CD591} = {5E04185E-F0EE-3CFF-AA6B-0E82A20CD591}
		{165FF422-7EC8-36E2-83E6-F34D49234C47} = {165FF422-7EC8-36E2-83E6-F34D49234C47}
		{0D64F9C7-F0BA-37DB-9A68-3A8DB4B50BB6} = {0D64F9C7-F0BA-37DB-9A68-3A8DB4B50BB6}
		{4895C2C3-77F0-3278-8A83-9ABA212A6C23} = {4895C2C3-77F0-3278-8A83-9ABA212A6C23}
		{3A4115BC-FD4A-3820-98E6-7438DDC4FEE2} = {3A4115BC-FD4A-3820-98E6-7438DDC4FEE2}
		{6AFC7452-FD7D-38B2-90CD-74C88CF3459F} = {6AFC7452-FD7D-38B2-90CD-74C88CF3459F}
		{C6899620-7515-3271-9C9C-58DE2BA64074} = {C6899620-7515-3271-9C9C-58DE2BA64074}
		{14D6B8E2-592A-3809-8E40-3A4A5A9AF382} = {14D6B8E2-592A-3809-8E40-3A4A5A9AF382}
		{AF0A2751-7A71-38EB-8ECC-6E91AD1EF3CC} = {AF0A2751-7A71-38EB-8ECC-6E91AD1EF3CC}
	EndProjectSection
EndProject
Project("{8BC9CEB8-8B4A-11D0-8D11-00A0C91BC942}") = "App_obj2sdf", "Extras\obj2sdf\App_obj2sdf.vcxproj", "{13438127-6400-3819-95A2-0AA681055A87}"
	ProjectSection(ProjectDependencies) = postProject
		{0C569BE6-5CDD-3D3B-98CC-1AD6C1D5A6A4} = {0C569BE6-5CDD-3D3B-98CC-1AD6C1D5A6A4}
		{AF0A2751-7A71-38EB-8ECC-6E91AD1EF3CC} = {AF0A2751-7A71-38EB-8ECC-6E91AD1EF3CC}
	EndProjectSection
EndProject
Project("{8BC9CEB8-8B4A-11D0-8D11-00A0C91BC942}") = "Bullet2FileLoader", "src\Bullet3Serialize\Bullet2FileLoader\Bullet2FileLoader.vcxproj", "{B85BB0DF-2B59-3634-8986-83B9EC24C812}"
	ProjectSection(ProjectDependencies) = postProject
		{AF0A2751-7A71-38EB-8ECC-6E91AD1EF3CC} = {AF0A2751-7A71-38EB-8ECC-6E91AD1EF3CC}
	EndProjectSection
EndProject
Project("{8BC9CEB8-8B4A-11D0-8D11-00A0C91BC942}") = "Bullet3Collision", "src\Bullet3Collision\Bullet3Collision.vcxproj", "{1E82C309-9314-3149-8459-775C778E9C4D}"
	ProjectSection(ProjectDependencies) = postProject
		{AF0A2751-7A71-38EB-8ECC-6E91AD1EF3CC} = {AF0A2751-7A71-38EB-8ECC-6E91AD1EF3CC}
	EndProjectSection
EndProject
Project("{8BC9CEB8-8B4A-11D0-8D11-00A0C91BC942}") = "Bullet3Common", "src\Bullet3Common\Bullet3Common.vcxproj", "{0C569BE6-5CDD-3D3B-98CC-1AD6C1D5A6A4}"
	ProjectSection(ProjectDependencies) = postProject
		{AF0A2751-7A71-38EB-8ECC-6E91AD1EF3CC} = {AF0A2751-7A71-38EB-8ECC-6E91AD1EF3CC}
	EndProjectSection
EndProject
Project("{8BC9CEB8-8B4A-11D0-8D11-00A0C91BC942}") = "Bullet3Dynamics", "src\Bullet3Dynamics\Bullet3Dynamics.vcxproj", "{F579FCDC-A6A2-3712-B9C1-3A512086A0DF}"
	ProjectSection(ProjectDependencies) = postProject
		{AF0A2751-7A71-38EB-8ECC-6E91AD1EF3CC} = {AF0A2751-7A71-38EB-8ECC-6E91AD1EF3CC}
	EndProjectSection
EndProject
Project("{8BC9CEB8-8B4A-11D0-8D11-00A0C91BC942}") = "Bullet3Geometry", "src\Bullet3Geometry\Bullet3Geometry.vcxproj", "{B6BE2B0C-1657-32DE-A235-72B07BE742DE}"
	ProjectSection(ProjectDependencies) = postProject
		{AF0A2751-7A71-38EB-8ECC-6E91AD1EF3CC} = {AF0A2751-7A71-38EB-8ECC-6E91AD1EF3CC}
	EndProjectSection
EndProject
Project("{8BC9CEB8-8B4A-11D0-8D11-00A0C91BC942}") = "Bullet3OpenCL_clew", "src\Bullet3OpenCL\Bullet3OpenCL_clew.vcxproj", "{BE978221-5EC2-3046-A009-43A746838C18}"
	ProjectSection(ProjectDependencies) = postProject
		{AF0A2751-7A71-38EB-8ECC-6E91AD1EF3CC} = {AF0A2751-7A71-38EB-8ECC-6E91AD1EF3CC}
	EndProjectSection
EndProject
Project("{8BC9CEB8-8B4A-11D0-8D11-00A0C91BC942}") = "BulletCollision", "src\BulletCollision\BulletCollision.vcxproj", "{A0430D5A-28B4-33EB-866F-A3DF008D4CA9}"
	ProjectSection(ProjectDependencies) = postProject
		{AF0A2751-7A71-38EB-8ECC-6E91AD1EF3CC} = {AF0A2751-7A71-38EB-8ECC-6E91AD1EF3CC}
	EndProjectSection
EndProject
Project("{8BC9CEB8-8B4A-11D0-8D11-00A0C91BC942}") = "BulletDynamics", "src\BulletDynamics\BulletDynamics.vcxproj", "{AF789DCA-8034-30B3-BEA9-A0C115FEF815}"
	ProjectSection(ProjectDependencies) = postProject
		{AF0A2751-7A71-38EB-8ECC-6E91AD1EF3CC} = {AF0A2751-7A71-38EB-8ECC-6E91AD1EF3CC}
	EndProjectSection
EndProject
Project("{8BC9CEB8-8B4A-11D0-8D11-00A0C91BC942}") = "BulletFileLoader", "Extras\Serialize\BulletFileLoader\BulletFileLoader.vcxproj", "{BB7CE145-19A5-3852-B2D4-A84CCACFA778}"
	ProjectSection(ProjectDependencies) = postProject
		{AF0A2751-7A71-38EB-8ECC-6E91AD1EF3CC} = {AF0A2751-7A71-38EB-8ECC-6E91AD1EF3CC}
	EndProjectSection
EndProject
Project("{8BC9CEB8-8B4A-11D0-8D11-00A0C91BC942}") = "BulletInverseDynamics", "src\BulletInverseDynamics\BulletInverseDynamics.vcxproj", "{C18AEEB0-A5FD-32E1-9EB6-18907C72529A}"
	ProjectSection(ProjectDependencies) = postProject
		{AF0A2751-7A71-38EB-8ECC-6E91AD1EF3CC} = {AF0A2751-7A71-38EB-8ECC-6E91AD1EF3CC}
	EndProjectSection
EndProject
Project("{8BC9CEB8-8B4A-11D0-8D11-00A0C91BC942}") = "BulletInverseDynamicsUtils", "Extras\InverseDynamics\BulletInverseDynamicsUtils.vcxproj", "{F51CB6F4-C484-3961-A248-E80C30FE14DA}"
	ProjectSection(ProjectDependencies) = postProject
		{AF0A2751-7A71-38EB-8ECC-6E91AD1EF3CC} = {AF0A2751-7A71-38EB-8ECC-6E91AD1EF3CC}
	EndProjectSection
EndProject
Project("{8BC9CEB8-8B4A-11D0-8D11-00A0C91BC942}") = "BulletRobotics", "Extras\BulletRobotics\BulletRobotics.vcxproj", "{5E04185E-F0EE-3CFF-AA6B-0E82A20CD591}"
	ProjectSection(ProjectDependencies) = postProject
		{AF0A2751-7A71-38EB-8ECC-6E91AD1EF3CC} = {AF0A2751-7A71-38EB-8ECC-6E91AD1EF3CC}
	EndProjectSection
EndProject
Project("{8BC9CEB8-8B4A-11D0-8D11-00A0C91BC942}") = "BulletSoftBody", "src\BulletSoftBody\BulletSoftBody.vcxproj", "{165FF422-7EC8-36E2-83E6-F34D49234C47}"
	ProjectSection(ProjectDependencies) = postProject
		{AF0A2751-7A71-38EB-8ECC-6E91AD1EF3CC} = {AF0A2751-7A71-38EB-8ECC-6E91AD1EF3CC}
	EndProjectSection
EndProject
Project("{8BC9CEB8-8B4A-11D0-8D11-00A0C91BC942}") = "BulletWorldImporter", "Extras\Serialize\BulletWorldImporter\BulletWorldImporter.vcxproj", "{0D64F9C7-F0BA-37DB-9A68-3A8DB4B50BB6}"
	ProjectSection(ProjectDependencies) = postProject
		{AF0A2751-7A71-38EB-8ECC-6E91AD1EF3CC} = {AF0A2751-7A71-38EB-8ECC-6E91AD1EF3CC}
	EndProjectSection
EndProject
Project("{8BC9CEB8-8B4A-11D0-8D11-00A0C91BC942}") = "BulletXmlWorldImporter", "Extras\Serialize\BulletXmlWorldImporter\BulletXmlWorldImporter.vcxproj", "{4895C2C3-77F0-3278-8A83-9ABA212A6C23}"
	ProjectSection(ProjectDependencies) = postProject
		{AF0A2751-7A71-38EB-8ECC-6E91AD1EF3CC} = {AF0A2751-7A71-38EB-8ECC-6E91AD1EF3CC}
	EndProjectSection
EndProject
Project("{8BC9CEB8-8B4A-11D0-8D11-00A0C91BC942}") = "ConvexDecomposition", "Extras\ConvexDecomposition\ConvexDecomposition.vcxproj", "{3A4115BC-FD4A-3820-98E6-7438DDC4FEE2}"
	ProjectSection(ProjectDependencies) = postProject
		{AF0A2751-7A71-38EB-8ECC-6E91AD1EF3CC} = {AF0A2751-7A71-38EB-8ECC-6E91AD1EF3CC}
	EndProjectSection
EndProject
Project("{8BC9CEB8-8B4A-11D0-8D11-00A0C91BC942}") = "GIMPACTUtils", "Extras\GIMPACTUtils\GIMPACTUtils.vcxproj", "{6AFC7452-FD7D-38B2-90CD-74C88CF3459F}"
	ProjectSection(ProjectDependencies) = postProject
		{AF0A2751-7A71-38EB-8ECC-6E91AD1EF3CC} = {AF0A2751-7A71-38EB-8ECC-6E91AD1EF3CC}
	EndProjectSection
EndProject
Project("{8BC9CEB8-8B4A-11D0-8D11-00A0C91BC942}") = "HACD", "Extras\HACD\HACD.vcxproj", "{C6899620-7515-3271-9C9C-58DE2BA64074}"
	ProjectSection(ProjectDependencies) = postProject
		{AF0A2751-7A71-38EB-8ECC-6E91AD1EF3CC} = {AF0A2751-7A71-38EB-8ECC-6E91AD1EF3CC}
	EndProjectSection
EndProject
Project("{8BC9CEB8-8B4A-11D0-8D11-00A0C91BC942}") = "INSTALL", "INSTALL.vcxproj", "{FB7D8769-2744-3179-86F9-240F9BA07E89}"
	ProjectSection(ProjectDependencies) = postProject
		{853AF42D-2A7D-38B0-AD02-71EDAE5739A5} = {853AF42D-2A7D-38B0-AD02-71EDAE5739A5}
		{AF0A2751-7A71-38EB-8ECC-6E91AD1EF3CC} = {AF0A2751-7A71-38EB-8ECC-6E91AD1EF3CC}
	EndProjectSection
EndProject
Project("{8BC9CEB8-8B4A-11D0-8D11-00A0C91BC942}") = "LinearMath", "src\LinearMath\LinearMath.vcxproj", "{14D6B8E2-592A-3809-8E40-3A4A5A9AF382}"
	ProjectSection(ProjectDependencies) = postProject
		{AF0A2751-7A71-38EB-8ECC-6E91AD1EF3CC} = {AF0A2751-7A71-38EB-8ECC-6E91AD1EF3CC}
	EndProjectSection
EndProject
Project("{8BC9CEB8-8B4A-11D0-8D11-00A0C91BC942}") = "ZERO_CHECK", "ZERO_CHECK.vcxproj", "{AF0A2751-7A71-38EB-8ECC-6E91AD1EF3CC}"
	ProjectSection(ProjectDependencies) = postProject
	EndProjectSection
EndProject
Global
	GlobalSection(SolutionConfigurationPlatforms) = preSolution
		Debug|Win32 = Debug|Win32
		Release|Win32 = Release|Win32
		MinSizeRel|Win32 = MinSizeRel|Win32
		RelWithDebInfo|Win32 = RelWithDebInfo|Win32
	EndGlobalSection
	GlobalSection(ProjectConfigurationPlatforms) = postSolution
		{853AF42D-2A7D-38B0-AD02-71EDAE5739A5}.Debug|Win32.ActiveCfg = Debug|Win32
		{853AF42D-2A7D-38B0-AD02-71EDAE5739A5}.Debug|Win32.Build.0 = Debug|Win32
		{853AF42D-2A7D-38B0-AD02-71EDAE5739A5}.Release|Win32.ActiveCfg = Release|Win32
		{853AF42D-2A7D-38B0-AD02-71EDAE5739A5}.Release|Win32.Build.0 = Release|Win32
		{853AF42D-2A7D-38B0-AD02-71EDAE5739A5}.MinSizeRel|Win32.ActiveCfg = MinSizeRel|Win32
		{853AF42D-2A7D-38B0-AD02-71EDAE5739A5}.MinSizeRel|Win32.Build.0 = MinSizeRel|Win32
		{853AF42D-2A7D-38B0-AD02-71EDAE5739A5}.RelWithDebInfo|Win32.ActiveCfg = RelWithDebInfo|Win32
		{853AF42D-2A7D-38B0-AD02-71EDAE5739A5}.RelWithDebInfo|Win32.Build.0 = RelWithDebInfo|Win32
		{13438127-6400-3819-95A2-0AA681055A87}.Debug|Win32.ActiveCfg = Debug|Win32
		{13438127-6400-3819-95A2-0AA681055A87}.Debug|Win32.Build.0 = Debug|Win32
		{13438127-6400-3819-95A2-0AA681055A87}.Release|Win32.ActiveCfg = Release|Win32
		{13438127-6400-3819-95A2-0AA681055A87}.Release|Win32.Build.0 = Release|Win32
		{13438127-6400-3819-95A2-0AA681055A87}.MinSizeRel|Win32.ActiveCfg = MinSizeRel|Win32
		{13438127-6400-3819-95A2-0AA681055A87}.MinSizeRel|Win32.Build.0 = MinSizeRel|Win32
		{13438127-6400-3819-95A2-0AA681055A87}.RelWithDebInfo|Win32.ActiveCfg = RelWithDebInfo|Win32
		{13438127-6400-3819-95A2-0AA681055A87}.RelWithDebInfo|Win32.Build.0 = RelWithDebInfo|Win32
		{B85BB0DF-2B59-3634-8986-83B9EC24C812}.Debug|Win32.ActiveCfg = Debug|Win32
		{B85BB0DF-2B59-3634-8986-83B9EC24C812}.Debug|Win32.Build.0 = Debug|Win32
		{B85BB0DF-2B59-3634-8986-83B9EC24C812}.Release|Win32.ActiveCfg = Release|Win32
		{B85BB0DF-2B59-3634-8986-83B9EC24C812}.Release|Win32.Build.0 = Release|Win32
		{B85BB0DF-2B59-3634-8986-83B9EC24C812}.MinSizeRel|Win32.ActiveCfg = MinSizeRel|Win32
		{B85BB0DF-2B59-3634-8986-83B9EC24C812}.MinSizeRel|Win32.Build.0 = MinSizeRel|Win32
		{B85BB0DF-2B59-3634-8986-83B9EC24C812}.RelWithDebInfo|Win32.ActiveCfg = RelWithDebInfo|Win32
		{B85BB0DF-2B59-3634-8986-83B9EC24C812}.RelWithDebInfo|Win32.Build.0 = RelWithDebInfo|Win32
		{1E82C309-9314-3149-8459-775C778E9C4D}.Debug|Win32.ActiveCfg = Debug|Win32
		{1E82C309-9314-3149-8459-775C778E9C4D}.Debug|Win32.Build.0 = Debug|Win32
		{1E82C309-9314-3149-8459-775C778E9C4D}.Release|Win32.ActiveCfg = Release|Win32
		{1E82C309-9314-3149-8459-775C778E9C4D}.Release|Win32.Build.0 = Release|Win32
		{1E82C309-9314-3149-8459-775C778E9C4D}.MinSizeRel|Win32.ActiveCfg = MinSizeRel|Win32
		{1E82C309-9314-3149-8459-775C778E9C4D}.MinSizeRel|Win32.Build.0 = MinSizeRel|Win32
		{1E82C309-9314-3149-8459-775C778E9C4D}.RelWithDebInfo|Win32.ActiveCfg = RelWithDebInfo|Win32
		{1E82C309-9314-3149-8459-775C778E9C4D}.RelWithDebInfo|Win32.Build.0 = RelWithDebInfo|Win32
		{0C569BE6-5CDD-3D3B-98CC-1AD6C1D5A6A4}.Debug|Win32.ActiveCfg = Debug|Win32
		{0C569BE6-5CDD-3D3B-98CC-1AD6C1D5A6A4}.Debug|Win32.Build.0 = Debug|Win32
		{0C569BE6-5CDD-3D3B-98CC-1AD6C1D5A6A4}.Release|Win32.ActiveCfg = Release|Win32
		{0C569BE6-5CDD-3D3B-98CC-1AD6C1D5A6A4}.Release|Win32.Build.0 = Release|Win32
		{0C569BE6-5CDD-3D3B-98CC-1AD6C1D5A6A4}.MinSizeRel|Win32.ActiveCfg = MinSizeRel|Win32
		{0C569BE6-5CDD-3D3B-98CC-1AD6C1D5A6A4}.MinSizeRel|Win32.Build.0 = MinSizeRel|Win32
		{0C569BE6-5CDD-3D3B-98CC-1AD6C1D5A6A4}.RelWithDebInfo|Win32.ActiveCfg = RelWithDebInfo|Win32
		{0C569BE6-5CDD-3D3B-98CC-1AD6C1D5A6A4}.RelWithDebInfo|Win32.Build.0 = RelWithDebInfo|Win32
		{F579FCDC-A6A2-3712-B9C1-3A512086A0DF}.Debug|Win32.ActiveCfg = Debug|Win32
		{F579FCDC-A6A2-3712-B9C1-3A512086A0DF}.Debug|Win32.Build.0 = Debug|Win32
		{F579FCDC-A6A2-3712-B9C1-3A512086A0DF}.Release|Win32.ActiveCfg = Release|Win32
		{F579FCDC-A6A2-3712-B9C1-3A512086A0DF}.Release|Win32.Build.0 = Release|Win32
		{F579FCDC-A6A2-3712-B9C1-3A512086A0DF}.MinSizeRel|Win32.ActiveCfg = MinSizeRel|Win32
		{F579FCDC-A6A2-3712-B9C1-3A512086A0DF}.MinSizeRel|Win32.Build.0 = MinSizeRel|Win32
		{F579FCDC-A6A2-3712-B9C1-3A512086A0DF}.RelWithDebInfo|Win32.ActiveCfg = RelWithDebInfo|Win32
		{F579FCDC-A6A2-3712-B9C1-3A512086A0DF}.RelWithDebInfo|Win32.Build.0 = RelWithDebInfo|Win32
		{B6BE2B0C-1657-32DE-A235-72B07BE742DE}.Debug|Win32.ActiveCfg = Debug|Win32
		{B6BE2B0C-1657-32DE-A235-72B07BE742DE}.Debug|Win32.Build.0 = Debug|Win32
		{B6BE2B0C-1657-32DE-A235-72B07BE742DE}.Release|Win32.ActiveCfg = Release|Win32
		{B6BE2B0C-1657-32DE-A235-72B07BE742DE}.Release|Win32.Build.0 = Release|Win32
		{B6BE2B0C-1657-32DE-A235-72B07BE742DE}.MinSizeRel|Win32.ActiveCfg = MinSizeRel|Win32
		{B6BE2B0C-1657-32DE-A235-72B07BE742DE}.MinSizeRel|Win32.Build.0 = MinSizeRel|Win32
		{B6BE2B0C-1657-32DE-A235-72B07BE742DE}.RelWithDebInfo|Win32.ActiveCfg = RelWithDebInfo|Win32
		{B6BE2B0C-1657-32DE-A235-72B07BE742DE}.RelWithDebInfo|Win32.Build.0 = RelWithDebInfo|Win32
		{BE978221-5EC2-3046-A009-43A746838C18}.Debug|Win32.ActiveCfg = Debug|Win32
		{BE978221-5EC2-3046-A009-43A746838C18}.Debug|Win32.Build.0 = Debug|Win32
		{BE978221-5EC2-3046-A009-43A746838C18}.Release|Win32.ActiveCfg = Release|Win32
		{BE978221-5EC2-3046-A009-43A746838C18}.Release|Win32.Build.0 = Release|Win32
		{BE978221-5EC2-3046-A009-43A746838C18}.MinSizeRel|Win32.ActiveCfg = MinSizeRel|Win32
		{BE978221-5EC2-3046-A009-43A746838C18}.MinSizeRel|Win32.Build.0 = MinSizeRel|Win32
		{BE978221-5EC2-3046-A009-43A746838C18}.RelWithDebInfo|Win32.ActiveCfg = RelWithDebInfo|Win32
		{BE978221-5EC2-3046-A009-43A746838C18}.RelWithDebInfo|Win32.Build.0 = RelWithDebInfo|Win32
		{A0430D5A-28B4-33EB-866F-A3DF008D4CA9}.Debug|Win32.ActiveCfg = Debug|Win32
		{A0430D5A-28B4-33EB-866F-A3DF008D4CA9}.Debug|Win32.Build.0 = Debug|Win32
		{A0430D5A-28B4-33EB-866F-A3DF008D4CA9}.Release|Win32.ActiveCfg = Release|Win32
		{A0430D5A-28B4-33EB-866F-A3DF008D4CA9}.Release|Win32.Build.0 = Release|Win32
		{A0430D5A-28B4-33EB-866F-A3DF008D4CA9}.MinSizeRel|Win32.ActiveCfg = MinSizeRel|Win32
		{A0430D5A-28B4-33EB-866F-A3DF008D4CA9}.MinSizeRel|Win32.Build.0 = MinSizeRel|Win32
		{A0430D5A-28B4-33EB-866F-A3DF008D4CA9}.RelWithDebInfo|Win32.ActiveCfg = RelWithDebInfo|Win32
		{A0430D5A-28B4-33EB-866F-A3DF008D4CA9}.RelWithDebInfo|Win32.Build.0 = RelWithDebInfo|Win32
		{AF789DCA-8034-30B3-BEA9-A0C115FEF815}.Debug|Win32.ActiveCfg = Debug|Win32
		{AF789DCA-8034-30B3-BEA9-A0C115FEF815}.Debug|Win32.Build.0 = Debug|Win32
		{AF789DCA-8034-30B3-BEA9-A0C115FEF815}.Release|Win32.ActiveCfg = Release|Win32
		{AF789DCA-8034-30B3-BEA9-A0C115FEF815}.Release|Win32.Build.0 = Release|Win32
		{AF789DCA-8034-30B3-BEA9-A0C115FEF815}.MinSizeRel|Win32.ActiveCfg = MinSizeRel|Win32
		{AF789DCA-8034-30B3-BEA9-A0C115FEF815}.MinSizeRel|Win32.Build.0 = MinSizeRel|Win32
		{AF789DCA-8034-30B3-BEA9-A0C115FEF815}.RelWithDebInfo|Win32.ActiveCfg = RelWithDebInfo|Win32
		{AF789DCA-8034-30B3-BEA9-A0C115FEF815}.RelWithDebInfo|Win32.Build.0 = RelWithDebInfo|Win32
		{BB7CE145-19A5-3852-B2D4-A84CCACFA778}.Debug|Win32.ActiveCfg = Debug|Win32
		{BB7CE145-19A5-3852-B2D4-A84CCACFA778}.Debug|Win32.Build.0 = Debug|Win32
		{BB7CE145-19A5-3852-B2D4-A84CCACFA778}.Release|Win32.ActiveCfg = Release|Win32
		{BB7CE145-19A5-3852-B2D4-A84CCACFA778}.Release|Win32.Build.0 = Release|Win32
		{BB7CE145-19A5-3852-B2D4-A84CCACFA778}.MinSizeRel|Win32.ActiveCfg = MinSizeRel|Win32
		{BB7CE145-19A5-3852-B2D4-A84CCACFA778}.MinSizeRel|Win32.Build.0 = MinSizeRel|Win32
		{BB7CE145-19A5-3852-B2D4-A84CCACFA778}.RelWithDebInfo|Win32.ActiveCfg = RelWithDebInfo|Win32
		{BB7CE145-19A5-3852-B2D4-A84CCACFA778}.RelWithDebInfo|Win32.Build.0 = RelWithDebInfo|Win32
		{C18AEEB0-A5FD-32E1-9EB6-18907C72529A}.Debug|Win32.ActiveCfg = Debug|Win32
		{C18AEEB0-A5FD-32E1-9EB6-18907C72529A}.Debug|Win32.Build.0 = Debug|Win32
		{C18AEEB0-A5FD-32E1-9EB6-18907C72529A}.Release|Win32.ActiveCfg = Release|Win32
		{C18AEEB0-A5FD-32E1-9EB6-18907C72529A}.Release|Win32.Build.0 = Release|Win32
		{C18AEEB0-A5FD-32E1-9EB6-18907C72529A}.MinSizeRel|Win32.ActiveCfg = MinSizeRel|Win32
		{C18AEEB0-A5FD-32E1-9EB6-18907C72529A}.MinSizeRel|Win32.Build.0 = MinSizeRel|Win32
		{C18AEEB0-A5FD-32E1-9EB6-18907C72529A}.RelWithDebInfo|Win32.ActiveCfg = RelWithDebInfo|Win32
		{C18AEEB0-A5FD-32E1-9EB6-18907C72529A}.RelWithDebInfo|Win32.Build.0 = RelWithDebInfo|Win32
		{F51CB6F4-C484-3961-A248-E80C30FE14DA}.Debug|Win32.ActiveCfg = Debug|Win32
		{F51CB6F4-C484-3961-A248-E80C30FE14DA}.Debug|Win32.Build.0 = Debug|Win32
		{F51CB6F4-C484-3961-A248-E80C30FE14DA}.Release|Win32.ActiveCfg = Release|Win32
		{F51CB6F4-C484-3961-A248-E80C30FE14DA}.Release|Win32.Build.0 = Release|Win32
		{F51CB6F4-C484-3961-A248-E80C30FE14DA}.MinSizeRel|Win32.ActiveCfg = MinSizeRel|Win32
		{F51CB6F4-C484-3961-A248-E80C30FE14DA}.MinSizeRel|Win32.Build.0 = MinSizeRel|Win32
		{F51CB6F4-C484-3961-A248-E80C30FE14DA}.RelWithDebInfo|Win32.ActiveCfg = RelWithDebInfo|Win32
		{F51CB6F4-C484-3961-A248-E80C30FE14DA}.RelWithDebInfo|Win32.Build.0 = RelWithDebInfo|Win32
		{5E04185E-F0EE-3CFF-AA6B-0E82A20CD591}.Debug|Win32.ActiveCfg = Debug|Win32
		{5E04185E-F0EE-3CFF-AA6B-0E82A20CD591}.Debug|Win32.Build.0 = Debug|Win32
		{5E04185E-F0EE-3CFF-AA6B-0E82A20CD591}.Release|Win32.ActiveCfg = Release|Win32
		{5E04185E-F0EE-3CFF-AA6B-0E82A20CD591}.Release|Win32.Build.0 = Release|Win32
		{5E04185E-F0EE-3CFF-AA6B-0E82A20CD591}.MinSizeRel|Win32.ActiveCfg = MinSizeRel|Win32
		{5E04185E-F0EE-3CFF-AA6B-0E82A20CD591}.MinSizeRel|Win32.Build.0 = MinSizeRel|Win32
		{5E04185E-F0EE-3CFF-AA6B-0E82A20CD591}.RelWithDebInfo|Win32.ActiveCfg = RelWithDebInfo|Win32
		{5E04185E-F0EE-3CFF-AA6B-0E82A20CD591}.RelWithDebInfo|Win32.Build.0 = RelWithDebInfo|Win32
		{165FF422-7EC8-36E2-83E6-F34D49234C47}.Debug|Win32.ActiveCfg = Debug|Win32
		{165FF422-7EC8-36E2-83E6-F34D49234C47}.Debug|Win32.Build.0 = Debug|Win32
		{165FF422-7EC8-36E2-83E6-F34D49234C47}.Release|Win32.ActiveCfg = Release|Win32
		{165FF422-7EC8-36E2-83E6-F34D49234C47}.Release|Win32.Build.0 = Release|Win32
		{165FF422-7EC8-36E2-83E6-F34D49234C47}.MinSizeRel|Win32.ActiveCfg = MinSizeRel|Win32
		{165FF422-7EC8-36E2-83E6-F34D49234C47}.MinSizeRel|Win32.Build.0 = MinSizeRel|Win32
		{165FF422-7EC8-36E2-83E6-F34D49234C47}.RelWithDebInfo|Win32.ActiveCfg = RelWithDebInfo|Win32
		{165FF422-7EC8-36E2-83E6-F34D49234C47}.RelWithDebInfo|Win32.Build.0 = RelWithDebInfo|Win32
		{0D64F9C7-F0BA-37DB-9A68-3A8DB4B50BB6}.Debug|Win32.ActiveCfg = Debug|Win32
		{0D64F9C7-F0BA-37DB-9A68-3A8DB4B50BB6}.Debug|Win32.Build.0 = Debug|Win32
		{0D64F9C7-F0BA-37DB-9A68-3A8DB4B50BB6}.Release|Win32.ActiveCfg = Release|Win32
		{0D64F9C7-F0BA-37DB-9A68-3A8DB4B50BB6}.Release|Win32.Build.0 = Release|Win32
		{0D64F9C7-F0BA-37DB-9A68-3A8DB4B50BB6}.MinSizeRel|Win32.ActiveCfg = MinSizeRel|Win32
		{0D64F9C7-F0BA-37DB-9A68-3A8DB4B50BB6}.MinSizeRel|Win32.Build.0 = MinSizeRel|Win32
		{0D64F9C7-F0BA-37DB-9A68-3A8DB4B50BB6}.RelWithDebInfo|Win32.ActiveCfg = RelWithDebInfo|Win32
		{0D64F9C7-F0BA-37DB-9A68-3A8DB4B50BB6}.RelWithDebInfo|Win32.Build.0 = RelWithDebInfo|Win32
		{4895C2C3-77F0-3278-8A83-9ABA212A6C23}.Debug|Win32.ActiveCfg = Debug|Win32
		{4895C2C3-77F0-3278-8A83-9ABA212A6C23}.Debug|Win32.Build.0 = Debug|Win32
		{4895C2C3-77F0-3278-8A83-9ABA212A6C23}.Release|Win32.ActiveCfg = Release|Win32
		{4895C2C3-77F0-3278-8A83-9ABA212A6C23}.Release|Win32.Build.0 = Release|Win32
		{4895C2C3-77F0-3278-8A83-9ABA212A6C23}.MinSizeRel|Win32.ActiveCfg = MinSizeRel|Win32
		{4895C2C3-77F0-3278-8A83-9ABA212A6C23}.MinSizeRel|Win32.Build.0 = MinSizeRel|Win32
		{4895C2C3-77F0-3278-8A83-9ABA212A6C23}.RelWithDebInfo|Win32.ActiveCfg = RelWithDebInfo|Win32
		{4895C2C3-77F0-3278-8A83-9ABA212A6C23}.RelWithDebInfo|Win32.Build.0 = RelWithDebInfo|Win32
		{3A4115BC-FD4A-3820-98E6-7438DDC4FEE2}.Debug|Win32.ActiveCfg = Debug|Win32
		{3A4115BC-FD4A-3820-98E6-7438DDC4FEE2}.Debug|Win32.Build.0 = Debug|Win32
		{3A4115BC-FD4A-3820-98E6-7438DDC4FEE2}.Release|Win32.ActiveCfg = Release|Win32
		{3A4115BC-FD4A-3820-98E6-7438DDC4FEE2}.Release|Win32.Build.0 = Release|Win32
		{3A4115BC-FD4A-3820-98E6-7438DDC4FEE2}.MinSizeRel|Win32.ActiveCfg = MinSizeRel|Win32
		{3A4115BC-FD4A-3820-98E6-7438DDC4FEE2}.MinSizeRel|Win32.Build.0 = MinSizeRel|Win32
		{3A4115BC-FD4A-3820-98E6-7438DDC4FEE2}.RelWithDebInfo|Win32.ActiveCfg = RelWithDebInfo|Win32
		{3A4115BC-FD4A-3820-98E6-7438DDC4FEE2}.RelWithDebInfo|Win32.Build.0 = RelWithDebInfo|Win32
		{6AFC7452-FD7D-38B2-90CD-74C88CF3459F}.Debug|Win32.ActiveCfg = Debug|Win32
		{6AFC7452-FD7D-38B2-90CD-74C88CF3459F}.Debug|Win32.Build.0 = Debug|Win32
		{6AFC7452-FD7D-38B2-90CD-74C88CF3459F}.Release|Win32.ActiveCfg = Release|Win32
		{6AFC7452-FD7D-38B2-90CD-74C88CF3459F}.Release|Win32.Build.0 = Release|Win32
		{6AFC7452-FD7D-38B2-90CD-74C88CF3459F}.MinSizeRel|Win32.ActiveCfg = MinSizeRel|Win32
		{6AFC7452-FD7D-38B2-90CD-74C88CF3459F}.MinSizeRel|Win32.Build.0 = MinSizeRel|Win32
		{6AFC7452-FD7D-38B2-90CD-74C88CF3459F}.RelWithDebInfo|Win32.ActiveCfg = RelWithDebInfo|Win32
		{6AFC7452-FD7D-38B2-90CD-74C88CF3459F}.RelWithDebInfo|Win32.Build.0 = RelWithDebInfo|Win32
		{C6899620-7515-3271-9C9C-58DE2BA64074}.Debug|Win32.ActiveCfg = Debug|Win32
		{C6899620-7515-3271-9C9C-58DE2BA64074}.Debug|Win32.Build.0 = Debug|Win32
		{C6899620-7515-3271-9C9C-58DE2BA64074}.Release|Win32.ActiveCfg = Release|Win32
		{C6899620-7515-3271-9C9C-58DE2BA64074}.Release|Win32.Build.0 = Release|Win32
		{C6899620-7515-3271-9C9C-58DE2BA64074}.MinSizeRel|Win32.ActiveCfg = MinSizeRel|Win32
		{C6899620-7515-3271-9C9C-58DE2BA64074}.MinSizeRel|Win32.Build.0 = MinSizeRel|Win32
		{C6899620-7515-3271-9C9C-58DE2BA64074}.RelWithDebInfo|Win32.ActiveCfg = RelWithDebInfo|Win32
		{C6899620-7515-3271-9C9C-58DE2BA64074}.RelWithDebInfo|Win32.Build.0 = RelWithDebInfo|Win32
		{FB7D8769-2744-3179-86F9-240F9BA07E89}.Debug|Win32.ActiveCfg = Debug|Win32
		{FB7D8769-2744-3179-86F9-240F9BA07E89}.Release|Win32.ActiveCfg = Release|Win32
		{FB7D8769-2744-3179-86F9-240F9BA07E89}.MinSizeRel|Win32.ActiveCfg = MinSizeRel|Win32
		{FB7D8769-2744-3179-86F9-240F9BA07E89}.RelWithDebInfo|Win32.ActiveCfg = RelWithDebInfo|Win32
		{14D6B8E2-592A-3809-8E40-3A4A5A9AF382}.Debug|Win32.ActiveCfg = Debug|Win32
		{14D6B8E2-592A-3809-8E40-3A4A5A9AF382}.Debug|Win32.Build.0 = Debug|Win32
		{14D6B8E2-592A-3809-8E40-3A4A5A9AF382}.Release|Win32.ActiveCfg = Release|Win32
		{14D6B8E2-592A-3809-8E40-3A4A5A9AF382}.Release|Win32.Build.0 = Release|Win32
		{14D6B8E2-592A-3809-8E40-3A4A5A9AF382}.MinSizeRel|Win32.ActiveCfg = MinSizeRel|Win32
		{14D6B8E2-592A-3809-8E40-3A4A5A9AF382}.MinSizeRel|Win32.Build.0 = MinSizeRel|Win32
		{14D6B8E2-592A-3809-8E40-3A4A5A9AF382}.RelWithDebInfo|Win32.ActiveCfg = RelWithDebInfo|Win32
		{14D6B8E2-592A-3809-8E40-3A4A5A9AF382}.RelWithDebInfo|Win32.Build.0 = RelWithDebInfo|Win32
		{AF0A2751-7A71-38EB-8ECC-6E91AD1EF3CC}.Debug|Win32.ActiveCfg = Debug|Win32
		{AF0A2751-7A71-38EB-8ECC-6E91AD1EF3CC}.Debug|Win32.Build.0 = Debug|Win32
		{AF0A2751-7A71-38EB-8ECC-6E91AD1EF3CC}.Release|Win32.ActiveCfg = Release|Win32
		{AF0A2751-7A71-38EB-8ECC-6E91AD1EF3CC}.Release|Win32.Build.0 = Release|Win32
		{AF0A2751-7A71-38EB-8ECC-6E91AD1EF3CC}.MinSizeRel|Win32.ActiveCfg = MinSizeRel|Win32
		{AF0A2751-7A71-38EB-8ECC-6E91AD1EF3CC}.MinSizeRel|Win32.Build.0 = MinSizeRel|Win32
		{AF0A2751-7A71-38EB-8ECC-6E91AD1EF3CC}.RelWithDebInfo|Win32.ActiveCfg = RelWithDebInfo|Win32
		{AF0A2751-7A71-38EB-8ECC-6E91AD1EF3CC}.RelWithDebInfo|Win32.Build.0 = RelWithDebInfo|Win32
	EndGlobalSection
	GlobalSection(ExtensibilityGlobals) = postSolution
		SolutionGuid = {58578D36-CCBF-3CC2-9CC2-A21B39B0ACA0}
	EndGlobalSection
	GlobalSection(ExtensibilityAddIns) = postSolution
	EndGlobalSection
EndGlobal
