<?xml version="1.0" encoding="utf-8"?>
<Project ToolsVersion="16.0" xmlns="http://schemas.microsoft.com/developer/msbuild/2003">
  <ItemGroup>
    <ClCompile Include="D:\Documents\BigOnion\bullet3-master\Extras\InverseDynamics\CloneTreeCreator.cpp">
      <Filter>Source Files</Filter>
    </ClCompile>
    <ClCompile Include="D:\Documents\BigOnion\bullet3-master\Extras\InverseDynamics\CoilCreator.cpp">
      <Filter>Source Files</Filter>
    </ClCompile>
    <ClCompile Include="D:\Documents\BigOnion\bullet3-master\Extras\InverseDynamics\MultiBodyTreeCreator.cpp">
      <Filter>Source Files</Filter>
    </ClCompile>
    <ClCompile Include="D:\Documents\BigOnion\bullet3-master\Extras\InverseDynamics\btMultiBodyTreeCreator.cpp">
      <Filter>Source Files</Filter>
    </ClCompile>
    <ClCompile Include="D:\Documents\BigOnion\bullet3-master\Extras\InverseDynamics\DillCreator.cpp">
      <Filter>Source Files</Filter>
    </ClCompile>
    <ClCompile Include="D:\Documents\BigOnion\bullet3-master\Extras\InverseDynamics\MultiBodyTreeDebugGraph.cpp">
      <Filter>Source Files</Filter>
    </ClCompile>
    <ClCompile Include="D:\Documents\BigOnion\bullet3-master\Extras\InverseDynamics\invdyn_bullet_comparison.cpp">
      <Filter>Source Files</Filter>
    </ClCompile>
    <ClCompile Include="D:\Documents\BigOnion\bullet3-master\Extras\InverseDynamics\IDRandomUtil.cpp">
      <Filter>Source Files</Filter>
    </ClCompile>
    <ClCompile Include="D:\Documents\BigOnion\bullet3-master\Extras\InverseDynamics\RandomTreeCreator.cpp">
      <Filter>Source Files</Filter>
    </ClCompile>
    <ClCompile Include="D:\Documents\BigOnion\bullet3-master\Extras\InverseDynamics\SimpleTreeCreator.cpp">
      <Filter>Source Files</Filter>
    </ClCompile>
    <ClCompile Include="D:\Documents\BigOnion\bullet3-master\Extras\InverseDynamics\MultiBodyNameMap.cpp">
      <Filter>Source Files</Filter>
    </ClCompile>
    <ClCompile Include="D:\Documents\BigOnion\bullet3-master\Extras\InverseDynamics\User2InternalIndex.cpp">
      <Filter>Source Files</Filter>
    </ClCompile>
  </ItemGroup>
  <ItemGroup>
    <CustomBuild Include="D:\Documents\BigOnion\bullet3-master\Extras\InverseDynamics\CMakeLists.txt" />
  </ItemGroup>
  <ItemGroup>
    <Filter Include="Source Files">
      <UniqueIdentifier>{4E9B72D7-817B-3565-AAD4-7B72B5C2B16A}</UniqueIdentifier>
    </Filter>
  </ItemGroup>
</Project>
