<?xml version="1.0" encoding="utf-8"?>
<Project ToolsVersion="16.0" xmlns="http://schemas.microsoft.com/developer/msbuild/2003">
  <ItemGroup>
    <ClCompile Include="C:\Users\Paul\Downloads\bullet-2.82-r2704\bullet-2.82-r2704\Demos\AllBulletDemos\Main.cpp">
      <Filter>Source Files</Filter>
    </ClCompile>
    <ClCompile Include="C:\Users\Paul\Downloads\bullet-2.82-r2704\bullet-2.82-r2704\Demos\AllBulletDemos\DemoEntries.cpp">
      <Filter>Source Files</Filter>
    </ClCompile>
    <ClCompile Include="C:\Users\Paul\Downloads\bullet-2.82-r2704\bullet-2.82-r2704\Demos\CcdPhysicsDemo\CcdPhysicsDemo.cpp">
      <Filter>Source Files</Filter>
    </ClCompile>
    <ClCompile Include="C:\Users\Paul\Downloads\bullet-2.82-r2704\bullet-2.82-r2704\Demos\BasicDemo\BasicDemo.cpp">
      <Filter>Source Files</Filter>
    </ClCompile>
    <ClCompile Include="C:\Users\Paul\Downloads\bullet-2.82-r2704\bullet-2.82-r2704\Demos\BspDemo\BspDemo.cpp">
      <Filter>Source Files</Filter>
    </ClCompile>
    <ClCompile Include="C:\Users\Paul\Downloads\bullet-2.82-r2704\bullet-2.82-r2704\Demos\BspDemo\BspConverter.cpp">
      <Filter>Source Files</Filter>
    </ClCompile>
    <ClCompile Include="C:\Users\Paul\Downloads\bullet-2.82-r2704\bullet-2.82-r2704\Demos\BspDemo\BspLoader.cpp">
      <Filter>Source Files</Filter>
    </ClCompile>
    <ClCompile Include="C:\Users\Paul\Downloads\bullet-2.82-r2704\bullet-2.82-r2704\Demos\DynamicControlDemo\MotorDemo.cpp">
      <Filter>Source Files</Filter>
    </ClCompile>
    <ClCompile Include="C:\Users\Paul\Downloads\bullet-2.82-r2704\bullet-2.82-r2704\Demos\ConcaveDemo\ConcavePhysicsDemo.cpp">
      <Filter>Source Files</Filter>
    </ClCompile>
    <ClCompile Include="C:\Users\Paul\Downloads\bullet-2.82-r2704\bullet-2.82-r2704\Demos\ConcaveRaycastDemo\ConcaveRaycastDemo.cpp">
      <Filter>Source Files</Filter>
    </ClCompile>
    <ClCompile Include="C:\Users\Paul\Downloads\bullet-2.82-r2704\bullet-2.82-r2704\Demos\ConcaveConvexcastDemo\ConcaveConvexcastDemo.cpp">
      <Filter>Source Files</Filter>
    </ClCompile>
    <ClCompile Include="C:\Users\Paul\Downloads\bullet-2.82-r2704\bullet-2.82-r2704\Demos\ConvexDecompositionDemo\ConvexDecompositionDemo.cpp">
      <Filter>Source Files</Filter>
    </ClCompile>
    <ClCompile Include="C:\Users\Paul\Downloads\bullet-2.82-r2704\bullet-2.82-r2704\Demos\SliderConstraintDemo\SliderConstraintDemo.cpp">
      <Filter>Source Files</Filter>
    </ClCompile>
    <ClCompile Include="C:\Users\Paul\Downloads\bullet-2.82-r2704\bullet-2.82-r2704\Demos\RagdollDemo\RagdollDemo.cpp">
      <Filter>Source Files</Filter>
    </ClCompile>
    <ClCompile Include="C:\Users\Paul\Downloads\bullet-2.82-r2704\bullet-2.82-r2704\Demos\GimpactTestDemo\GimpactTestDemo.cpp">
      <Filter>Source Files</Filter>
    </ClCompile>
    <ClCompile Include="C:\Users\Paul\Downloads\bullet-2.82-r2704\bullet-2.82-r2704\Demos\Raytracer\Raytracer.cpp">
      <Filter>Source Files</Filter>
    </ClCompile>
    <ClCompile Include="C:\Users\Paul\Downloads\bullet-2.82-r2704\bullet-2.82-r2704\Demos\GjkConvexCastDemo\LinearConvexCastDemo.cpp">
      <Filter>Source Files</Filter>
    </ClCompile>
    <ClCompile Include="C:\Users\Paul\Downloads\bullet-2.82-r2704\bullet-2.82-r2704\Demos\ForkLiftDemo\ForkLiftDemo.cpp">
      <Filter>Source Files</Filter>
    </ClCompile>
    <ClCompile Include="C:\Users\Paul\Downloads\bullet-2.82-r2704\bullet-2.82-r2704\Demos\SoftDemo\SoftDemo.cpp">
      <Filter>Source Files</Filter>
    </ClCompile>
    <ClCompile Include="C:\Users\Paul\Downloads\bullet-2.82-r2704\bullet-2.82-r2704\Demos\ConstraintDemo\ConstraintDemo.cpp">
      <Filter>Source Files</Filter>
    </ClCompile>
    <ClCompile Include="C:\Users\Paul\Downloads\bullet-2.82-r2704\bullet-2.82-r2704\Demos\Benchmarks\BenchmarkDemo.cpp">
      <Filter>Source Files</Filter>
    </ClCompile>
    <ClCompile Include="C:\Users\Paul\Downloads\bullet-2.82-r2704\bullet-2.82-r2704\Demos\Box2dDemo\Box2dDemo.cpp">
      <Filter>Source Files</Filter>
    </ClCompile>
  </ItemGroup>
  <ItemGroup>
    <CustomBuild Include="C:\Users\Paul\Downloads\bullet-2.82-r2704\bullet-2.82-r2704\Demos\AllBulletDemos\CMakeLists.txt" />
  </ItemGroup>
  <ItemGroup>
    <ResourceCompile Include="C:\Users\Paul\Downloads\bullet-2.82-r2704\bullet-2.82-r2704\build\bullet.rc">
      <Filter>Source Files</Filter>
    </ResourceCompile>
  </ItemGroup>
  <ItemGroup>
    <Filter Include="Source Files">
      <UniqueIdentifier>{002F0037-F607-366D-8651-69B51AE29B82}</UniqueIdentifier>
    </Filter>
  </ItemGroup>
</Project>
