Microsoft Visual Studio Solution File, Format Version 12.00
# Visual Studio 16
Project("{8BC9CEB8-8B4A-11D0-8D11-00A0C91BC942}") = "ALL_BUILD", "ALL_BUILD.vcxproj", "{525093A6-6EE7-389D-80A6-DE4664764202}"
	ProjectSection(ProjectDependencies) = postProject
		{DB22EC36-03BB-3E5E-B602-741ECB5930DE} = {DB22EC36-03BB-3E5E-B602-741ECB5930DE}
		{F1FE42DF-D4D9-30A0-A16A-0BE56F06368F} = {F1FE42DF-D4D9-30A0-A16A-0BE56F06368F}
		{B44B7DA8-4470-399F-A3F9-AC1C92BFA492} = {B44B7DA8-4470-399F-A3F9-AC1C92BFA492}
		{90575E2A-4DE7-3114-BB7F-F7FDA2982DAE} = {90575E2A-4DE7-3114-BB7F-F7FDA2982DAE}
		{E495ED67-F793-388E-B74D-6A30EC816487} = {E495ED67-F793-388E-B74D-6A30EC816487}
		{FB7393BB-1181-3749-A9BE-018B18802F5B} = {FB7393BB-1181-3749-A9BE-018B18802F5B}
		{DEBF4F34-E60B-37B8-813D-71E0EB3EFA6F} = {DEBF4F34-E60B-37B8-813D-71E0EB3EFA6F}
		{9E5A4C64-9D81-33D5-B18C-606C02225FE6} = {9E5A4C64-9D81-33D5-B18C-606C02225FE6}
		{C0E64711-706D-3C9A-8275-D8934AE270F4} = {C0E64711-706D-3C9A-8275-D8934AE270F4}
		{5DC2AF4C-BF75-3C96-9B27-2BCB5403056E} = {5DC2AF4C-BF75-3C96-9B27-2BCB5403056E}
		{91173155-2C46-36BE-B568-A013B8AB4F58} = {91173155-2C46-36BE-B568-A013B8AB4F58}
		{7E5AD6ED-7543-3009-87AF-FC2EF6E0C760} = {7E5AD6ED-7543-3009-87AF-FC2EF6E0C760}
		{46047D7B-8638-38FD-9B1E-C2EA32BB22FA} = {46047D7B-8638-38FD-9B1E-C2EA32BB22FA}
		{D46E43C8-909C-36ED-A5FC-D238B5A7AC7B} = {D46E43C8-909C-36ED-A5FC-D238B5A7AC7B}
		{2B63CB31-D5B6-3D42-A255-41F3F845DE3D} = {2B63CB31-D5B6-3D42-A255-41F3F845DE3D}
		{2D20966D-C746-3627-A1D7-C3AC29320BB6} = {2D20966D-C746-3627-A1D7-C3AC29320BB6}
		{D2721FBB-F31A-3E51-BB68-FA3212AB8781} = {D2721FBB-F31A-3E51-BB68-FA3212AB8781}
		{1E65FCA7-C018-3467-A1FC-4073B15A3103} = {1E65FCA7-C018-3467-A1FC-4073B15A3103}
		{4DA9FA76-ED43-3E13-BBA7-39455DB3F1A4} = {4DA9FA76-ED43-3E13-BBA7-39455DB3F1A4}
		{148E2B7D-4F70-30E3-AEFF-B951A79D2D25} = {148E2B7D-4F70-30E3-AEFF-B951A79D2D25}
		{00D877CA-1285-3373-8447-9DF035FF8944} = {00D877CA-1285-3373-8447-9DF035FF8944}
		{A7AD429A-3432-385E-BFA7-87C9BBA4D2B8} = {A7AD429A-3432-385E-BFA7-87C9BBA4D2B8}
		{BC993DA0-8B52-39B6-810D-97434997ACA9} = {BC993DA0-8B52-39B6-810D-97434997ACA9}
		{364EDAD0-2847-398D-B620-3F6BC1D7BFF9} = {364EDAD0-2847-398D-B620-3F6BC1D7BFF9}
		{D4F9E761-29EB-32FC-BD19-9D79CA155E19} = {D4F9E761-29EB-32FC-BD19-9D79CA155E19}
		{77F0D18B-321D-392B-8CDA-A155729010DE} = {77F0D18B-321D-392B-8CDA-A155729010DE}
		{43EEE247-20BC-3EE7-A8B9-C0E761BB0531} = {43EEE247-20BC-3EE7-A8B9-C0E761BB0531}
		{1FBE2BFC-7250-35D4-84D9-88149E94AF8A} = {1FBE2BFC-7250-35D4-84D9-88149E94AF8A}
		{11968979-F685-392A-9402-4F9066D16676} = {11968979-F685-392A-9402-4F9066D16676}
		{EA357DB0-DDF6-3F37-8C3B-6B1D156B7586} = {EA357DB0-DDF6-3F37-8C3B-6B1D156B7586}
		{F141954B-11C3-367B-8861-9AD070F20200} = {F141954B-11C3-367B-8861-9AD070F20200}
		{50632ACC-4B2A-30DE-B819-BE33B4E0F2EE} = {50632ACC-4B2A-30DE-B819-BE33B4E0F2EE}
		{1DF5B203-DDBF-33EA-B808-FA9260F22B91} = {1DF5B203-DDBF-33EA-B808-FA9260F22B91}
		{5FFD6A27-16F0-36C3-A926-9977CF7C28FA} = {5FFD6A27-16F0-36C3-A926-9977CF7C28FA}
		{BB597553-D6B6-3CF5-961D-70BAC786CE70} = {BB597553-D6B6-3CF5-961D-70BAC786CE70}
		{AC83964C-7CA8-31A7-BFFC-7EEFBD85E936} = {AC83964C-7CA8-31A7-BFFC-7EEFBD85E936}
		{C19BF455-E277-36F3-9584-AF3A8842F66A} = {C19BF455-E277-36F3-9584-AF3A8842F66A}
		{B6392716-6E33-3CD9-B25E-083A2A2F5C85} = {B6392716-6E33-3CD9-B25E-083A2A2F5C85}
		{A566C7AA-E3E8-3196-8874-DBC5D3AB0BC1} = {A566C7AA-E3E8-3196-8874-DBC5D3AB0BC1}
		{C9E593BD-A275-3AF2-97B8-0BF2F41E2A95} = {C9E593BD-A275-3AF2-97B8-0BF2F41E2A95}
		{2E0563EA-027D-3CC9-8694-7F3215359F18} = {2E0563EA-027D-3CC9-8694-7F3215359F18}
		{B81EE48C-61E4-3885-96E7-1D6CF8B347F7} = {B81EE48C-61E4-3885-96E7-1D6CF8B347F7}
		{CA31008B-48D2-30FB-989E-252E55E5B32D} = {CA31008B-48D2-30FB-989E-252E55E5B32D}
		{1D78E45C-1057-3B01-B91B-BC6371294C76} = {1D78E45C-1057-3B01-B91B-BC6371294C76}
		{946437CE-ABC0-3BD5-A91A-9054A4EC8F58} = {946437CE-ABC0-3BD5-A91A-9054A4EC8F58}
		{B76C0250-063E-3212-9F3A-B139A504BBF5} = {B76C0250-063E-3212-9F3A-B139A504BBF5}
		{BEF47020-73BA-34AF-9AD6-5DA548735305} = {BEF47020-73BA-34AF-9AD6-5DA548735305}
		{886828F5-1385-322E-ACBF-D95190354C36} = {886828F5-1385-322E-ACBF-D95190354C36}
		{1213E563-6A32-3107-9F8F-576150AA4BF4} = {1213E563-6A32-3107-9F8F-576150AA4BF4}
		{335DDCB7-EB88-3E90-A3EF-910ACAC3BACA} = {335DDCB7-EB88-3E90-A3EF-910ACAC3BACA}
		{B4C1A594-2E2A-383F-A9E0-018C54E34CDA} = {B4C1A594-2E2A-383F-A9E0-018C54E34CDA}
		{A975A0CB-0828-32E3-B534-2B24573EFA9E} = {A975A0CB-0828-32E3-B534-2B24573EFA9E}
		{793AD386-7DE5-32B0-9A7B-772AFD6060B0} = {793AD386-7DE5-32B0-9A7B-772AFD6060B0}
		{2CE8075A-395B-3D45-8145-7D019DFF68FD} = {2CE8075A-395B-3D45-8145-7D019DFF68FD}
		{DE1C56D6-E3DF-3952-ADB4-681777EDD5AD} = {DE1C56D6-E3DF-3952-ADB4-681777EDD5AD}
		{28CF0FA4-32B8-30E9-9874-F4F75C181830} = {28CF0FA4-32B8-30E9-9874-F4F75C181830}
		{3C8E8AD9-136A-3642-AAE2-908552A313C2} = {3C8E8AD9-136A-3642-AAE2-908552A313C2}
		{AFB3F910-8745-3E26-AB6B-4E90B57B6EF1} = {AFB3F910-8745-3E26-AB6B-4E90B57B6EF1}
		{A8927D5C-F8C5-349A-9053-C92ACA501515} = {A8927D5C-F8C5-349A-9053-C92ACA501515}
		{CB492573-DAF0-3A51-B3D8-061DA80810EB} = {CB492573-DAF0-3A51-B3D8-061DA80810EB}
		{A7EE0A91-3B9A-30A2-BE8B-EB0B6DD50F33} = {A7EE0A91-3B9A-30A2-BE8B-EB0B6DD50F33}
		{42D15C0B-A4C6-3BBC-AB3A-C1D91CFC3CDB} = {42D15C0B-A4C6-3BBC-AB3A-C1D91CFC3CDB}
		{712BDAD3-8907-3430-A8E5-2F04856ED450} = {712BDAD3-8907-3430-A8E5-2F04856ED450}
		{5A961607-4835-3803-B26F-DC1FE4F27DE2} = {5A961607-4835-3803-B26F-DC1FE4F27DE2}
		{E86F18F9-CB7C-3A2A-AD3F-D8F9C858D817} = {E86F18F9-CB7C-3A2A-AD3F-D8F9C858D817}
		{8C5B45F2-2615-37DD-8D49-4D7D3F6D7C77} = {8C5B45F2-2615-37DD-8D49-4D7D3F6D7C77}
		{D71D0B66-D279-389C-9DBB-B873233013F5} = {D71D0B66-D279-389C-9DBB-B873233013F5}
		{78795CC6-8B1A-338B-8CC0-F3C1791DC1C5} = {78795CC6-8B1A-338B-8CC0-F3C1791DC1C5}
		{833D0F90-4887-3B94-90F1-78F452C6C179} = {833D0F90-4887-3B94-90F1-78F452C6C179}
	EndProjectSection
EndProject
Project("{8BC9CEB8-8B4A-11D0-8D11-00A0C91BC942}") = "AppAllBulletDemos", "Demos\AllBulletDemos\AppAllBulletDemos.vcxproj", "{DB22EC36-03BB-3E5E-B602-741ECB5930DE}"
	ProjectSection(ProjectDependencies) = postProject
		{B4C1A594-2E2A-383F-A9E0-018C54E34CDA} = {B4C1A594-2E2A-383F-A9E0-018C54E34CDA}
		{A975A0CB-0828-32E3-B534-2B24573EFA9E} = {A975A0CB-0828-32E3-B534-2B24573EFA9E}
		{793AD386-7DE5-32B0-9A7B-772AFD6060B0} = {793AD386-7DE5-32B0-9A7B-772AFD6060B0}
		{DE1C56D6-E3DF-3952-ADB4-681777EDD5AD} = {DE1C56D6-E3DF-3952-ADB4-681777EDD5AD}
		{CB492573-DAF0-3A51-B3D8-061DA80810EB} = {CB492573-DAF0-3A51-B3D8-061DA80810EB}
		{42D15C0B-A4C6-3BBC-AB3A-C1D91CFC3CDB} = {42D15C0B-A4C6-3BBC-AB3A-C1D91CFC3CDB}
		{712BDAD3-8907-3430-A8E5-2F04856ED450} = {712BDAD3-8907-3430-A8E5-2F04856ED450}
		{5A961607-4835-3803-B26F-DC1FE4F27DE2} = {5A961607-4835-3803-B26F-DC1FE4F27DE2}
		{E86F18F9-CB7C-3A2A-AD3F-D8F9C858D817} = {E86F18F9-CB7C-3A2A-AD3F-D8F9C858D817}
		{8C5B45F2-2615-37DD-8D49-4D7D3F6D7C77} = {8C5B45F2-2615-37DD-8D49-4D7D3F6D7C77}
		{78795CC6-8B1A-338B-8CC0-F3C1791DC1C5} = {78795CC6-8B1A-338B-8CC0-F3C1791DC1C5}
		{833D0F90-4887-3B94-90F1-78F452C6C179} = {833D0F90-4887-3B94-90F1-78F452C6C179}
	EndProjectSection
EndProject
Project("{8BC9CEB8-8B4A-11D0-8D11-00A0C91BC942}") = "AppBasicDemo", "Demos\BasicDemo\AppBasicDemo.vcxproj", "{F1FE42DF-D4D9-30A0-A16A-0BE56F06368F}"
	ProjectSection(ProjectDependencies) = postProject
		{B4C1A594-2E2A-383F-A9E0-018C54E34CDA} = {B4C1A594-2E2A-383F-A9E0-018C54E34CDA}
		{A975A0CB-0828-32E3-B534-2B24573EFA9E} = {A975A0CB-0828-32E3-B534-2B24573EFA9E}
		{8C5B45F2-2615-37DD-8D49-4D7D3F6D7C77} = {8C5B45F2-2615-37DD-8D49-4D7D3F6D7C77}
		{78795CC6-8B1A-338B-8CC0-F3C1791DC1C5} = {78795CC6-8B1A-338B-8CC0-F3C1791DC1C5}
		{833D0F90-4887-3B94-90F1-78F452C6C179} = {833D0F90-4887-3B94-90F1-78F452C6C179}
	EndProjectSection
EndProject
Project("{8BC9CEB8-8B4A-11D0-8D11-00A0C91BC942}") = "AppBenchmarks", "Demos\Benchmarks\AppBenchmarks.vcxproj", "{B44B7DA8-4470-399F-A3F9-AC1C92BFA492}"
	ProjectSection(ProjectDependencies) = postProject
		{B4C1A594-2E2A-383F-A9E0-018C54E34CDA} = {B4C1A594-2E2A-383F-A9E0-018C54E34CDA}
		{A975A0CB-0828-32E3-B534-2B24573EFA9E} = {A975A0CB-0828-32E3-B534-2B24573EFA9E}
		{8C5B45F2-2615-37DD-8D49-4D7D3F6D7C77} = {8C5B45F2-2615-37DD-8D49-4D7D3F6D7C77}
		{78795CC6-8B1A-338B-8CC0-F3C1791DC1C5} = {78795CC6-8B1A-338B-8CC0-F3C1791DC1C5}
		{833D0F90-4887-3B94-90F1-78F452C6C179} = {833D0F90-4887-3B94-90F1-78F452C6C179}
	EndProjectSection
EndProject
Project("{8BC9CEB8-8B4A-11D0-8D11-00A0C91BC942}") = "AppBox2dDemo", "Demos\Box2dDemo\AppBox2dDemo.vcxproj", "{90575E2A-4DE7-3114-BB7F-F7FDA2982DAE}"
	ProjectSection(ProjectDependencies) = postProject
		{B4C1A594-2E2A-383F-A9E0-018C54E34CDA} = {B4C1A594-2E2A-383F-A9E0-018C54E34CDA}
		{A975A0CB-0828-32E3-B534-2B24573EFA9E} = {A975A0CB-0828-32E3-B534-2B24573EFA9E}
		{8C5B45F2-2615-37DD-8D49-4D7D3F6D7C77} = {8C5B45F2-2615-37DD-8D49-4D7D3F6D7C77}
		{78795CC6-8B1A-338B-8CC0-F3C1791DC1C5} = {78795CC6-8B1A-338B-8CC0-F3C1791DC1C5}
		{833D0F90-4887-3B94-90F1-78F452C6C179} = {833D0F90-4887-3B94-90F1-78F452C6C179}
	EndProjectSection
EndProject
Project("{8BC9CEB8-8B4A-11D0-8D11-00A0C91BC942}") = "AppBspPhysicsDemo", "Demos\BspDemo\AppBspPhysicsDemo.vcxproj", "{E495ED67-F793-388E-B74D-6A30EC816487}"
	ProjectSection(ProjectDependencies) = postProject
		{B4C1A594-2E2A-383F-A9E0-018C54E34CDA} = {B4C1A594-2E2A-383F-A9E0-018C54E34CDA}
		{A975A0CB-0828-32E3-B534-2B24573EFA9E} = {A975A0CB-0828-32E3-B534-2B24573EFA9E}
		{8C5B45F2-2615-37DD-8D49-4D7D3F6D7C77} = {8C5B45F2-2615-37DD-8D49-4D7D3F6D7C77}
		{78795CC6-8B1A-338B-8CC0-F3C1791DC1C5} = {78795CC6-8B1A-338B-8CC0-F3C1791DC1C5}
		{833D0F90-4887-3B94-90F1-78F452C6C179} = {833D0F90-4887-3B94-90F1-78F452C6C179}
	EndProjectSection
EndProject
Project("{8BC9CEB8-8B4A-11D0-8D11-00A0C91BC942}") = "AppBulletXmlImportDemo", "Demos\BulletXmlImportDemo\AppBulletXmlImportDemo.vcxproj", "{FB7393BB-1181-3749-A9BE-018B18802F5B}"
	ProjectSection(ProjectDependencies) = postProject
		{B4C1A594-2E2A-383F-A9E0-018C54E34CDA} = {B4C1A594-2E2A-383F-A9E0-018C54E34CDA}
		{A975A0CB-0828-32E3-B534-2B24573EFA9E} = {A975A0CB-0828-32E3-B534-2B24573EFA9E}
		{793AD386-7DE5-32B0-9A7B-772AFD6060B0} = {793AD386-7DE5-32B0-9A7B-772AFD6060B0}
		{DE1C56D6-E3DF-3952-ADB4-681777EDD5AD} = {DE1C56D6-E3DF-3952-ADB4-681777EDD5AD}
		{CB492573-DAF0-3A51-B3D8-061DA80810EB} = {CB492573-DAF0-3A51-B3D8-061DA80810EB}
		{A7EE0A91-3B9A-30A2-BE8B-EB0B6DD50F33} = {A7EE0A91-3B9A-30A2-BE8B-EB0B6DD50F33}
		{8C5B45F2-2615-37DD-8D49-4D7D3F6D7C77} = {8C5B45F2-2615-37DD-8D49-4D7D3F6D7C77}
		{78795CC6-8B1A-338B-8CC0-F3C1791DC1C5} = {78795CC6-8B1A-338B-8CC0-F3C1791DC1C5}
		{833D0F90-4887-3B94-90F1-78F452C6C179} = {833D0F90-4887-3B94-90F1-78F452C6C179}
	EndProjectSection
EndProject
Project("{8BC9CEB8-8B4A-11D0-8D11-00A0C91BC942}") = "AppCcdPhysicsDemo", "Demos\CcdPhysicsDemo\AppCcdPhysicsDemo.vcxproj", "{DEBF4F34-E60B-37B8-813D-71E0EB3EFA6F}"
	ProjectSection(ProjectDependencies) = postProject
		{B4C1A594-2E2A-383F-A9E0-018C54E34CDA} = {B4C1A594-2E2A-383F-A9E0-018C54E34CDA}
		{A975A0CB-0828-32E3-B534-2B24573EFA9E} = {A975A0CB-0828-32E3-B534-2B24573EFA9E}
		{8C5B45F2-2615-37DD-8D49-4D7D3F6D7C77} = {8C5B45F2-2615-37DD-8D49-4D7D3F6D7C77}
		{78795CC6-8B1A-338B-8CC0-F3C1791DC1C5} = {78795CC6-8B1A-338B-8CC0-F3C1791DC1C5}
		{833D0F90-4887-3B94-90F1-78F452C6C179} = {833D0F90-4887-3B94-90F1-78F452C6C179}
	EndProjectSection
EndProject
Project("{8BC9CEB8-8B4A-11D0-8D11-00A0C91BC942}") = "AppCharacterDemo", "Demos\CharacterDemo\AppCharacterDemo.vcxproj", "{9E5A4C64-9D81-33D5-B18C-606C02225FE6}"
	ProjectSection(ProjectDependencies) = postProject
		{B4C1A594-2E2A-383F-A9E0-018C54E34CDA} = {B4C1A594-2E2A-383F-A9E0-018C54E34CDA}
		{A975A0CB-0828-32E3-B534-2B24573EFA9E} = {A975A0CB-0828-32E3-B534-2B24573EFA9E}
		{8C5B45F2-2615-37DD-8D49-4D7D3F6D7C77} = {8C5B45F2-2615-37DD-8D49-4D7D3F6D7C77}
		{78795CC6-8B1A-338B-8CC0-F3C1791DC1C5} = {78795CC6-8B1A-338B-8CC0-F3C1791DC1C5}
		{833D0F90-4887-3B94-90F1-78F452C6C179} = {833D0F90-4887-3B94-90F1-78F452C6C179}
	EndProjectSection
EndProject
Project("{8BC9CEB8-8B4A-11D0-8D11-00A0C91BC942}") = "AppCollisionDemo", "Demos\CollisionDemo\AppCollisionDemo.vcxproj", "{C0E64711-706D-3C9A-8275-D8934AE270F4}"
	ProjectSection(ProjectDependencies) = postProject
		{B4C1A594-2E2A-383F-A9E0-018C54E34CDA} = {B4C1A594-2E2A-383F-A9E0-018C54E34CDA}
		{A975A0CB-0828-32E3-B534-2B24573EFA9E} = {A975A0CB-0828-32E3-B534-2B24573EFA9E}
		{8C5B45F2-2615-37DD-8D49-4D7D3F6D7C77} = {8C5B45F2-2615-37DD-8D49-4D7D3F6D7C77}
		{78795CC6-8B1A-338B-8CC0-F3C1791DC1C5} = {78795CC6-8B1A-338B-8CC0-F3C1791DC1C5}
		{833D0F90-4887-3B94-90F1-78F452C6C179} = {833D0F90-4887-3B94-90F1-78F452C6C179}
	EndProjectSection
EndProject
Project("{8BC9CEB8-8B4A-11D0-8D11-00A0C91BC942}") = "AppCollisionInterfaceDemo", "Demos\CollisionInterfaceDemo\AppCollisionInterfaceDemo.vcxproj", "{5DC2AF4C-BF75-3C96-9B27-2BCB5403056E}"
	ProjectSection(ProjectDependencies) = postProject
		{B4C1A594-2E2A-383F-A9E0-018C54E34CDA} = {B4C1A594-2E2A-383F-A9E0-018C54E34CDA}
		{A975A0CB-0828-32E3-B534-2B24573EFA9E} = {A975A0CB-0828-32E3-B534-2B24573EFA9E}
		{8C5B45F2-2615-37DD-8D49-4D7D3F6D7C77} = {8C5B45F2-2615-37DD-8D49-4D7D3F6D7C77}
		{78795CC6-8B1A-338B-8CC0-F3C1791DC1C5} = {78795CC6-8B1A-338B-8CC0-F3C1791DC1C5}
		{833D0F90-4887-3B94-90F1-78F452C6C179} = {833D0F90-4887-3B94-90F1-78F452C6C179}
	EndProjectSection
EndProject
Project("{8BC9CEB8-8B4A-11D0-8D11-00A0C91BC942}") = "AppConcaveConvexCastDemo", "Demos\ConcaveConvexcastDemo\AppConcaveConvexCastDemo.vcxproj", "{91173155-2C46-36BE-B568-A013B8AB4F58}"
	ProjectSection(ProjectDependencies) = postProject
		{B4C1A594-2E2A-383F-A9E0-018C54E34CDA} = {B4C1A594-2E2A-383F-A9E0-018C54E34CDA}
		{A975A0CB-0828-32E3-B534-2B24573EFA9E} = {A975A0CB-0828-32E3-B534-2B24573EFA9E}
		{8C5B45F2-2615-37DD-8D49-4D7D3F6D7C77} = {8C5B45F2-2615-37DD-8D49-4D7D3F6D7C77}
		{78795CC6-8B1A-338B-8CC0-F3C1791DC1C5} = {78795CC6-8B1A-338B-8CC0-F3C1791DC1C5}
		{833D0F90-4887-3B94-90F1-78F452C6C179} = {833D0F90-4887-3B94-90F1-78F452C6C179}
	EndProjectSection
EndProject
Project("{8BC9CEB8-8B4A-11D0-8D11-00A0C91BC942}") = "AppConcaveDemo", "Demos\ConcaveDemo\AppConcaveDemo.vcxproj", "{7E5AD6ED-7543-3009-87AF-FC2EF6E0C760}"
	ProjectSection(ProjectDependencies) = postProject
		{B4C1A594-2E2A-383F-A9E0-018C54E34CDA} = {B4C1A594-2E2A-383F-A9E0-018C54E34CDA}
		{A975A0CB-0828-32E3-B534-2B24573EFA9E} = {A975A0CB-0828-32E3-B534-2B24573EFA9E}
		{793AD386-7DE5-32B0-9A7B-772AFD6060B0} = {793AD386-7DE5-32B0-9A7B-772AFD6060B0}
		{CB492573-DAF0-3A51-B3D8-061DA80810EB} = {CB492573-DAF0-3A51-B3D8-061DA80810EB}
		{8C5B45F2-2615-37DD-8D49-4D7D3F6D7C77} = {8C5B45F2-2615-37DD-8D49-4D7D3F6D7C77}
		{78795CC6-8B1A-338B-8CC0-F3C1791DC1C5} = {78795CC6-8B1A-338B-8CC0-F3C1791DC1C5}
		{833D0F90-4887-3B94-90F1-78F452C6C179} = {833D0F90-4887-3B94-90F1-78F452C6C179}
	EndProjectSection
EndProject
Project("{8BC9CEB8-8B4A-11D0-8D11-00A0C91BC942}") = "AppConcaveRayCastDemo", "Demos\ConcaveRaycastDemo\AppConcaveRayCastDemo.vcxproj", "{46047D7B-8638-38FD-9B1E-C2EA32BB22FA}"
	ProjectSection(ProjectDependencies) = postProject
		{B4C1A594-2E2A-383F-A9E0-018C54E34CDA} = {B4C1A594-2E2A-383F-A9E0-018C54E34CDA}
		{A975A0CB-0828-32E3-B534-2B24573EFA9E} = {A975A0CB-0828-32E3-B534-2B24573EFA9E}
		{8C5B45F2-2615-37DD-8D49-4D7D3F6D7C77} = {8C5B45F2-2615-37DD-8D49-4D7D3F6D7C77}
		{78795CC6-8B1A-338B-8CC0-F3C1791DC1C5} = {78795CC6-8B1A-338B-8CC0-F3C1791DC1C5}
		{833D0F90-4887-3B94-90F1-78F452C6C179} = {833D0F90-4887-3B94-90F1-78F452C6C179}
	EndProjectSection
EndProject
Project("{8BC9CEB8-8B4A-11D0-8D11-00A0C91BC942}") = "AppConstraintDemo", "Demos\ConstraintDemo\AppConstraintDemo.vcxproj", "{D46E43C8-909C-36ED-A5FC-D238B5A7AC7B}"
	ProjectSection(ProjectDependencies) = postProject
		{B4C1A594-2E2A-383F-A9E0-018C54E34CDA} = {B4C1A594-2E2A-383F-A9E0-018C54E34CDA}
		{A975A0CB-0828-32E3-B534-2B24573EFA9E} = {A975A0CB-0828-32E3-B534-2B24573EFA9E}
		{793AD386-7DE5-32B0-9A7B-772AFD6060B0} = {793AD386-7DE5-32B0-9A7B-772AFD6060B0}
		{CB492573-DAF0-3A51-B3D8-061DA80810EB} = {CB492573-DAF0-3A51-B3D8-061DA80810EB}
		{8C5B45F2-2615-37DD-8D49-4D7D3F6D7C77} = {8C5B45F2-2615-37DD-8D49-4D7D3F6D7C77}
		{78795CC6-8B1A-338B-8CC0-F3C1791DC1C5} = {78795CC6-8B1A-338B-8CC0-F3C1791DC1C5}
		{833D0F90-4887-3B94-90F1-78F452C6C179} = {833D0F90-4887-3B94-90F1-78F452C6C179}
	EndProjectSection
EndProject
Project("{8BC9CEB8-8B4A-11D0-8D11-00A0C91BC942}") = "AppContinuousConvexCollisionDemo", "Demos\ContinuousConvexCollision\AppContinuousConvexCollisionDemo.vcxproj", "{2B63CB31-D5B6-3D42-A255-41F3F845DE3D}"
	ProjectSection(ProjectDependencies) = postProject
		{B4C1A594-2E2A-383F-A9E0-018C54E34CDA} = {B4C1A594-2E2A-383F-A9E0-018C54E34CDA}
		{A975A0CB-0828-32E3-B534-2B24573EFA9E} = {A975A0CB-0828-32E3-B534-2B24573EFA9E}
		{8C5B45F2-2615-37DD-8D49-4D7D3F6D7C77} = {8C5B45F2-2615-37DD-8D49-4D7D3F6D7C77}
		{78795CC6-8B1A-338B-8CC0-F3C1791DC1C5} = {78795CC6-8B1A-338B-8CC0-F3C1791DC1C5}
		{833D0F90-4887-3B94-90F1-78F452C6C179} = {833D0F90-4887-3B94-90F1-78F452C6C179}
	EndProjectSection
EndProject
Project("{8BC9CEB8-8B4A-11D0-8D11-00A0C91BC942}") = "AppConvexDecompositionDemo", "Demos\ConvexDecompositionDemo\AppConvexDecompositionDemo.vcxproj", "{2D20966D-C746-3627-A1D7-C3AC29320BB6}"
	ProjectSection(ProjectDependencies) = postProject
		{B4C1A594-2E2A-383F-A9E0-018C54E34CDA} = {B4C1A594-2E2A-383F-A9E0-018C54E34CDA}
		{A975A0CB-0828-32E3-B534-2B24573EFA9E} = {A975A0CB-0828-32E3-B534-2B24573EFA9E}
		{793AD386-7DE5-32B0-9A7B-772AFD6060B0} = {793AD386-7DE5-32B0-9A7B-772AFD6060B0}
		{CB492573-DAF0-3A51-B3D8-061DA80810EB} = {CB492573-DAF0-3A51-B3D8-061DA80810EB}
		{42D15C0B-A4C6-3BBC-AB3A-C1D91CFC3CDB} = {42D15C0B-A4C6-3BBC-AB3A-C1D91CFC3CDB}
		{E86F18F9-CB7C-3A2A-AD3F-D8F9C858D817} = {E86F18F9-CB7C-3A2A-AD3F-D8F9C858D817}
		{8C5B45F2-2615-37DD-8D49-4D7D3F6D7C77} = {8C5B45F2-2615-37DD-8D49-4D7D3F6D7C77}
		{78795CC6-8B1A-338B-8CC0-F3C1791DC1C5} = {78795CC6-8B1A-338B-8CC0-F3C1791DC1C5}
		{833D0F90-4887-3B94-90F1-78F452C6C179} = {833D0F90-4887-3B94-90F1-78F452C6C179}
	EndProjectSection
EndProject
Project("{8BC9CEB8-8B4A-11D0-8D11-00A0C91BC942}") = "AppConvexHullDistanceDemo", "Demos\ConvexHullDistance\AppConvexHullDistanceDemo.vcxproj", "{D2721FBB-F31A-3E51-BB68-FA3212AB8781}"
	ProjectSection(ProjectDependencies) = postProject
		{B4C1A594-2E2A-383F-A9E0-018C54E34CDA} = {B4C1A594-2E2A-383F-A9E0-018C54E34CDA}
		{A975A0CB-0828-32E3-B534-2B24573EFA9E} = {A975A0CB-0828-32E3-B534-2B24573EFA9E}
		{8C5B45F2-2615-37DD-8D49-4D7D3F6D7C77} = {8C5B45F2-2615-37DD-8D49-4D7D3F6D7C77}
		{78795CC6-8B1A-338B-8CC0-F3C1791DC1C5} = {78795CC6-8B1A-338B-8CC0-F3C1791DC1C5}
		{833D0F90-4887-3B94-90F1-78F452C6C179} = {833D0F90-4887-3B94-90F1-78F452C6C179}
	EndProjectSection
EndProject
Project("{8BC9CEB8-8B4A-11D0-8D11-00A0C91BC942}") = "AppDoublePrecisionDemo", "Demos\DoublePrecisionDemo\AppDoublePrecisionDemo.vcxproj", "{1E65FCA7-C018-3467-A1FC-4073B15A3103}"
	ProjectSection(ProjectDependencies) = postProject
		{B4C1A594-2E2A-383F-A9E0-018C54E34CDA} = {B4C1A594-2E2A-383F-A9E0-018C54E34CDA}
		{A975A0CB-0828-32E3-B534-2B24573EFA9E} = {A975A0CB-0828-32E3-B534-2B24573EFA9E}
		{8C5B45F2-2615-37DD-8D49-4D7D3F6D7C77} = {8C5B45F2-2615-37DD-8D49-4D7D3F6D7C77}
		{78795CC6-8B1A-338B-8CC0-F3C1791DC1C5} = {78795CC6-8B1A-338B-8CC0-F3C1791DC1C5}
		{833D0F90-4887-3B94-90F1-78F452C6C179} = {833D0F90-4887-3B94-90F1-78F452C6C179}
	EndProjectSection
EndProject
Project("{8BC9CEB8-8B4A-11D0-8D11-00A0C91BC942}") = "AppFeatherstoneMultiBodyDemo", "Demos\FeatherstoneMultiBodyDemo\AppFeatherstoneMultiBodyDemo.vcxproj", "{4DA9FA76-ED43-3E13-BBA7-39455DB3F1A4}"
	ProjectSection(ProjectDependencies) = postProject
		{B4C1A594-2E2A-383F-A9E0-018C54E34CDA} = {B4C1A594-2E2A-383F-A9E0-018C54E34CDA}
		{A975A0CB-0828-32E3-B534-2B24573EFA9E} = {A975A0CB-0828-32E3-B534-2B24573EFA9E}
		{8C5B45F2-2615-37DD-8D49-4D7D3F6D7C77} = {8C5B45F2-2615-37DD-8D49-4D7D3F6D7C77}
		{78795CC6-8B1A-338B-8CC0-F3C1791DC1C5} = {78795CC6-8B1A-338B-8CC0-F3C1791DC1C5}
		{833D0F90-4887-3B94-90F1-78F452C6C179} = {833D0F90-4887-3B94-90F1-78F452C6C179}
	EndProjectSection
EndProject
Project("{8BC9CEB8-8B4A-11D0-8D11-00A0C91BC942}") = "AppForkLiftDemo", "Demos\ForkLiftDemo\AppForkLiftDemo.vcxproj", "{148E2B7D-4F70-30E3-AEFF-B951A79D2D25}"
	ProjectSection(ProjectDependencies) = postProject
		{B4C1A594-2E2A-383F-A9E0-018C54E34CDA} = {B4C1A594-2E2A-383F-A9E0-018C54E34CDA}
		{A975A0CB-0828-32E3-B534-2B24573EFA9E} = {A975A0CB-0828-32E3-B534-2B24573EFA9E}
		{8C5B45F2-2615-37DD-8D49-4D7D3F6D7C77} = {8C5B45F2-2615-37DD-8D49-4D7D3F6D7C77}
		{78795CC6-8B1A-338B-8CC0-F3C1791DC1C5} = {78795CC6-8B1A-338B-8CC0-F3C1791DC1C5}
		{833D0F90-4887-3B94-90F1-78F452C6C179} = {833D0F90-4887-3B94-90F1-78F452C6C179}
	EndProjectSection
EndProject
Project("{8BC9CEB8-8B4A-11D0-8D11-00A0C91BC942}") = "AppFractureDemo", "Demos\FractureDemo\AppFractureDemo.vcxproj", "{00D877CA-1285-3373-8447-9DF035FF8944}"
	ProjectSection(ProjectDependencies) = postProject
		{B4C1A594-2E2A-383F-A9E0-018C54E34CDA} = {B4C1A594-2E2A-383F-A9E0-018C54E34CDA}
		{A975A0CB-0828-32E3-B534-2B24573EFA9E} = {A975A0CB-0828-32E3-B534-2B24573EFA9E}
		{8C5B45F2-2615-37DD-8D49-4D7D3F6D7C77} = {8C5B45F2-2615-37DD-8D49-4D7D3F6D7C77}
		{78795CC6-8B1A-338B-8CC0-F3C1791DC1C5} = {78795CC6-8B1A-338B-8CC0-F3C1791DC1C5}
		{833D0F90-4887-3B94-90F1-78F452C6C179} = {833D0F90-4887-3B94-90F1-78F452C6C179}
	EndProjectSection
EndProject
Project("{8BC9CEB8-8B4A-11D0-8D11-00A0C91BC942}") = "AppGenericJointDemo", "Demos\GenericJointDemo\AppGenericJointDemo.vcxproj", "{A7AD429A-3432-385E-BFA7-87C9BBA4D2B8}"
	ProjectSection(ProjectDependencies) = postProject
		{B4C1A594-2E2A-383F-A9E0-018C54E34CDA} = {B4C1A594-2E2A-383F-A9E0-018C54E34CDA}
		{A975A0CB-0828-32E3-B534-2B24573EFA9E} = {A975A0CB-0828-32E3-B534-2B24573EFA9E}
		{8C5B45F2-2615-37DD-8D49-4D7D3F6D7C77} = {8C5B45F2-2615-37DD-8D49-4D7D3F6D7C77}
		{78795CC6-8B1A-338B-8CC0-F3C1791DC1C5} = {78795CC6-8B1A-338B-8CC0-F3C1791DC1C5}
		{833D0F90-4887-3B94-90F1-78F452C6C179} = {833D0F90-4887-3B94-90F1-78F452C6C179}
	EndProjectSection
EndProject
Project("{8BC9CEB8-8B4A-11D0-8D11-00A0C91BC942}") = "AppGyroscopicDemo", "Demos\GyroscopicDemo\AppGyroscopicDemo.vcxproj", "{BC993DA0-8B52-39B6-810D-97434997ACA9}"
	ProjectSection(ProjectDependencies) = postProject
		{B4C1A594-2E2A-383F-A9E0-018C54E34CDA} = {B4C1A594-2E2A-383F-A9E0-018C54E34CDA}
		{A975A0CB-0828-32E3-B534-2B24573EFA9E} = {A975A0CB-0828-32E3-B534-2B24573EFA9E}
		{793AD386-7DE5-32B0-9A7B-772AFD6060B0} = {793AD386-7DE5-32B0-9A7B-772AFD6060B0}
		{CB492573-DAF0-3A51-B3D8-061DA80810EB} = {CB492573-DAF0-3A51-B3D8-061DA80810EB}
		{8C5B45F2-2615-37DD-8D49-4D7D3F6D7C77} = {8C5B45F2-2615-37DD-8D49-4D7D3F6D7C77}
		{78795CC6-8B1A-338B-8CC0-F3C1791DC1C5} = {78795CC6-8B1A-338B-8CC0-F3C1791DC1C5}
		{833D0F90-4887-3B94-90F1-78F452C6C179} = {833D0F90-4887-3B94-90F1-78F452C6C179}
	EndProjectSection
EndProject
Project("{8BC9CEB8-8B4A-11D0-8D11-00A0C91BC942}") = "AppHelloWorld", "Demos\HelloWorld\AppHelloWorld.vcxproj", "{364EDAD0-2847-398D-B620-3F6BC1D7BFF9}"
	ProjectSection(ProjectDependencies) = postProject
		{B4C1A594-2E2A-383F-A9E0-018C54E34CDA} = {B4C1A594-2E2A-383F-A9E0-018C54E34CDA}
		{A975A0CB-0828-32E3-B534-2B24573EFA9E} = {A975A0CB-0828-32E3-B534-2B24573EFA9E}
		{8C5B45F2-2615-37DD-8D49-4D7D3F6D7C77} = {8C5B45F2-2615-37DD-8D49-4D7D3F6D7C77}
		{833D0F90-4887-3B94-90F1-78F452C6C179} = {833D0F90-4887-3B94-90F1-78F452C6C179}
	EndProjectSection
EndProject
Project("{8BC9CEB8-8B4A-11D0-8D11-00A0C91BC942}") = "AppInternalEdgeDemo", "Demos\InternalEdgeDemo\AppInternalEdgeDemo.vcxproj", "{D4F9E761-29EB-32FC-BD19-9D79CA155E19}"
	ProjectSection(ProjectDependencies) = postProject
		{B4C1A594-2E2A-383F-A9E0-018C54E34CDA} = {B4C1A594-2E2A-383F-A9E0-018C54E34CDA}
		{A975A0CB-0828-32E3-B534-2B24573EFA9E} = {A975A0CB-0828-32E3-B534-2B24573EFA9E}
		{8C5B45F2-2615-37DD-8D49-4D7D3F6D7C77} = {8C5B45F2-2615-37DD-8D49-4D7D3F6D7C77}
		{78795CC6-8B1A-338B-8CC0-F3C1791DC1C5} = {78795CC6-8B1A-338B-8CC0-F3C1791DC1C5}
		{833D0F90-4887-3B94-90F1-78F452C6C179} = {833D0F90-4887-3B94-90F1-78F452C6C179}
	EndProjectSection
EndProject
Project("{8BC9CEB8-8B4A-11D0-8D11-00A0C91BC942}") = "AppLinearConvexCastDemo", "Demos\GjkConvexCastDemo\AppLinearConvexCastDemo.vcxproj", "{77F0D18B-321D-392B-8CDA-A155729010DE}"
	ProjectSection(ProjectDependencies) = postProject
		{B4C1A594-2E2A-383F-A9E0-018C54E34CDA} = {B4C1A594-2E2A-383F-A9E0-018C54E34CDA}
		{A975A0CB-0828-32E3-B534-2B24573EFA9E} = {A975A0CB-0828-32E3-B534-2B24573EFA9E}
		{8C5B45F2-2615-37DD-8D49-4D7D3F6D7C77} = {8C5B45F2-2615-37DD-8D49-4D7D3F6D7C77}
		{78795CC6-8B1A-338B-8CC0-F3C1791DC1C5} = {78795CC6-8B1A-338B-8CC0-F3C1791DC1C5}
		{833D0F90-4887-3B94-90F1-78F452C6C179} = {833D0F90-4887-3B94-90F1-78F452C6C179}
	EndProjectSection
EndProject
Project("{8BC9CEB8-8B4A-11D0-8D11-00A0C91BC942}") = "AppMotorDemo", "Demos\DynamicControlDemo\AppMotorDemo.vcxproj", "{43EEE247-20BC-3EE7-A8B9-C0E761BB0531}"
	ProjectSection(ProjectDependencies) = postProject
		{B4C1A594-2E2A-383F-A9E0-018C54E34CDA} = {B4C1A594-2E2A-383F-A9E0-018C54E34CDA}
		{A975A0CB-0828-32E3-B534-2B24573EFA9E} = {A975A0CB-0828-32E3-B534-2B24573EFA9E}
		{8C5B45F2-2615-37DD-8D49-4D7D3F6D7C77} = {8C5B45F2-2615-37DD-8D49-4D7D3F6D7C77}
		{78795CC6-8B1A-338B-8CC0-F3C1791DC1C5} = {78795CC6-8B1A-338B-8CC0-F3C1791DC1C5}
		{833D0F90-4887-3B94-90F1-78F452C6C179} = {833D0F90-4887-3B94-90F1-78F452C6C179}
	EndProjectSection
EndProject
Project("{8BC9CEB8-8B4A-11D0-8D11-00A0C91BC942}") = "AppMovingConcaveDemo", "Demos\MovingConcaveDemo\AppMovingConcaveDemo.vcxproj", "{1FBE2BFC-7250-35D4-84D9-88149E94AF8A}"
	ProjectSection(ProjectDependencies) = postProject
		{B4C1A594-2E2A-383F-A9E0-018C54E34CDA} = {B4C1A594-2E2A-383F-A9E0-018C54E34CDA}
		{A975A0CB-0828-32E3-B534-2B24573EFA9E} = {A975A0CB-0828-32E3-B534-2B24573EFA9E}
		{8C5B45F2-2615-37DD-8D49-4D7D3F6D7C77} = {8C5B45F2-2615-37DD-8D49-4D7D3F6D7C77}
		{78795CC6-8B1A-338B-8CC0-F3C1791DC1C5} = {78795CC6-8B1A-338B-8CC0-F3C1791DC1C5}
		{833D0F90-4887-3B94-90F1-78F452C6C179} = {833D0F90-4887-3B94-90F1-78F452C6C179}
	EndProjectSection
EndProject
Project("{8BC9CEB8-8B4A-11D0-8D11-00A0C91BC942}") = "AppMultiMaterialDemo", "Demos\MultiMaterialDemo\AppMultiMaterialDemo.vcxproj", "{11968979-F685-392A-9402-4F9066D16676}"
	ProjectSection(ProjectDependencies) = postProject
		{B4C1A594-2E2A-383F-A9E0-018C54E34CDA} = {B4C1A594-2E2A-383F-A9E0-018C54E34CDA}
		{A975A0CB-0828-32E3-B534-2B24573EFA9E} = {A975A0CB-0828-32E3-B534-2B24573EFA9E}
		{8C5B45F2-2615-37DD-8D49-4D7D3F6D7C77} = {8C5B45F2-2615-37DD-8D49-4D7D3F6D7C77}
		{78795CC6-8B1A-338B-8CC0-F3C1791DC1C5} = {78795CC6-8B1A-338B-8CC0-F3C1791DC1C5}
		{833D0F90-4887-3B94-90F1-78F452C6C179} = {833D0F90-4887-3B94-90F1-78F452C6C179}
	EndProjectSection
EndProject
Project("{8BC9CEB8-8B4A-11D0-8D11-00A0C91BC942}") = "AppMultiThreadedDemo", "Demos\MultiThreadedDemo\AppMultiThreadedDemo.vcxproj", "{EA357DB0-DDF6-3F37-8C3B-6B1D156B7586}"
	ProjectSection(ProjectDependencies) = postProject
		{B4C1A594-2E2A-383F-A9E0-018C54E34CDA} = {B4C1A594-2E2A-383F-A9E0-018C54E34CDA}
		{A975A0CB-0828-32E3-B534-2B24573EFA9E} = {A975A0CB-0828-32E3-B534-2B24573EFA9E}
		{2CE8075A-395B-3D45-8145-7D019DFF68FD} = {2CE8075A-395B-3D45-8145-7D019DFF68FD}
		{8C5B45F2-2615-37DD-8D49-4D7D3F6D7C77} = {8C5B45F2-2615-37DD-8D49-4D7D3F6D7C77}
		{78795CC6-8B1A-338B-8CC0-F3C1791DC1C5} = {78795CC6-8B1A-338B-8CC0-F3C1791DC1C5}
		{833D0F90-4887-3B94-90F1-78F452C6C179} = {833D0F90-4887-3B94-90F1-78F452C6C179}
	EndProjectSection
EndProject
Project("{8BC9CEB8-8B4A-11D0-8D11-00A0C91BC942}") = "AppOpenCLClothDemo_AMD", "Demos\OpenCLClothDemo\AMD\AppOpenCLClothDemo_AMD.vcxproj", "{F141954B-11C3-367B-8861-9AD070F20200}"
	ProjectSection(ProjectDependencies) = postProject
		{B4C1A594-2E2A-383F-A9E0-018C54E34CDA} = {B4C1A594-2E2A-383F-A9E0-018C54E34CDA}
		{A975A0CB-0828-32E3-B534-2B24573EFA9E} = {A975A0CB-0828-32E3-B534-2B24573EFA9E}
		{2CE8075A-395B-3D45-8145-7D019DFF68FD} = {2CE8075A-395B-3D45-8145-7D019DFF68FD}
		{DE1C56D6-E3DF-3952-ADB4-681777EDD5AD} = {DE1C56D6-E3DF-3952-ADB4-681777EDD5AD}
		{28CF0FA4-32B8-30E9-9874-F4F75C181830} = {28CF0FA4-32B8-30E9-9874-F4F75C181830}
		{8C5B45F2-2615-37DD-8D49-4D7D3F6D7C77} = {8C5B45F2-2615-37DD-8D49-4D7D3F6D7C77}
		{78795CC6-8B1A-338B-8CC0-F3C1791DC1C5} = {78795CC6-8B1A-338B-8CC0-F3C1791DC1C5}
		{833D0F90-4887-3B94-90F1-78F452C6C179} = {833D0F90-4887-3B94-90F1-78F452C6C179}
	EndProjectSection
EndProject
Project("{8BC9CEB8-8B4A-11D0-8D11-00A0C91BC942}") = "AppOpenCLClothDemo_Intel", "Demos\OpenCLClothDemo\Intel\AppOpenCLClothDemo_Intel.vcxproj", "{50632ACC-4B2A-30DE-B819-BE33B4E0F2EE}"
	ProjectSection(ProjectDependencies) = postProject
		{B4C1A594-2E2A-383F-A9E0-018C54E34CDA} = {B4C1A594-2E2A-383F-A9E0-018C54E34CDA}
		{A975A0CB-0828-32E3-B534-2B24573EFA9E} = {A975A0CB-0828-32E3-B534-2B24573EFA9E}
		{2CE8075A-395B-3D45-8145-7D019DFF68FD} = {2CE8075A-395B-3D45-8145-7D019DFF68FD}
		{DE1C56D6-E3DF-3952-ADB4-681777EDD5AD} = {DE1C56D6-E3DF-3952-ADB4-681777EDD5AD}
		{3C8E8AD9-136A-3642-AAE2-908552A313C2} = {3C8E8AD9-136A-3642-AAE2-908552A313C2}
		{8C5B45F2-2615-37DD-8D49-4D7D3F6D7C77} = {8C5B45F2-2615-37DD-8D49-4D7D3F6D7C77}
		{78795CC6-8B1A-338B-8CC0-F3C1791DC1C5} = {78795CC6-8B1A-338B-8CC0-F3C1791DC1C5}
		{833D0F90-4887-3B94-90F1-78F452C6C179} = {833D0F90-4887-3B94-90F1-78F452C6C179}
	EndProjectSection
EndProject
Project("{8BC9CEB8-8B4A-11D0-8D11-00A0C91BC942}") = "AppOpenCLClothDemo_Mini", "Demos\OpenCLClothDemo\MiniCL\AppOpenCLClothDemo_Mini.vcxproj", "{1DF5B203-DDBF-33EA-B808-FA9260F22B91}"
	ProjectSection(ProjectDependencies) = postProject
		{B4C1A594-2E2A-383F-A9E0-018C54E34CDA} = {B4C1A594-2E2A-383F-A9E0-018C54E34CDA}
		{A975A0CB-0828-32E3-B534-2B24573EFA9E} = {A975A0CB-0828-32E3-B534-2B24573EFA9E}
		{2CE8075A-395B-3D45-8145-7D019DFF68FD} = {2CE8075A-395B-3D45-8145-7D019DFF68FD}
		{DE1C56D6-E3DF-3952-ADB4-681777EDD5AD} = {DE1C56D6-E3DF-3952-ADB4-681777EDD5AD}
		{AFB3F910-8745-3E26-AB6B-4E90B57B6EF1} = {AFB3F910-8745-3E26-AB6B-4E90B57B6EF1}
		{8C5B45F2-2615-37DD-8D49-4D7D3F6D7C77} = {8C5B45F2-2615-37DD-8D49-4D7D3F6D7C77}
		{D71D0B66-D279-389C-9DBB-B873233013F5} = {D71D0B66-D279-389C-9DBB-B873233013F5}
		{78795CC6-8B1A-338B-8CC0-F3C1791DC1C5} = {78795CC6-8B1A-338B-8CC0-F3C1791DC1C5}
		{833D0F90-4887-3B94-90F1-78F452C6C179} = {833D0F90-4887-3B94-90F1-78F452C6C179}
	EndProjectSection
EndProject
Project("{8BC9CEB8-8B4A-11D0-8D11-00A0C91BC942}") = "AppOpenCLClothDemo_NVidia", "Demos\OpenCLClothDemo\NVidia\AppOpenCLClothDemo_NVidia.vcxproj", "{5FFD6A27-16F0-36C3-A926-9977CF7C28FA}"
	ProjectSection(ProjectDependencies) = postProject
		{B4C1A594-2E2A-383F-A9E0-018C54E34CDA} = {B4C1A594-2E2A-383F-A9E0-018C54E34CDA}
		{A975A0CB-0828-32E3-B534-2B24573EFA9E} = {A975A0CB-0828-32E3-B534-2B24573EFA9E}
		{2CE8075A-395B-3D45-8145-7D019DFF68FD} = {2CE8075A-395B-3D45-8145-7D019DFF68FD}
		{DE1C56D6-E3DF-3952-ADB4-681777EDD5AD} = {DE1C56D6-E3DF-3952-ADB4-681777EDD5AD}
		{A8927D5C-F8C5-349A-9053-C92ACA501515} = {A8927D5C-F8C5-349A-9053-C92ACA501515}
		{8C5B45F2-2615-37DD-8D49-4D7D3F6D7C77} = {8C5B45F2-2615-37DD-8D49-4D7D3F6D7C77}
		{78795CC6-8B1A-338B-8CC0-F3C1791DC1C5} = {78795CC6-8B1A-338B-8CC0-F3C1791DC1C5}
		{833D0F90-4887-3B94-90F1-78F452C6C179} = {833D0F90-4887-3B94-90F1-78F452C6C179}
	EndProjectSection
EndProject
Project("{8BC9CEB8-8B4A-11D0-8D11-00A0C91BC942}") = "AppRagdollDemo", "Demos\RagdollDemo\AppRagdollDemo.vcxproj", "{BB597553-D6B6-3CF5-961D-70BAC786CE70}"
	ProjectSection(ProjectDependencies) = postProject
		{B4C1A594-2E2A-383F-A9E0-018C54E34CDA} = {B4C1A594-2E2A-383F-A9E0-018C54E34CDA}
		{A975A0CB-0828-32E3-B534-2B24573EFA9E} = {A975A0CB-0828-32E3-B534-2B24573EFA9E}
		{8C5B45F2-2615-37DD-8D49-4D7D3F6D7C77} = {8C5B45F2-2615-37DD-8D49-4D7D3F6D7C77}
		{78795CC6-8B1A-338B-8CC0-F3C1791DC1C5} = {78795CC6-8B1A-338B-8CC0-F3C1791DC1C5}
		{833D0F90-4887-3B94-90F1-78F452C6C179} = {833D0F90-4887-3B94-90F1-78F452C6C179}
	EndProjectSection
EndProject
Project("{8BC9CEB8-8B4A-11D0-8D11-00A0C91BC942}") = "AppRaytestDemo", "Demos\RaytestDemo\AppRaytestDemo.vcxproj", "{AC83964C-7CA8-31A7-BFFC-7EEFBD85E936}"
	ProjectSection(ProjectDependencies) = postProject
		{B4C1A594-2E2A-383F-A9E0-018C54E34CDA} = {B4C1A594-2E2A-383F-A9E0-018C54E34CDA}
		{A975A0CB-0828-32E3-B534-2B24573EFA9E} = {A975A0CB-0828-32E3-B534-2B24573EFA9E}
		{8C5B45F2-2615-37DD-8D49-4D7D3F6D7C77} = {8C5B45F2-2615-37DD-8D49-4D7D3F6D7C77}
		{78795CC6-8B1A-338B-8CC0-F3C1791DC1C5} = {78795CC6-8B1A-338B-8CC0-F3C1791DC1C5}
		{833D0F90-4887-3B94-90F1-78F452C6C179} = {833D0F90-4887-3B94-90F1-78F452C6C179}
	EndProjectSection
EndProject
Project("{8BC9CEB8-8B4A-11D0-8D11-00A0C91BC942}") = "AppRaytracer", "Demos\Raytracer\AppRaytracer.vcxproj", "{C19BF455-E277-36F3-9584-AF3A8842F66A}"
	ProjectSection(ProjectDependencies) = postProject
		{B4C1A594-2E2A-383F-A9E0-018C54E34CDA} = {B4C1A594-2E2A-383F-A9E0-018C54E34CDA}
		{A975A0CB-0828-32E3-B534-2B24573EFA9E} = {A975A0CB-0828-32E3-B534-2B24573EFA9E}
		{8C5B45F2-2615-37DD-8D49-4D7D3F6D7C77} = {8C5B45F2-2615-37DD-8D49-4D7D3F6D7C77}
		{78795CC6-8B1A-338B-8CC0-F3C1791DC1C5} = {78795CC6-8B1A-338B-8CC0-F3C1791DC1C5}
		{833D0F90-4887-3B94-90F1-78F452C6C179} = {833D0F90-4887-3B94-90F1-78F452C6C179}
	EndProjectSection
EndProject
Project("{8BC9CEB8-8B4A-11D0-8D11-00A0C91BC942}") = "AppRollingFrictionDemo", "Demos\RollingFrictionDemo\AppRollingFrictionDemo.vcxproj", "{B6392716-6E33-3CD9-B25E-083A2A2F5C85}"
	ProjectSection(ProjectDependencies) = postProject
		{B4C1A594-2E2A-383F-A9E0-018C54E34CDA} = {B4C1A594-2E2A-383F-A9E0-018C54E34CDA}
		{A975A0CB-0828-32E3-B534-2B24573EFA9E} = {A975A0CB-0828-32E3-B534-2B24573EFA9E}
		{8C5B45F2-2615-37DD-8D49-4D7D3F6D7C77} = {8C5B45F2-2615-37DD-8D49-4D7D3F6D7C77}
		{78795CC6-8B1A-338B-8CC0-F3C1791DC1C5} = {78795CC6-8B1A-338B-8CC0-F3C1791DC1C5}
		{833D0F90-4887-3B94-90F1-78F452C6C179} = {833D0F90-4887-3B94-90F1-78F452C6C179}
	EndProjectSection
EndProject
Project("{8BC9CEB8-8B4A-11D0-8D11-00A0C91BC942}") = "AppSerializeDemo", "Demos\SerializeDemo\AppSerializeDemo.vcxproj", "{A566C7AA-E3E8-3196-8874-DBC5D3AB0BC1}"
	ProjectSection(ProjectDependencies) = postProject
		{B4C1A594-2E2A-383F-A9E0-018C54E34CDA} = {B4C1A594-2E2A-383F-A9E0-018C54E34CDA}
		{A975A0CB-0828-32E3-B534-2B24573EFA9E} = {A975A0CB-0828-32E3-B534-2B24573EFA9E}
		{793AD386-7DE5-32B0-9A7B-772AFD6060B0} = {793AD386-7DE5-32B0-9A7B-772AFD6060B0}
		{DE1C56D6-E3DF-3952-ADB4-681777EDD5AD} = {DE1C56D6-E3DF-3952-ADB4-681777EDD5AD}
		{CB492573-DAF0-3A51-B3D8-061DA80810EB} = {CB492573-DAF0-3A51-B3D8-061DA80810EB}
		{8C5B45F2-2615-37DD-8D49-4D7D3F6D7C77} = {8C5B45F2-2615-37DD-8D49-4D7D3F6D7C77}
		{78795CC6-8B1A-338B-8CC0-F3C1791DC1C5} = {78795CC6-8B1A-338B-8CC0-F3C1791DC1C5}
		{833D0F90-4887-3B94-90F1-78F452C6C179} = {833D0F90-4887-3B94-90F1-78F452C6C179}
	EndProjectSection
EndProject
Project("{8BC9CEB8-8B4A-11D0-8D11-00A0C91BC942}") = "AppSerializeDemo_AMD", "Demos\SerializeDemo\AMD\AppSerializeDemo_AMD.vcxproj", "{C9E593BD-A275-3AF2-97B8-0BF2F41E2A95}"
	ProjectSection(ProjectDependencies) = postProject
		{B4C1A594-2E2A-383F-A9E0-018C54E34CDA} = {B4C1A594-2E2A-383F-A9E0-018C54E34CDA}
		{A975A0CB-0828-32E3-B534-2B24573EFA9E} = {A975A0CB-0828-32E3-B534-2B24573EFA9E}
		{793AD386-7DE5-32B0-9A7B-772AFD6060B0} = {793AD386-7DE5-32B0-9A7B-772AFD6060B0}
		{2CE8075A-395B-3D45-8145-7D019DFF68FD} = {2CE8075A-395B-3D45-8145-7D019DFF68FD}
		{DE1C56D6-E3DF-3952-ADB4-681777EDD5AD} = {DE1C56D6-E3DF-3952-ADB4-681777EDD5AD}
		{28CF0FA4-32B8-30E9-9874-F4F75C181830} = {28CF0FA4-32B8-30E9-9874-F4F75C181830}
		{CB492573-DAF0-3A51-B3D8-061DA80810EB} = {CB492573-DAF0-3A51-B3D8-061DA80810EB}
		{8C5B45F2-2615-37DD-8D49-4D7D3F6D7C77} = {8C5B45F2-2615-37DD-8D49-4D7D3F6D7C77}
		{78795CC6-8B1A-338B-8CC0-F3C1791DC1C5} = {78795CC6-8B1A-338B-8CC0-F3C1791DC1C5}
		{833D0F90-4887-3B94-90F1-78F452C6C179} = {833D0F90-4887-3B94-90F1-78F452C6C179}
	EndProjectSection
EndProject
Project("{8BC9CEB8-8B4A-11D0-8D11-00A0C91BC942}") = "AppSimplexDemo", "Demos\SimplexDemo\AppSimplexDemo.vcxproj", "{2E0563EA-027D-3CC9-8694-7F3215359F18}"
	ProjectSection(ProjectDependencies) = postProject
		{B4C1A594-2E2A-383F-A9E0-018C54E34CDA} = {B4C1A594-2E2A-383F-A9E0-018C54E34CDA}
		{A975A0CB-0828-32E3-B534-2B24573EFA9E} = {A975A0CB-0828-32E3-B534-2B24573EFA9E}
		{8C5B45F2-2615-37DD-8D49-4D7D3F6D7C77} = {8C5B45F2-2615-37DD-8D49-4D7D3F6D7C77}
		{78795CC6-8B1A-338B-8CC0-F3C1791DC1C5} = {78795CC6-8B1A-338B-8CC0-F3C1791DC1C5}
		{833D0F90-4887-3B94-90F1-78F452C6C179} = {833D0F90-4887-3B94-90F1-78F452C6C179}
	EndProjectSection
EndProject
Project("{8BC9CEB8-8B4A-11D0-8D11-00A0C91BC942}") = "AppSliderConstraintDemo", "Demos\SliderConstraintDemo\AppSliderConstraintDemo.vcxproj", "{B81EE48C-61E4-3885-96E7-1D6CF8B347F7}"
	ProjectSection(ProjectDependencies) = postProject
		{B4C1A594-2E2A-383F-A9E0-018C54E34CDA} = {B4C1A594-2E2A-383F-A9E0-018C54E34CDA}
		{A975A0CB-0828-32E3-B534-2B24573EFA9E} = {A975A0CB-0828-32E3-B534-2B24573EFA9E}
		{8C5B45F2-2615-37DD-8D49-4D7D3F6D7C77} = {8C5B45F2-2615-37DD-8D49-4D7D3F6D7C77}
		{78795CC6-8B1A-338B-8CC0-F3C1791DC1C5} = {78795CC6-8B1A-338B-8CC0-F3C1791DC1C5}
		{833D0F90-4887-3B94-90F1-78F452C6C179} = {833D0F90-4887-3B94-90F1-78F452C6C179}
	EndProjectSection
EndProject
Project("{8BC9CEB8-8B4A-11D0-8D11-00A0C91BC942}") = "AppSoftBodyDemo", "Demos\SoftDemo\AppSoftBodyDemo.vcxproj", "{CA31008B-48D2-30FB-989E-252E55E5B32D}"
	ProjectSection(ProjectDependencies) = postProject
		{B4C1A594-2E2A-383F-A9E0-018C54E34CDA} = {B4C1A594-2E2A-383F-A9E0-018C54E34CDA}
		{A975A0CB-0828-32E3-B534-2B24573EFA9E} = {A975A0CB-0828-32E3-B534-2B24573EFA9E}
		{DE1C56D6-E3DF-3952-ADB4-681777EDD5AD} = {DE1C56D6-E3DF-3952-ADB4-681777EDD5AD}
		{8C5B45F2-2615-37DD-8D49-4D7D3F6D7C77} = {8C5B45F2-2615-37DD-8D49-4D7D3F6D7C77}
		{78795CC6-8B1A-338B-8CC0-F3C1791DC1C5} = {78795CC6-8B1A-338B-8CC0-F3C1791DC1C5}
		{833D0F90-4887-3B94-90F1-78F452C6C179} = {833D0F90-4887-3B94-90F1-78F452C6C179}
	EndProjectSection
EndProject
Project("{8BC9CEB8-8B4A-11D0-8D11-00A0C91BC942}") = "AppThreadingDemo", "Demos\ThreadingDemo\AppThreadingDemo.vcxproj", "{1D78E45C-1057-3B01-B91B-BC6371294C76}"
	ProjectSection(ProjectDependencies) = postProject
		{B4C1A594-2E2A-383F-A9E0-018C54E34CDA} = {B4C1A594-2E2A-383F-A9E0-018C54E34CDA}
		{A975A0CB-0828-32E3-B534-2B24573EFA9E} = {A975A0CB-0828-32E3-B534-2B24573EFA9E}
		{2CE8075A-395B-3D45-8145-7D019DFF68FD} = {2CE8075A-395B-3D45-8145-7D019DFF68FD}
		{8C5B45F2-2615-37DD-8D49-4D7D3F6D7C77} = {8C5B45F2-2615-37DD-8D49-4D7D3F6D7C77}
		{833D0F90-4887-3B94-90F1-78F452C6C179} = {833D0F90-4887-3B94-90F1-78F452C6C179}
	EndProjectSection
EndProject
Project("{8BC9CEB8-8B4A-11D0-8D11-00A0C91BC942}") = "AppUserCollisionAlgorithm", "Demos\UserCollisionAlgorithm\AppUserCollisionAlgorithm.vcxproj", "{946437CE-ABC0-3BD5-A91A-9054A4EC8F58}"
	ProjectSection(ProjectDependencies) = postProject
		{B4C1A594-2E2A-383F-A9E0-018C54E34CDA} = {B4C1A594-2E2A-383F-A9E0-018C54E34CDA}
		{A975A0CB-0828-32E3-B534-2B24573EFA9E} = {A975A0CB-0828-32E3-B534-2B24573EFA9E}
		{8C5B45F2-2615-37DD-8D49-4D7D3F6D7C77} = {8C5B45F2-2615-37DD-8D49-4D7D3F6D7C77}
		{78795CC6-8B1A-338B-8CC0-F3C1791DC1C5} = {78795CC6-8B1A-338B-8CC0-F3C1791DC1C5}
		{833D0F90-4887-3B94-90F1-78F452C6C179} = {833D0F90-4887-3B94-90F1-78F452C6C179}
	EndProjectSection
EndProject
Project("{8BC9CEB8-8B4A-11D0-8D11-00A0C91BC942}") = "AppVectorAdd_AMD", "Demos\VectorAdd_OpenCL\AMD\AppVectorAdd_AMD.vcxproj", "{B76C0250-063E-3212-9F3A-B139A504BBF5}"
	ProjectSection(ProjectDependencies) = postProject
		{2CE8075A-395B-3D45-8145-7D019DFF68FD} = {2CE8075A-395B-3D45-8145-7D019DFF68FD}
		{8C5B45F2-2615-37DD-8D49-4D7D3F6D7C77} = {8C5B45F2-2615-37DD-8D49-4D7D3F6D7C77}
		{833D0F90-4887-3B94-90F1-78F452C6C179} = {833D0F90-4887-3B94-90F1-78F452C6C179}
	EndProjectSection
EndProject
Project("{8BC9CEB8-8B4A-11D0-8D11-00A0C91BC942}") = "AppVectorAdd_Mini", "Demos\VectorAdd_OpenCL\MiniCL\AppVectorAdd_Mini.vcxproj", "{BEF47020-73BA-34AF-9AD6-5DA548735305}"
	ProjectSection(ProjectDependencies) = postProject
		{2CE8075A-395B-3D45-8145-7D019DFF68FD} = {2CE8075A-395B-3D45-8145-7D019DFF68FD}
		{8C5B45F2-2615-37DD-8D49-4D7D3F6D7C77} = {8C5B45F2-2615-37DD-8D49-4D7D3F6D7C77}
		{D71D0B66-D279-389C-9DBB-B873233013F5} = {D71D0B66-D279-389C-9DBB-B873233013F5}
		{833D0F90-4887-3B94-90F1-78F452C6C179} = {833D0F90-4887-3B94-90F1-78F452C6C179}
	EndProjectSection
EndProject
Project("{8BC9CEB8-8B4A-11D0-8D11-00A0C91BC942}") = "AppVectorAdd_NVidia", "Demos\VectorAdd_OpenCL\NVidia\AppVectorAdd_NVidia.vcxproj", "{886828F5-1385-322E-ACBF-D95190354C36}"
	ProjectSection(ProjectDependencies) = postProject
		{8C5B45F2-2615-37DD-8D49-4D7D3F6D7C77} = {8C5B45F2-2615-37DD-8D49-4D7D3F6D7C77}
		{833D0F90-4887-3B94-90F1-78F452C6C179} = {833D0F90-4887-3B94-90F1-78F452C6C179}
	EndProjectSection
EndProject
Project("{8BC9CEB8-8B4A-11D0-8D11-00A0C91BC942}") = "AppVehicleDemo", "Demos\VehicleDemo\AppVehicleDemo.vcxproj", "{1213E563-6A32-3107-9F8F-576150AA4BF4}"
	ProjectSection(ProjectDependencies) = postProject
		{B4C1A594-2E2A-383F-A9E0-018C54E34CDA} = {B4C1A594-2E2A-383F-A9E0-018C54E34CDA}
		{A975A0CB-0828-32E3-B534-2B24573EFA9E} = {A975A0CB-0828-32E3-B534-2B24573EFA9E}
		{8C5B45F2-2615-37DD-8D49-4D7D3F6D7C77} = {8C5B45F2-2615-37DD-8D49-4D7D3F6D7C77}
		{78795CC6-8B1A-338B-8CC0-F3C1791DC1C5} = {78795CC6-8B1A-338B-8CC0-F3C1791DC1C5}
		{833D0F90-4887-3B94-90F1-78F452C6C179} = {833D0F90-4887-3B94-90F1-78F452C6C179}
	EndProjectSection
EndProject
Project("{8BC9CEB8-8B4A-11D0-8D11-00A0C91BC942}") = "AppVoronoiFractureDemo", "Demos\VoronoiFractureDemo\AppVoronoiFractureDemo.vcxproj", "{335DDCB7-EB88-3E90-A3EF-910ACAC3BACA}"
	ProjectSection(ProjectDependencies) = postProject
		{B4C1A594-2E2A-383F-A9E0-018C54E34CDA} = {B4C1A594-2E2A-383F-A9E0-018C54E34CDA}
		{A975A0CB-0828-32E3-B534-2B24573EFA9E} = {A975A0CB-0828-32E3-B534-2B24573EFA9E}
		{8C5B45F2-2615-37DD-8D49-4D7D3F6D7C77} = {8C5B45F2-2615-37DD-8D49-4D7D3F6D7C77}
		{78795CC6-8B1A-338B-8CC0-F3C1791DC1C5} = {78795CC6-8B1A-338B-8CC0-F3C1791DC1C5}
		{833D0F90-4887-3B94-90F1-78F452C6C179} = {833D0F90-4887-3B94-90F1-78F452C6C179}
	EndProjectSection
EndProject
Project("{8BC9CEB8-8B4A-11D0-8D11-00A0C91BC942}") = "BulletCollision", "src\BulletCollision\BulletCollision.vcxproj", "{B4C1A594-2E2A-383F-A9E0-018C54E34CDA}"
	ProjectSection(ProjectDependencies) = postProject
		{833D0F90-4887-3B94-90F1-78F452C6C179} = {833D0F90-4887-3B94-90F1-78F452C6C179}
	EndProjectSection
EndProject
Project("{8BC9CEB8-8B4A-11D0-8D11-00A0C91BC942}") = "BulletDynamics", "src\BulletDynamics\BulletDynamics.vcxproj", "{A975A0CB-0828-32E3-B534-2B24573EFA9E}"
	ProjectSection(ProjectDependencies) = postProject
		{833D0F90-4887-3B94-90F1-78F452C6C179} = {833D0F90-4887-3B94-90F1-78F452C6C179}
	EndProjectSection
EndProject
Project("{8BC9CEB8-8B4A-11D0-8D11-00A0C91BC942}") = "BulletFileLoader", "Extras\Serialize\BulletFileLoader\BulletFileLoader.vcxproj", "{793AD386-7DE5-32B0-9A7B-772AFD6060B0}"
	ProjectSection(ProjectDependencies) = postProject
		{833D0F90-4887-3B94-90F1-78F452C6C179} = {833D0F90-4887-3B94-90F1-78F452C6C179}
	EndProjectSection
EndProject
Project("{8BC9CEB8-8B4A-11D0-8D11-00A0C91BC942}") = "BulletMultiThreaded", "src\BulletMultiThreaded\BulletMultiThreaded.vcxproj", "{2CE8075A-395B-3D45-8145-7D019DFF68FD}"
	ProjectSection(ProjectDependencies) = postProject
		{833D0F90-4887-3B94-90F1-78F452C6C179} = {833D0F90-4887-3B94-90F1-78F452C6C179}
	EndProjectSection
EndProject
Project("{8BC9CEB8-8B4A-11D0-8D11-00A0C91BC942}") = "BulletSoftBody", "src\BulletSoftBody\BulletSoftBody.vcxproj", "{DE1C56D6-E3DF-3952-ADB4-681777EDD5AD}"
	ProjectSection(ProjectDependencies) = postProject
		{833D0F90-4887-3B94-90F1-78F452C6C179} = {833D0F90-4887-3B94-90F1-78F452C6C179}
	EndProjectSection
EndProject
Project("{8BC9CEB8-8B4A-11D0-8D11-00A0C91BC942}") = "BulletSoftBodySolvers_OpenCL_AMD", "src\BulletMultiThreaded\GpuSoftBodySolvers\OpenCL\AMD\BulletSoftBodySolvers_OpenCL_AMD.vcxproj", "{28CF0FA4-32B8-30E9-9874-F4F75C181830}"
	ProjectSection(ProjectDependencies) = postProject
		{833D0F90-4887-3B94-90F1-78F452C6C179} = {833D0F90-4887-3B94-90F1-78F452C6C179}
	EndProjectSection
EndProject
Project("{8BC9CEB8-8B4A-11D0-8D11-00A0C91BC942}") = "BulletSoftBodySolvers_OpenCL_Intel", "src\BulletMultiThreaded\GpuSoftBodySolvers\OpenCL\Intel\BulletSoftBodySolvers_OpenCL_Intel.vcxproj", "{3C8E8AD9-136A-3642-AAE2-908552A313C2}"
	ProjectSection(ProjectDependencies) = postProject
		{833D0F90-4887-3B94-90F1-78F452C6C179} = {833D0F90-4887-3B94-90F1-78F452C6C179}
	EndProjectSection
EndProject
Project("{8BC9CEB8-8B4A-11D0-8D11-00A0C91BC942}") = "BulletSoftBodySolvers_OpenCL_Mini", "src\BulletMultiThreaded\GpuSoftBodySolvers\OpenCL\MiniCL\BulletSoftBodySolvers_OpenCL_Mini.vcxproj", "{AFB3F910-8745-3E26-AB6B-4E90B57B6EF1}"
	ProjectSection(ProjectDependencies) = postProject
		{833D0F90-4887-3B94-90F1-78F452C6C179} = {833D0F90-4887-3B94-90F1-78F452C6C179}
	EndProjectSection
EndProject
Project("{8BC9CEB8-8B4A-11D0-8D11-00A0C91BC942}") = "BulletSoftBodySolvers_OpenCL_NVidia", "src\BulletMultiThreaded\GpuSoftBodySolvers\OpenCL\NVidia\BulletSoftBodySolvers_OpenCL_NVidia.vcxproj", "{A8927D5C-F8C5-349A-9053-C92ACA501515}"
	ProjectSection(ProjectDependencies) = postProject
		{833D0F90-4887-3B94-90F1-78F452C6C179} = {833D0F90-4887-3B94-90F1-78F452C6C179}
	EndProjectSection
EndProject
Project("{8BC9CEB8-8B4A-11D0-8D11-00A0C91BC942}") = "BulletWorldImporter", "Extras\Serialize\BulletWorldImporter\BulletWorldImporter.vcxproj", "{CB492573-DAF0-3A51-B3D8-061DA80810EB}"
	ProjectSection(ProjectDependencies) = postProject
		{833D0F90-4887-3B94-90F1-78F452C6C179} = {833D0F90-4887-3B94-90F1-78F452C6C179}
	EndProjectSection
EndProject
Project("{8BC9CEB8-8B4A-11D0-8D11-00A0C91BC942}") = "BulletXmlWorldImporter", "Extras\Serialize\BulletXmlWorldImporter\BulletXmlWorldImporter.vcxproj", "{A7EE0A91-3B9A-30A2-BE8B-EB0B6DD50F33}"
	ProjectSection(ProjectDependencies) = postProject
		{833D0F90-4887-3B94-90F1-78F452C6C179} = {833D0F90-4887-3B94-90F1-78F452C6C179}
	EndProjectSection
EndProject
Project("{8BC9CEB8-8B4A-11D0-8D11-00A0C91BC942}") = "ConvexDecomposition", "Extras\ConvexDecomposition\ConvexDecomposition.vcxproj", "{42D15C0B-A4C6-3BBC-AB3A-C1D91CFC3CDB}"
	ProjectSection(ProjectDependencies) = postProject
		{833D0F90-4887-3B94-90F1-78F452C6C179} = {833D0F90-4887-3B94-90F1-78F452C6C179}
	EndProjectSection
EndProject
Project("{8BC9CEB8-8B4A-11D0-8D11-00A0C91BC942}") = "GIMPACTUtils", "Extras\GIMPACTUtils\GIMPACTUtils.vcxproj", "{712BDAD3-8907-3430-A8E5-2F04856ED450}"
	ProjectSection(ProjectDependencies) = postProject
		{833D0F90-4887-3B94-90F1-78F452C6C179} = {833D0F90-4887-3B94-90F1-78F452C6C179}
	EndProjectSection
EndProject
Project("{8BC9CEB8-8B4A-11D0-8D11-00A0C91BC942}") = "GLUI", "Extras\glui\GLUI.vcxproj", "{5A961607-4835-3803-B26F-DC1FE4F27DE2}"
	ProjectSection(ProjectDependencies) = postProject
		{833D0F90-4887-3B94-90F1-78F452C6C179} = {833D0F90-4887-3B94-90F1-78F452C6C179}
	EndProjectSection
EndProject
Project("{8BC9CEB8-8B4A-11D0-8D11-00A0C91BC942}") = "HACD", "Extras\HACD\HACD.vcxproj", "{E86F18F9-CB7C-3A2A-AD3F-D8F9C858D817}"
	ProjectSection(ProjectDependencies) = postProject
		{833D0F90-4887-3B94-90F1-78F452C6C179} = {833D0F90-4887-3B94-90F1-78F452C6C179}
	EndProjectSection
EndProject
Project("{8BC9CEB8-8B4A-11D0-8D11-00A0C91BC942}") = "INSTALL", "INSTALL.vcxproj", "{AFEEBB3D-5568-3B11-A9C5-36F114D93A67}"
	ProjectSection(ProjectDependencies) = postProject
		{525093A6-6EE7-389D-80A6-DE4664764202} = {525093A6-6EE7-389D-80A6-DE4664764202}
		{833D0F90-4887-3B94-90F1-78F452C6C179} = {833D0F90-4887-3B94-90F1-78F452C6C179}
	EndProjectSection
EndProject
Project("{8BC9CEB8-8B4A-11D0-8D11-00A0C91BC942}") = "LinearMath", "src\LinearMath\LinearMath.vcxproj", "{8C5B45F2-2615-37DD-8D49-4D7D3F6D7C77}"
	ProjectSection(ProjectDependencies) = postProject
		{833D0F90-4887-3B94-90F1-78F452C6C179} = {833D0F90-4887-3B94-90F1-78F452C6C179}
	EndProjectSection
EndProject
Project("{8BC9CEB8-8B4A-11D0-8D11-00A0C91BC942}") = "MiniCL", "src\MiniCL\MiniCL.vcxproj", "{D71D0B66-D279-389C-9DBB-B873233013F5}"
	ProjectSection(ProjectDependencies) = postProject
		{833D0F90-4887-3B94-90F1-78F452C6C179} = {833D0F90-4887-3B94-90F1-78F452C6C179}
	EndProjectSection
EndProject
Project("{8BC9CEB8-8B4A-11D0-8D11-00A0C91BC942}") = "OpenGLSupport", "Demos\OpenGL\OpenGLSupport.vcxproj", "{78795CC6-8B1A-338B-8CC0-F3C1791DC1C5}"
	ProjectSection(ProjectDependencies) = postProject
		{833D0F90-4887-3B94-90F1-78F452C6C179} = {833D0F90-4887-3B94-90F1-78F452C6C179}
	EndProjectSection
EndProject
Project("{8BC9CEB8-8B4A-11D0-8D11-00A0C91BC942}") = "ZERO_CHECK", "ZERO_CHECK.vcxproj", "{833D0F90-4887-3B94-90F1-78F452C6C179}"
	ProjectSection(ProjectDependencies) = postProject
	EndProjectSection
EndProject
Global
	GlobalSection(SolutionConfigurationPlatforms) = preSolution
		Debug|x64 = Debug|x64
		Release|x64 = Release|x64
		MinSizeRel|x64 = MinSizeRel|x64
		RelWithDebInfo|x64 = RelWithDebInfo|x64
	EndGlobalSection
	GlobalSection(ProjectConfigurationPlatforms) = postSolution
		{525093A6-6EE7-389D-80A6-DE4664764202}.Debug|x64.ActiveCfg = Debug|x64
		{525093A6-6EE7-389D-80A6-DE4664764202}.Debug|x64.Build.0 = Debug|x64
		{525093A6-6EE7-389D-80A6-DE4664764202}.Release|x64.ActiveCfg = Release|x64
		{525093A6-6EE7-389D-80A6-DE4664764202}.Release|x64.Build.0 = Release|x64
		{525093A6-6EE7-389D-80A6-DE4664764202}.MinSizeRel|x64.ActiveCfg = MinSizeRel|x64
		{525093A6-6EE7-389D-80A6-DE4664764202}.MinSizeRel|x64.Build.0 = MinSizeRel|x64
		{525093A6-6EE7-389D-80A6-DE4664764202}.RelWithDebInfo|x64.ActiveCfg = RelWithDebInfo|x64
		{525093A6-6EE7-389D-80A6-DE4664764202}.RelWithDebInfo|x64.Build.0 = RelWithDebInfo|x64
		{DB22EC36-03BB-3E5E-B602-741ECB5930DE}.Debug|x64.ActiveCfg = Debug|x64
		{DB22EC36-03BB-3E5E-B602-741ECB5930DE}.Debug|x64.Build.0 = Debug|x64
		{DB22EC36-03BB-3E5E-B602-741ECB5930DE}.Release|x64.ActiveCfg = Release|x64
		{DB22EC36-03BB-3E5E-B602-741ECB5930DE}.Release|x64.Build.0 = Release|x64
		{DB22EC36-03BB-3E5E-B602-741ECB5930DE}.MinSizeRel|x64.ActiveCfg = MinSizeRel|x64
		{DB22EC36-03BB-3E5E-B602-741ECB5930DE}.MinSizeRel|x64.Build.0 = MinSizeRel|x64
		{DB22EC36-03BB-3E5E-B602-741ECB5930DE}.RelWithDebInfo|x64.ActiveCfg = RelWithDebInfo|x64
		{DB22EC36-03BB-3E5E-B602-741ECB5930DE}.RelWithDebInfo|x64.Build.0 = RelWithDebInfo|x64
		{F1FE42DF-D4D9-30A0-A16A-0BE56F06368F}.Debug|x64.ActiveCfg = Debug|x64
		{F1FE42DF-D4D9-30A0-A16A-0BE56F06368F}.Debug|x64.Build.0 = Debug|x64
		{F1FE42DF-D4D9-30A0-A16A-0BE56F06368F}.Release|x64.ActiveCfg = Release|x64
		{F1FE42DF-D4D9-30A0-A16A-0BE56F06368F}.Release|x64.Build.0 = Release|x64
		{F1FE42DF-D4D9-30A0-A16A-0BE56F06368F}.MinSizeRel|x64.ActiveCfg = MinSizeRel|x64
		{F1FE42DF-D4D9-30A0-A16A-0BE56F06368F}.MinSizeRel|x64.Build.0 = MinSizeRel|x64
		{F1FE42DF-D4D9-30A0-A16A-0BE56F06368F}.RelWithDebInfo|x64.ActiveCfg = RelWithDebInfo|x64
		{F1FE42DF-D4D9-30A0-A16A-0BE56F06368F}.RelWithDebInfo|x64.Build.0 = RelWithDebInfo|x64
		{B44B7DA8-4470-399F-A3F9-AC1C92BFA492}.Debug|x64.ActiveCfg = Debug|x64
		{B44B7DA8-4470-399F-A3F9-AC1C92BFA492}.Debug|x64.Build.0 = Debug|x64
		{B44B7DA8-4470-399F-A3F9-AC1C92BFA492}.Release|x64.ActiveCfg = Release|x64
		{B44B7DA8-4470-399F-A3F9-AC1C92BFA492}.Release|x64.Build.0 = Release|x64
		{B44B7DA8-4470-399F-A3F9-AC1C92BFA492}.MinSizeRel|x64.ActiveCfg = MinSizeRel|x64
		{B44B7DA8-4470-399F-A3F9-AC1C92BFA492}.MinSizeRel|x64.Build.0 = MinSizeRel|x64
		{B44B7DA8-4470-399F-A3F9-AC1C92BFA492}.RelWithDebInfo|x64.ActiveCfg = RelWithDebInfo|x64
		{B44B7DA8-4470-399F-A3F9-AC1C92BFA492}.RelWithDebInfo|x64.Build.0 = RelWithDebInfo|x64
		{90575E2A-4DE7-3114-BB7F-F7FDA2982DAE}.Debug|x64.ActiveCfg = Debug|x64
		{90575E2A-4DE7-3114-BB7F-F7FDA2982DAE}.Debug|x64.Build.0 = Debug|x64
		{90575E2A-4DE7-3114-BB7F-F7FDA2982DAE}.Release|x64.ActiveCfg = Release|x64
		{90575E2A-4DE7-3114-BB7F-F7FDA2982DAE}.Release|x64.Build.0 = Release|x64
		{90575E2A-4DE7-3114-BB7F-F7FDA2982DAE}.MinSizeRel|x64.ActiveCfg = MinSizeRel|x64
		{90575E2A-4DE7-3114-BB7F-F7FDA2982DAE}.MinSizeRel|x64.Build.0 = MinSizeRel|x64
		{90575E2A-4DE7-3114-BB7F-F7FDA2982DAE}.RelWithDebInfo|x64.ActiveCfg = RelWithDebInfo|x64
		{90575E2A-4DE7-3114-BB7F-F7FDA2982DAE}.RelWithDebInfo|x64.Build.0 = RelWithDebInfo|x64
		{E495ED67-F793-388E-B74D-6A30EC816487}.Debug|x64.ActiveCfg = Debug|x64
		{E495ED67-F793-388E-B74D-6A30EC816487}.Debug|x64.Build.0 = Debug|x64
		{E495ED67-F793-388E-B74D-6A30EC816487}.Release|x64.ActiveCfg = Release|x64
		{E495ED67-F793-388E-B74D-6A30EC816487}.Release|x64.Build.0 = Release|x64
		{E495ED67-F793-388E-B74D-6A30EC816487}.MinSizeRel|x64.ActiveCfg = MinSizeRel|x64
		{E495ED67-F793-388E-B74D-6A30EC816487}.MinSizeRel|x64.Build.0 = MinSizeRel|x64
		{E495ED67-F793-388E-B74D-6A30EC816487}.RelWithDebInfo|x64.ActiveCfg = RelWithDebInfo|x64
		{E495ED67-F793-388E-B74D-6A30EC816487}.RelWithDebInfo|x64.Build.0 = RelWithDebInfo|x64
		{FB7393BB-1181-3749-A9BE-018B18802F5B}.Debug|x64.ActiveCfg = Debug|x64
		{FB7393BB-1181-3749-A9BE-018B18802F5B}.Debug|x64.Build.0 = Debug|x64
		{FB7393BB-1181-3749-A9BE-018B18802F5B}.Release|x64.ActiveCfg = Release|x64
		{FB7393BB-1181-3749-A9BE-018B18802F5B}.Release|x64.Build.0 = Release|x64
		{FB7393BB-1181-3749-A9BE-018B18802F5B}.MinSizeRel|x64.ActiveCfg = MinSizeRel|x64
		{FB7393BB-1181-3749-A9BE-018B18802F5B}.MinSizeRel|x64.Build.0 = MinSizeRel|x64
		{FB7393BB-1181-3749-A9BE-018B18802F5B}.RelWithDebInfo|x64.ActiveCfg = RelWithDebInfo|x64
		{FB7393BB-1181-3749-A9BE-018B18802F5B}.RelWithDebInfo|x64.Build.0 = RelWithDebInfo|x64
		{DEBF4F34-E60B-37B8-813D-71E0EB3EFA6F}.Debug|x64.ActiveCfg = Debug|x64
		{DEBF4F34-E60B-37B8-813D-71E0EB3EFA6F}.Debug|x64.Build.0 = Debug|x64
		{DEBF4F34-E60B-37B8-813D-71E0EB3EFA6F}.Release|x64.ActiveCfg = Release|x64
		{DEBF4F34-E60B-37B8-813D-71E0EB3EFA6F}.Release|x64.Build.0 = Release|x64
		{DEBF4F34-E60B-37B8-813D-71E0EB3EFA6F}.MinSizeRel|x64.ActiveCfg = MinSizeRel|x64
		{DEBF4F34-E60B-37B8-813D-71E0EB3EFA6F}.MinSizeRel|x64.Build.0 = MinSizeRel|x64
		{DEBF4F34-E60B-37B8-813D-71E0EB3EFA6F}.RelWithDebInfo|x64.ActiveCfg = RelWithDebInfo|x64
		{DEBF4F34-E60B-37B8-813D-71E0EB3EFA6F}.RelWithDebInfo|x64.Build.0 = RelWithDebInfo|x64
		{9E5A4C64-9D81-33D5-B18C-606C02225FE6}.Debug|x64.ActiveCfg = Debug|x64
		{9E5A4C64-9D81-33D5-B18C-606C02225FE6}.Debug|x64.Build.0 = Debug|x64
		{9E5A4C64-9D81-33D5-B18C-606C02225FE6}.Release|x64.ActiveCfg = Release|x64
		{9E5A4C64-9D81-33D5-B18C-606C02225FE6}.Release|x64.Build.0 = Release|x64
		{9E5A4C64-9D81-33D5-B18C-606C02225FE6}.MinSizeRel|x64.ActiveCfg = MinSizeRel|x64
		{9E5A4C64-9D81-33D5-B18C-606C02225FE6}.MinSizeRel|x64.Build.0 = MinSizeRel|x64
		{9E5A4C64-9D81-33D5-B18C-606C02225FE6}.RelWithDebInfo|x64.ActiveCfg = RelWithDebInfo|x64
		{9E5A4C64-9D81-33D5-B18C-606C02225FE6}.RelWithDebInfo|x64.Build.0 = RelWithDebInfo|x64
		{C0E64711-706D-3C9A-8275-D8934AE270F4}.Debug|x64.ActiveCfg = Debug|x64
		{C0E64711-706D-3C9A-8275-D8934AE270F4}.Debug|x64.Build.0 = Debug|x64
		{C0E64711-706D-3C9A-8275-D8934AE270F4}.Release|x64.ActiveCfg = Release|x64
		{C0E64711-706D-3C9A-8275-D8934AE270F4}.Release|x64.Build.0 = Release|x64
		{C0E64711-706D-3C9A-8275-D8934AE270F4}.MinSizeRel|x64.ActiveCfg = MinSizeRel|x64
		{C0E64711-706D-3C9A-8275-D8934AE270F4}.MinSizeRel|x64.Build.0 = MinSizeRel|x64
		{C0E64711-706D-3C9A-8275-D8934AE270F4}.RelWithDebInfo|x64.ActiveCfg = RelWithDebInfo|x64
		{C0E64711-706D-3C9A-8275-D8934AE270F4}.RelWithDebInfo|x64.Build.0 = RelWithDebInfo|x64
		{5DC2AF4C-BF75-3C96-9B27-2BCB5403056E}.Debug|x64.ActiveCfg = Debug|x64
		{5DC2AF4C-BF75-3C96-9B27-2BCB5403056E}.Debug|x64.Build.0 = Debug|x64
		{5DC2AF4C-BF75-3C96-9B27-2BCB5403056E}.Release|x64.ActiveCfg = Release|x64
		{5DC2AF4C-BF75-3C96-9B27-2BCB5403056E}.Release|x64.Build.0 = Release|x64
		{5DC2AF4C-BF75-3C96-9B27-2BCB5403056E}.MinSizeRel|x64.ActiveCfg = MinSizeRel|x64
		{5DC2AF4C-BF75-3C96-9B27-2BCB5403056E}.MinSizeRel|x64.Build.0 = MinSizeRel|x64
		{5DC2AF4C-BF75-3C96-9B27-2BCB5403056E}.RelWithDebInfo|x64.ActiveCfg = RelWithDebInfo|x64
		{5DC2AF4C-BF75-3C96-9B27-2BCB5403056E}.RelWithDebInfo|x64.Build.0 = RelWithDebInfo|x64
		{91173155-2C46-36BE-B568-A013B8AB4F58}.Debug|x64.ActiveCfg = Debug|x64
		{91173155-2C46-36BE-B568-A013B8AB4F58}.Debug|x64.Build.0 = Debug|x64
		{91173155-2C46-36BE-B568-A013B8AB4F58}.Release|x64.ActiveCfg = Release|x64
		{91173155-2C46-36BE-B568-A013B8AB4F58}.Release|x64.Build.0 = Release|x64
		{91173155-2C46-36BE-B568-A013B8AB4F58}.MinSizeRel|x64.ActiveCfg = MinSizeRel|x64
		{91173155-2C46-36BE-B568-A013B8AB4F58}.MinSizeRel|x64.Build.0 = MinSizeRel|x64
		{91173155-2C46-36BE-B568-A013B8AB4F58}.RelWithDebInfo|x64.ActiveCfg = RelWithDebInfo|x64
		{91173155-2C46-36BE-B568-A013B8AB4F58}.RelWithDebInfo|x64.Build.0 = RelWithDebInfo|x64
		{7E5AD6ED-7543-3009-87AF-FC2EF6E0C760}.Debug|x64.ActiveCfg = Debug|x64
		{7E5AD6ED-7543-3009-87AF-FC2EF6E0C760}.Debug|x64.Build.0 = Debug|x64
		{7E5AD6ED-7543-3009-87AF-FC2EF6E0C760}.Release|x64.ActiveCfg = Release|x64
		{7E5AD6ED-7543-3009-87AF-FC2EF6E0C760}.Release|x64.Build.0 = Release|x64
		{7E5AD6ED-7543-3009-87AF-FC2EF6E0C760}.MinSizeRel|x64.ActiveCfg = MinSizeRel|x64
		{7E5AD6ED-7543-3009-87AF-FC2EF6E0C760}.MinSizeRel|x64.Build.0 = MinSizeRel|x64
		{7E5AD6ED-7543-3009-87AF-FC2EF6E0C760}.RelWithDebInfo|x64.ActiveCfg = RelWithDebInfo|x64
		{7E5AD6ED-7543-3009-87AF-FC2EF6E0C760}.RelWithDebInfo|x64.Build.0 = RelWithDebInfo|x64
		{46047D7B-8638-38FD-9B1E-C2EA32BB22FA}.Debug|x64.ActiveCfg = Debug|x64
		{46047D7B-8638-38FD-9B1E-C2EA32BB22FA}.Debug|x64.Build.0 = Debug|x64
		{46047D7B-8638-38FD-9B1E-C2EA32BB22FA}.Release|x64.ActiveCfg = Release|x64
		{46047D7B-8638-38FD-9B1E-C2EA32BB22FA}.Release|x64.Build.0 = Release|x64
		{46047D7B-8638-38FD-9B1E-C2EA32BB22FA}.MinSizeRel|x64.ActiveCfg = MinSizeRel|x64
		{46047D7B-8638-38FD-9B1E-C2EA32BB22FA}.MinSizeRel|x64.Build.0 = MinSizeRel|x64
		{46047D7B-8638-38FD-9B1E-C2EA32BB22FA}.RelWithDebInfo|x64.ActiveCfg = RelWithDebInfo|x64
		{46047D7B-8638-38FD-9B1E-C2EA32BB22FA}.RelWithDebInfo|x64.Build.0 = RelWithDebInfo|x64
		{D46E43C8-909C-36ED-A5FC-D238B5A7AC7B}.Debug|x64.ActiveCfg = Debug|x64
		{D46E43C8-909C-36ED-A5FC-D238B5A7AC7B}.Debug|x64.Build.0 = Debug|x64
		{D46E43C8-909C-36ED-A5FC-D238B5A7AC7B}.Release|x64.ActiveCfg = Release|x64
		{D46E43C8-909C-36ED-A5FC-D238B5A7AC7B}.Release|x64.Build.0 = Release|x64
		{D46E43C8-909C-36ED-A5FC-D238B5A7AC7B}.MinSizeRel|x64.ActiveCfg = MinSizeRel|x64
		{D46E43C8-909C-36ED-A5FC-D238B5A7AC7B}.MinSizeRel|x64.Build.0 = MinSizeRel|x64
		{D46E43C8-909C-36ED-A5FC-D238B5A7AC7B}.RelWithDebInfo|x64.ActiveCfg = RelWithDebInfo|x64
		{D46E43C8-909C-36ED-A5FC-D238B5A7AC7B}.RelWithDebInfo|x64.Build.0 = RelWithDebInfo|x64
		{2B63CB31-D5B6-3D42-A255-41F3F845DE3D}.Debug|x64.ActiveCfg = Debug|x64
		{2B63CB31-D5B6-3D42-A255-41F3F845DE3D}.Debug|x64.Build.0 = Debug|x64
		{2B63CB31-D5B6-3D42-A255-41F3F845DE3D}.Release|x64.ActiveCfg = Release|x64
		{2B63CB31-D5B6-3D42-A255-41F3F845DE3D}.Release|x64.Build.0 = Release|x64
		{2B63CB31-D5B6-3D42-A255-41F3F845DE3D}.MinSizeRel|x64.ActiveCfg = MinSizeRel|x64
		{2B63CB31-D5B6-3D42-A255-41F3F845DE3D}.MinSizeRel|x64.Build.0 = MinSizeRel|x64
		{2B63CB31-D5B6-3D42-A255-41F3F845DE3D}.RelWithDebInfo|x64.ActiveCfg = RelWithDebInfo|x64
		{2B63CB31-D5B6-3D42-A255-41F3F845DE3D}.RelWithDebInfo|x64.Build.0 = RelWithDebInfo|x64
		{2D20966D-C746-3627-A1D7-C3AC29320BB6}.Debug|x64.ActiveCfg = Debug|x64
		{2D20966D-C746-3627-A1D7-C3AC29320BB6}.Debug|x64.Build.0 = Debug|x64
		{2D20966D-C746-3627-A1D7-C3AC29320BB6}.Release|x64.ActiveCfg = Release|x64
		{2D20966D-C746-3627-A1D7-C3AC29320BB6}.Release|x64.Build.0 = Release|x64
		{2D20966D-C746-3627-A1D7-C3AC29320BB6}.MinSizeRel|x64.ActiveCfg = MinSizeRel|x64
		{2D20966D-C746-3627-A1D7-C3AC29320BB6}.MinSizeRel|x64.Build.0 = MinSizeRel|x64
		{2D20966D-C746-3627-A1D7-C3AC29320BB6}.RelWithDebInfo|x64.ActiveCfg = RelWithDebInfo|x64
		{2D20966D-C746-3627-A1D7-C3AC29320BB6}.RelWithDebInfo|x64.Build.0 = RelWithDebInfo|x64
		{D2721FBB-F31A-3E51-BB68-FA3212AB8781}.Debug|x64.ActiveCfg = Debug|x64
		{D2721FBB-F31A-3E51-BB68-FA3212AB8781}.Debug|x64.Build.0 = Debug|x64
		{D2721FBB-F31A-3E51-BB68-FA3212AB8781}.Release|x64.ActiveCfg = Release|x64
		{D2721FBB-F31A-3E51-BB68-FA3212AB8781}.Release|x64.Build.0 = Release|x64
		{D2721FBB-F31A-3E51-BB68-FA3212AB8781}.MinSizeRel|x64.ActiveCfg = MinSizeRel|x64
		{D2721FBB-F31A-3E51-BB68-FA3212AB8781}.MinSizeRel|x64.Build.0 = MinSizeRel|x64
		{D2721FBB-F31A-3E51-BB68-FA3212AB8781}.RelWithDebInfo|x64.ActiveCfg = RelWithDebInfo|x64
		{D2721FBB-F31A-3E51-BB68-FA3212AB8781}.RelWithDebInfo|x64.Build.0 = RelWithDebInfo|x64
		{1E65FCA7-C018-3467-A1FC-4073B15A3103}.Debug|x64.ActiveCfg = Debug|x64
		{1E65FCA7-C018-3467-A1FC-4073B15A3103}.Debug|x64.Build.0 = Debug|x64
		{1E65FCA7-C018-3467-A1FC-4073B15A3103}.Release|x64.ActiveCfg = Release|x64
		{1E65FCA7-C018-3467-A1FC-4073B15A3103}.Release|x64.Build.0 = Release|x64
		{1E65FCA7-C018-3467-A1FC-4073B15A3103}.MinSizeRel|x64.ActiveCfg = MinSizeRel|x64
		{1E65FCA7-C018-3467-A1FC-4073B15A3103}.MinSizeRel|x64.Build.0 = MinSizeRel|x64
		{1E65FCA7-C018-3467-A1FC-4073B15A3103}.RelWithDebInfo|x64.ActiveCfg = RelWithDebInfo|x64
		{1E65FCA7-C018-3467-A1FC-4073B15A3103}.RelWithDebInfo|x64.Build.0 = RelWithDebInfo|x64
		{4DA9FA76-ED43-3E13-BBA7-39455DB3F1A4}.Debug|x64.ActiveCfg = Debug|x64
		{4DA9FA76-ED43-3E13-BBA7-39455DB3F1A4}.Debug|x64.Build.0 = Debug|x64
		{4DA9FA76-ED43-3E13-BBA7-39455DB3F1A4}.Release|x64.ActiveCfg = Release|x64
		{4DA9FA76-ED43-3E13-BBA7-39455DB3F1A4}.Release|x64.Build.0 = Release|x64
		{4DA9FA76-ED43-3E13-BBA7-39455DB3F1A4}.MinSizeRel|x64.ActiveCfg = MinSizeRel|x64
		{4DA9FA76-ED43-3E13-BBA7-39455DB3F1A4}.MinSizeRel|x64.Build.0 = MinSizeRel|x64
		{4DA9FA76-ED43-3E13-BBA7-39455DB3F1A4}.RelWithDebInfo|x64.ActiveCfg = RelWithDebInfo|x64
		{4DA9FA76-ED43-3E13-BBA7-39455DB3F1A4}.RelWithDebInfo|x64.Build.0 = RelWithDebInfo|x64
		{148E2B7D-4F70-30E3-AEFF-B951A79D2D25}.Debug|x64.ActiveCfg = Debug|x64
		{148E2B7D-4F70-30E3-AEFF-B951A79D2D25}.Debug|x64.Build.0 = Debug|x64
		{148E2B7D-4F70-30E3-AEFF-B951A79D2D25}.Release|x64.ActiveCfg = Release|x64
		{148E2B7D-4F70-30E3-AEFF-B951A79D2D25}.Release|x64.Build.0 = Release|x64
		{148E2B7D-4F70-30E3-AEFF-B951A79D2D25}.MinSizeRel|x64.ActiveCfg = MinSizeRel|x64
		{148E2B7D-4F70-30E3-AEFF-B951A79D2D25}.MinSizeRel|x64.Build.0 = MinSizeRel|x64
		{148E2B7D-4F70-30E3-AEFF-B951A79D2D25}.RelWithDebInfo|x64.ActiveCfg = RelWithDebInfo|x64
		{148E2B7D-4F70-30E3-AEFF-B951A79D2D25}.RelWithDebInfo|x64.Build.0 = RelWithDebInfo|x64
		{00D877CA-1285-3373-8447-9DF035FF8944}.Debug|x64.ActiveCfg = Debug|x64
		{00D877CA-1285-3373-8447-9DF035FF8944}.Debug|x64.Build.0 = Debug|x64
		{00D877CA-1285-3373-8447-9DF035FF8944}.Release|x64.ActiveCfg = Release|x64
		{00D877CA-1285-3373-8447-9DF035FF8944}.Release|x64.Build.0 = Release|x64
		{00D877CA-1285-3373-8447-9DF035FF8944}.MinSizeRel|x64.ActiveCfg = MinSizeRel|x64
		{00D877CA-1285-3373-8447-9DF035FF8944}.MinSizeRel|x64.Build.0 = MinSizeRel|x64
		{00D877CA-1285-3373-8447-9DF035FF8944}.RelWithDebInfo|x64.ActiveCfg = RelWithDebInfo|x64
		{00D877CA-1285-3373-8447-9DF035FF8944}.RelWithDebInfo|x64.Build.0 = RelWithDebInfo|x64
		{A7AD429A-3432-385E-BFA7-87C9BBA4D2B8}.Debug|x64.ActiveCfg = Debug|x64
		{A7AD429A-3432-385E-BFA7-87C9BBA4D2B8}.Debug|x64.Build.0 = Debug|x64
		{A7AD429A-3432-385E-BFA7-87C9BBA4D2B8}.Release|x64.ActiveCfg = Release|x64
		{A7AD429A-3432-385E-BFA7-87C9BBA4D2B8}.Release|x64.Build.0 = Release|x64
		{A7AD429A-3432-385E-BFA7-87C9BBA4D2B8}.MinSizeRel|x64.ActiveCfg = MinSizeRel|x64
		{A7AD429A-3432-385E-BFA7-87C9BBA4D2B8}.MinSizeRel|x64.Build.0 = MinSizeRel|x64
		{A7AD429A-3432-385E-BFA7-87C9BBA4D2B8}.RelWithDebInfo|x64.ActiveCfg = RelWithDebInfo|x64
		{A7AD429A-3432-385E-BFA7-87C9BBA4D2B8}.RelWithDebInfo|x64.Build.0 = RelWithDebInfo|x64
		{BC993DA0-8B52-39B6-810D-97434997ACA9}.Debug|x64.ActiveCfg = Debug|x64
		{BC993DA0-8B52-39B6-810D-97434997ACA9}.Debug|x64.Build.0 = Debug|x64
		{BC993DA0-8B52-39B6-810D-97434997ACA9}.Release|x64.ActiveCfg = Release|x64
		{BC993DA0-8B52-39B6-810D-97434997ACA9}.Release|x64.Build.0 = Release|x64
		{BC993DA0-8B52-39B6-810D-97434997ACA9}.MinSizeRel|x64.ActiveCfg = MinSizeRel|x64
		{BC993DA0-8B52-39B6-810D-97434997ACA9}.MinSizeRel|x64.Build.0 = MinSizeRel|x64
		{BC993DA0-8B52-39B6-810D-97434997ACA9}.RelWithDebInfo|x64.ActiveCfg = RelWithDebInfo|x64
		{BC993DA0-8B52-39B6-810D-97434997ACA9}.RelWithDebInfo|x64.Build.0 = RelWithDebInfo|x64
		{364EDAD0-2847-398D-B620-3F6BC1D7BFF9}.Debug|x64.ActiveCfg = Debug|x64
		{364EDAD0-2847-398D-B620-3F6BC1D7BFF9}.Debug|x64.Build.0 = Debug|x64
		{364EDAD0-2847-398D-B620-3F6BC1D7BFF9}.Release|x64.ActiveCfg = Release|x64
		{364EDAD0-2847-398D-B620-3F6BC1D7BFF9}.Release|x64.Build.0 = Release|x64
		{364EDAD0-2847-398D-B620-3F6BC1D7BFF9}.MinSizeRel|x64.ActiveCfg = MinSizeRel|x64
		{364EDAD0-2847-398D-B620-3F6BC1D7BFF9}.MinSizeRel|x64.Build.0 = MinSizeRel|x64
		{364EDAD0-2847-398D-B620-3F6BC1D7BFF9}.RelWithDebInfo|x64.ActiveCfg = RelWithDebInfo|x64
		{364EDAD0-2847-398D-B620-3F6BC1D7BFF9}.RelWithDebInfo|x64.Build.0 = RelWithDebInfo|x64
		{D4F9E761-29EB-32FC-BD19-9D79CA155E19}.Debug|x64.ActiveCfg = Debug|x64
		{D4F9E761-29EB-32FC-BD19-9D79CA155E19}.Debug|x64.Build.0 = Debug|x64
		{D4F9E761-29EB-32FC-BD19-9D79CA155E19}.Release|x64.ActiveCfg = Release|x64
		{D4F9E761-29EB-32FC-BD19-9D79CA155E19}.Release|x64.Build.0 = Release|x64
		{D4F9E761-29EB-32FC-BD19-9D79CA155E19}.MinSizeRel|x64.ActiveCfg = MinSizeRel|x64
		{D4F9E761-29EB-32FC-BD19-9D79CA155E19}.MinSizeRel|x64.Build.0 = MinSizeRel|x64
		{D4F9E761-29EB-32FC-BD19-9D79CA155E19}.RelWithDebInfo|x64.ActiveCfg = RelWithDebInfo|x64
		{D4F9E761-29EB-32FC-BD19-9D79CA155E19}.RelWithDebInfo|x64.Build.0 = RelWithDebInfo|x64
		{77F0D18B-321D-392B-8CDA-A155729010DE}.Debug|x64.ActiveCfg = Debug|x64
		{77F0D18B-321D-392B-8CDA-A155729010DE}.Debug|x64.Build.0 = Debug|x64
		{77F0D18B-321D-392B-8CDA-A155729010DE}.Release|x64.ActiveCfg = Release|x64
		{77F0D18B-321D-392B-8CDA-A155729010DE}.Release|x64.Build.0 = Release|x64
		{77F0D18B-321D-392B-8CDA-A155729010DE}.MinSizeRel|x64.ActiveCfg = MinSizeRel|x64
		{77F0D18B-321D-392B-8CDA-A155729010DE}.MinSizeRel|x64.Build.0 = MinSizeRel|x64
		{77F0D18B-321D-392B-8CDA-A155729010DE}.RelWithDebInfo|x64.ActiveCfg = RelWithDebInfo|x64
		{77F0D18B-321D-392B-8CDA-A155729010DE}.RelWithDebInfo|x64.Build.0 = RelWithDebInfo|x64
		{43EEE247-20BC-3EE7-A8B9-C0E761BB0531}.Debug|x64.ActiveCfg = Debug|x64
		{43EEE247-20BC-3EE7-A8B9-C0E761BB0531}.Debug|x64.Build.0 = Debug|x64
		{43EEE247-20BC-3EE7-A8B9-C0E761BB0531}.Release|x64.ActiveCfg = Release|x64
		{43EEE247-20BC-3EE7-A8B9-C0E761BB0531}.Release|x64.Build.0 = Release|x64
		{43EEE247-20BC-3EE7-A8B9-C0E761BB0531}.MinSizeRel|x64.ActiveCfg = MinSizeRel|x64
		{43EEE247-20BC-3EE7-A8B9-C0E761BB0531}.MinSizeRel|x64.Build.0 = MinSizeRel|x64
		{43EEE247-20BC-3EE7-A8B9-C0E761BB0531}.RelWithDebInfo|x64.ActiveCfg = RelWithDebInfo|x64
		{43EEE247-20BC-3EE7-A8B9-C0E761BB0531}.RelWithDebInfo|x64.Build.0 = RelWithDebInfo|x64
		{1FBE2BFC-7250-35D4-84D9-88149E94AF8A}.Debug|x64.ActiveCfg = Debug|x64
		{1FBE2BFC-7250-35D4-84D9-88149E94AF8A}.Debug|x64.Build.0 = Debug|x64
		{1FBE2BFC-7250-35D4-84D9-88149E94AF8A}.Release|x64.ActiveCfg = Release|x64
		{1FBE2BFC-7250-35D4-84D9-88149E94AF8A}.Release|x64.Build.0 = Release|x64
		{1FBE2BFC-7250-35D4-84D9-88149E94AF8A}.MinSizeRel|x64.ActiveCfg = MinSizeRel|x64
		{1FBE2BFC-7250-35D4-84D9-88149E94AF8A}.MinSizeRel|x64.Build.0 = MinSizeRel|x64
		{1FBE2BFC-7250-35D4-84D9-88149E94AF8A}.RelWithDebInfo|x64.ActiveCfg = RelWithDebInfo|x64
		{1FBE2BFC-7250-35D4-84D9-88149E94AF8A}.RelWithDebInfo|x64.Build.0 = RelWithDebInfo|x64
		{11968979-F685-392A-9402-4F9066D16676}.Debug|x64.ActiveCfg = Debug|x64
		{11968979-F685-392A-9402-4F9066D16676}.Debug|x64.Build.0 = Debug|x64
		{11968979-F685-392A-9402-4F9066D16676}.Release|x64.ActiveCfg = Release|x64
		{11968979-F685-392A-9402-4F9066D16676}.Release|x64.Build.0 = Release|x64
		{11968979-F685-392A-9402-4F9066D16676}.MinSizeRel|x64.ActiveCfg = MinSizeRel|x64
		{11968979-F685-392A-9402-4F9066D16676}.MinSizeRel|x64.Build.0 = MinSizeRel|x64
		{11968979-F685-392A-9402-4F9066D16676}.RelWithDebInfo|x64.ActiveCfg = RelWithDebInfo|x64
		{11968979-F685-392A-9402-4F9066D16676}.RelWithDebInfo|x64.Build.0 = RelWithDebInfo|x64
		{EA357DB0-DDF6-3F37-8C3B-6B1D156B7586}.Debug|x64.ActiveCfg = Debug|x64
		{EA357DB0-DDF6-3F37-8C3B-6B1D156B7586}.Debug|x64.Build.0 = Debug|x64
		{EA357DB0-DDF6-3F37-8C3B-6B1D156B7586}.Release|x64.ActiveCfg = Release|x64
		{EA357DB0-DDF6-3F37-8C3B-6B1D156B7586}.Release|x64.Build.0 = Release|x64
		{EA357DB0-DDF6-3F37-8C3B-6B1D156B7586}.MinSizeRel|x64.ActiveCfg = MinSizeRel|x64
		{EA357DB0-DDF6-3F37-8C3B-6B1D156B7586}.MinSizeRel|x64.Build.0 = MinSizeRel|x64
		{EA357DB0-DDF6-3F37-8C3B-6B1D156B7586}.RelWithDebInfo|x64.ActiveCfg = RelWithDebInfo|x64
		{EA357DB0-DDF6-3F37-8C3B-6B1D156B7586}.RelWithDebInfo|x64.Build.0 = RelWithDebInfo|x64
		{F141954B-11C3-367B-8861-9AD070F20200}.Debug|x64.ActiveCfg = Debug|x64
		{F141954B-11C3-367B-8861-9AD070F20200}.Debug|x64.Build.0 = Debug|x64
		{F141954B-11C3-367B-8861-9AD070F20200}.Release|x64.ActiveCfg = Release|x64
		{F141954B-11C3-367B-8861-9AD070F20200}.Release|x64.Build.0 = Release|x64
		{F141954B-11C3-367B-8861-9AD070F20200}.MinSizeRel|x64.ActiveCfg = MinSizeRel|x64
		{F141954B-11C3-367B-8861-9AD070F20200}.MinSizeRel|x64.Build.0 = MinSizeRel|x64
		{F141954B-11C3-367B-8861-9AD070F20200}.RelWithDebInfo|x64.ActiveCfg = RelWithDebInfo|x64
		{F141954B-11C3-367B-8861-9AD070F20200}.RelWithDebInfo|x64.Build.0 = RelWithDebInfo|x64
		{50632ACC-4B2A-30DE-B819-BE33B4E0F2EE}.Debug|x64.ActiveCfg = Debug|x64
		{50632ACC-4B2A-30DE-B819-BE33B4E0F2EE}.Debug|x64.Build.0 = Debug|x64
		{50632ACC-4B2A-30DE-B819-BE33B4E0F2EE}.Release|x64.ActiveCfg = Release|x64
		{50632ACC-4B2A-30DE-B819-BE33B4E0F2EE}.Release|x64.Build.0 = Release|x64
		{50632ACC-4B2A-30DE-B819-BE33B4E0F2EE}.MinSizeRel|x64.ActiveCfg = MinSizeRel|x64
		{50632ACC-4B2A-30DE-B819-BE33B4E0F2EE}.MinSizeRel|x64.Build.0 = MinSizeRel|x64
		{50632ACC-4B2A-30DE-B819-BE33B4E0F2EE}.RelWithDebInfo|x64.ActiveCfg = RelWithDebInfo|x64
		{50632ACC-4B2A-30DE-B819-BE33B4E0F2EE}.RelWithDebInfo|x64.Build.0 = RelWithDebInfo|x64
		{1DF5B203-DDBF-33EA-B808-FA9260F22B91}.Debug|x64.ActiveCfg = Debug|x64
		{1DF5B203-DDBF-33EA-B808-FA9260F22B91}.Debug|x64.Build.0 = Debug|x64
		{1DF5B203-DDBF-33EA-B808-FA9260F22B91}.Release|x64.ActiveCfg = Release|x64
		{1DF5B203-DDBF-33EA-B808-FA9260F22B91}.Release|x64.Build.0 = Release|x64
		{1DF5B203-DDBF-33EA-B808-FA9260F22B91}.MinSizeRel|x64.ActiveCfg = MinSizeRel|x64
		{1DF5B203-DDBF-33EA-B808-FA9260F22B91}.MinSizeRel|x64.Build.0 = MinSizeRel|x64
		{1DF5B203-DDBF-33EA-B808-FA9260F22B91}.RelWithDebInfo|x64.ActiveCfg = RelWithDebInfo|x64
		{1DF5B203-DDBF-33EA-B808-FA9260F22B91}.RelWithDebInfo|x64.Build.0 = RelWithDebInfo|x64
		{5FFD6A27-16F0-36C3-A926-9977CF7C28FA}.Debug|x64.ActiveCfg = Debug|x64
		{5FFD6A27-16F0-36C3-A926-9977CF7C28FA}.Debug|x64.Build.0 = Debug|x64
		{5FFD6A27-16F0-36C3-A926-9977CF7C28FA}.Release|x64.ActiveCfg = Release|x64
		{5FFD6A27-16F0-36C3-A926-9977CF7C28FA}.Release|x64.Build.0 = Release|x64
		{5FFD6A27-16F0-36C3-A926-9977CF7C28FA}.MinSizeRel|x64.ActiveCfg = MinSizeRel|x64
		{5FFD6A27-16F0-36C3-A926-9977CF7C28FA}.MinSizeRel|x64.Build.0 = MinSizeRel|x64
		{5FFD6A27-16F0-36C3-A926-9977CF7C28FA}.RelWithDebInfo|x64.ActiveCfg = RelWithDebInfo|x64
		{5FFD6A27-16F0-36C3-A926-9977CF7C28FA}.RelWithDebInfo|x64.Build.0 = RelWithDebInfo|x64
		{BB597553-D6B6-3CF5-961D-70BAC786CE70}.Debug|x64.ActiveCfg = Debug|x64
		{BB597553-D6B6-3CF5-961D-70BAC786CE70}.Debug|x64.Build.0 = Debug|x64
		{BB597553-D6B6-3CF5-961D-70BAC786CE70}.Release|x64.ActiveCfg = Release|x64
		{BB597553-D6B6-3CF5-961D-70BAC786CE70}.Release|x64.Build.0 = Release|x64
		{BB597553-D6B6-3CF5-961D-70BAC786CE70}.MinSizeRel|x64.ActiveCfg = MinSizeRel|x64
		{BB597553-D6B6-3CF5-961D-70BAC786CE70}.MinSizeRel|x64.Build.0 = MinSizeRel|x64
		{BB597553-D6B6-3CF5-961D-70BAC786CE70}.RelWithDebInfo|x64.ActiveCfg = RelWithDebInfo|x64
		{BB597553-D6B6-3CF5-961D-70BAC786CE70}.RelWithDebInfo|x64.Build.0 = RelWithDebInfo|x64
		{AC83964C-7CA8-31A7-BFFC-7EEFBD85E936}.Debug|x64.ActiveCfg = Debug|x64
		{AC83964C-7CA8-31A7-BFFC-7EEFBD85E936}.Debug|x64.Build.0 = Debug|x64
		{AC83964C-7CA8-31A7-BFFC-7EEFBD85E936}.Release|x64.ActiveCfg = Release|x64
		{AC83964C-7CA8-31A7-BFFC-7EEFBD85E936}.Release|x64.Build.0 = Release|x64
		{AC83964C-7CA8-31A7-BFFC-7EEFBD85E936}.MinSizeRel|x64.ActiveCfg = MinSizeRel|x64
		{AC83964C-7CA8-31A7-BFFC-7EEFBD85E936}.MinSizeRel|x64.Build.0 = MinSizeRel|x64
		{AC83964C-7CA8-31A7-BFFC-7EEFBD85E936}.RelWithDebInfo|x64.ActiveCfg = RelWithDebInfo|x64
		{AC83964C-7CA8-31A7-BFFC-7EEFBD85E936}.RelWithDebInfo|x64.Build.0 = RelWithDebInfo|x64
		{C19BF455-E277-36F3-9584-AF3A8842F66A}.Debug|x64.ActiveCfg = Debug|x64
		{C19BF455-E277-36F3-9584-AF3A8842F66A}.Debug|x64.Build.0 = Debug|x64
		{C19BF455-E277-36F3-9584-AF3A8842F66A}.Release|x64.ActiveCfg = Release|x64
		{C19BF455-E277-36F3-9584-AF3A8842F66A}.Release|x64.Build.0 = Release|x64
		{C19BF455-E277-36F3-9584-AF3A8842F66A}.MinSizeRel|x64.ActiveCfg = MinSizeRel|x64
		{C19BF455-E277-36F3-9584-AF3A8842F66A}.MinSizeRel|x64.Build.0 = MinSizeRel|x64
		{C19BF455-E277-36F3-9584-AF3A8842F66A}.RelWithDebInfo|x64.ActiveCfg = RelWithDebInfo|x64
		{C19BF455-E277-36F3-9584-AF3A8842F66A}.RelWithDebInfo|x64.Build.0 = RelWithDebInfo|x64
		{B6392716-6E33-3CD9-B25E-083A2A2F5C85}.Debug|x64.ActiveCfg = Debug|x64
		{B6392716-6E33-3CD9-B25E-083A2A2F5C85}.Debug|x64.Build.0 = Debug|x64
		{B6392716-6E33-3CD9-B25E-083A2A2F5C85}.Release|x64.ActiveCfg = Release|x64
		{B6392716-6E33-3CD9-B25E-083A2A2F5C85}.Release|x64.Build.0 = Release|x64
		{B6392716-6E33-3CD9-B25E-083A2A2F5C85}.MinSizeRel|x64.ActiveCfg = MinSizeRel|x64
		{B6392716-6E33-3CD9-B25E-083A2A2F5C85}.MinSizeRel|x64.Build.0 = MinSizeRel|x64
		{B6392716-6E33-3CD9-B25E-083A2A2F5C85}.RelWithDebInfo|x64.ActiveCfg = RelWithDebInfo|x64
		{B6392716-6E33-3CD9-B25E-083A2A2F5C85}.RelWithDebInfo|x64.Build.0 = RelWithDebInfo|x64
		{A566C7AA-E3E8-3196-8874-DBC5D3AB0BC1}.Debug|x64.ActiveCfg = Debug|x64
		{A566C7AA-E3E8-3196-8874-DBC5D3AB0BC1}.Debug|x64.Build.0 = Debug|x64
		{A566C7AA-E3E8-3196-8874-DBC5D3AB0BC1}.Release|x64.ActiveCfg = Release|x64
		{A566C7AA-E3E8-3196-8874-DBC5D3AB0BC1}.Release|x64.Build.0 = Release|x64
		{A566C7AA-E3E8-3196-8874-DBC5D3AB0BC1}.MinSizeRel|x64.ActiveCfg = MinSizeRel|x64
		{A566C7AA-E3E8-3196-8874-DBC5D3AB0BC1}.MinSizeRel|x64.Build.0 = MinSizeRel|x64
		{A566C7AA-E3E8-3196-8874-DBC5D3AB0BC1}.RelWithDebInfo|x64.ActiveCfg = RelWithDebInfo|x64
		{A566C7AA-E3E8-3196-8874-DBC5D3AB0BC1}.RelWithDebInfo|x64.Build.0 = RelWithDebInfo|x64
		{C9E593BD-A275-3AF2-97B8-0BF2F41E2A95}.Debug|x64.ActiveCfg = Debug|x64
		{C9E593BD-A275-3AF2-97B8-0BF2F41E2A95}.Debug|x64.Build.0 = Debug|x64
		{C9E593BD-A275-3AF2-97B8-0BF2F41E2A95}.Release|x64.ActiveCfg = Release|x64
		{C9E593BD-A275-3AF2-97B8-0BF2F41E2A95}.Release|x64.Build.0 = Release|x64
		{C9E593BD-A275-3AF2-97B8-0BF2F41E2A95}.MinSizeRel|x64.ActiveCfg = MinSizeRel|x64
		{C9E593BD-A275-3AF2-97B8-0BF2F41E2A95}.MinSizeRel|x64.Build.0 = MinSizeRel|x64
		{C9E593BD-A275-3AF2-97B8-0BF2F41E2A95}.RelWithDebInfo|x64.ActiveCfg = RelWithDebInfo|x64
		{C9E593BD-A275-3AF2-97B8-0BF2F41E2A95}.RelWithDebInfo|x64.Build.0 = RelWithDebInfo|x64
		{2E0563EA-027D-3CC9-8694-7F3215359F18}.Debug|x64.ActiveCfg = Debug|x64
		{2E0563EA-027D-3CC9-8694-7F3215359F18}.Debug|x64.Build.0 = Debug|x64
		{2E0563EA-027D-3CC9-8694-7F3215359F18}.Release|x64.ActiveCfg = Release|x64
		{2E0563EA-027D-3CC9-8694-7F3215359F18}.Release|x64.Build.0 = Release|x64
		{2E0563EA-027D-3CC9-8694-7F3215359F18}.MinSizeRel|x64.ActiveCfg = MinSizeRel|x64
		{2E0563EA-027D-3CC9-8694-7F3215359F18}.MinSizeRel|x64.Build.0 = MinSizeRel|x64
		{2E0563EA-027D-3CC9-8694-7F3215359F18}.RelWithDebInfo|x64.ActiveCfg = RelWithDebInfo|x64
		{2E0563EA-027D-3CC9-8694-7F3215359F18}.RelWithDebInfo|x64.Build.0 = RelWithDebInfo|x64
		{B81EE48C-61E4-3885-96E7-1D6CF8B347F7}.Debug|x64.ActiveCfg = Debug|x64
		{B81EE48C-61E4-3885-96E7-1D6CF8B347F7}.Debug|x64.Build.0 = Debug|x64
		{B81EE48C-61E4-3885-96E7-1D6CF8B347F7}.Release|x64.ActiveCfg = Release|x64
		{B81EE48C-61E4-3885-96E7-1D6CF8B347F7}.Release|x64.Build.0 = Release|x64
		{B81EE48C-61E4-3885-96E7-1D6CF8B347F7}.MinSizeRel|x64.ActiveCfg = MinSizeRel|x64
		{B81EE48C-61E4-3885-96E7-1D6CF8B347F7}.MinSizeRel|x64.Build.0 = MinSizeRel|x64
		{B81EE48C-61E4-3885-96E7-1D6CF8B347F7}.RelWithDebInfo|x64.ActiveCfg = RelWithDebInfo|x64
		{B81EE48C-61E4-3885-96E7-1D6CF8B347F7}.RelWithDebInfo|x64.Build.0 = RelWithDebInfo|x64
		{CA31008B-48D2-30FB-989E-252E55E5B32D}.Debug|x64.ActiveCfg = Debug|x64
		{CA31008B-48D2-30FB-989E-252E55E5B32D}.Debug|x64.Build.0 = Debug|x64
		{CA31008B-48D2-30FB-989E-252E55E5B32D}.Release|x64.ActiveCfg = Release|x64
		{CA31008B-48D2-30FB-989E-252E55E5B32D}.Release|x64.Build.0 = Release|x64
		{CA31008B-48D2-30FB-989E-252E55E5B32D}.MinSizeRel|x64.ActiveCfg = MinSizeRel|x64
		{CA31008B-48D2-30FB-989E-252E55E5B32D}.MinSizeRel|x64.Build.0 = MinSizeRel|x64
		{CA31008B-48D2-30FB-989E-252E55E5B32D}.RelWithDebInfo|x64.ActiveCfg = RelWithDebInfo|x64
		{CA31008B-48D2-30FB-989E-252E55E5B32D}.RelWithDebInfo|x64.Build.0 = RelWithDebInfo|x64
		{1D78E45C-1057-3B01-B91B-BC6371294C76}.Debug|x64.ActiveCfg = Debug|x64
		{1D78E45C-1057-3B01-B91B-BC6371294C76}.Debug|x64.Build.0 = Debug|x64
		{1D78E45C-1057-3B01-B91B-BC6371294C76}.Release|x64.ActiveCfg = Release|x64
		{1D78E45C-1057-3B01-B91B-BC6371294C76}.Release|x64.Build.0 = Release|x64
		{1D78E45C-1057-3B01-B91B-BC6371294C76}.MinSizeRel|x64.ActiveCfg = MinSizeRel|x64
		{1D78E45C-1057-3B01-B91B-BC6371294C76}.MinSizeRel|x64.Build.0 = MinSizeRel|x64
		{1D78E45C-1057-3B01-B91B-BC6371294C76}.RelWithDebInfo|x64.ActiveCfg = RelWithDebInfo|x64
		{1D78E45C-1057-3B01-B91B-BC6371294C76}.RelWithDebInfo|x64.Build.0 = RelWithDebInfo|x64
		{946437CE-ABC0-3BD5-A91A-9054A4EC8F58}.Debug|x64.ActiveCfg = Debug|x64
		{946437CE-ABC0-3BD5-A91A-9054A4EC8F58}.Debug|x64.Build.0 = Debug|x64
		{946437CE-ABC0-3BD5-A91A-9054A4EC8F58}.Release|x64.ActiveCfg = Release|x64
		{946437CE-ABC0-3BD5-A91A-9054A4EC8F58}.Release|x64.Build.0 = Release|x64
		{946437CE-ABC0-3BD5-A91A-9054A4EC8F58}.MinSizeRel|x64.ActiveCfg = MinSizeRel|x64
		{946437CE-ABC0-3BD5-A91A-9054A4EC8F58}.MinSizeRel|x64.Build.0 = MinSizeRel|x64
		{946437CE-ABC0-3BD5-A91A-9054A4EC8F58}.RelWithDebInfo|x64.ActiveCfg = RelWithDebInfo|x64
		{946437CE-ABC0-3BD5-A91A-9054A4EC8F58}.RelWithDebInfo|x64.Build.0 = RelWithDebInfo|x64
		{B76C0250-063E-3212-9F3A-B139A504BBF5}.Debug|x64.ActiveCfg = Debug|x64
		{B76C0250-063E-3212-9F3A-B139A504BBF5}.Debug|x64.Build.0 = Debug|x64
		{B76C0250-063E-3212-9F3A-B139A504BBF5}.Release|x64.ActiveCfg = Release|x64
		{B76C0250-063E-3212-9F3A-B139A504BBF5}.Release|x64.Build.0 = Release|x64
		{B76C0250-063E-3212-9F3A-B139A504BBF5}.MinSizeRel|x64.ActiveCfg = MinSizeRel|x64
		{B76C0250-063E-3212-9F3A-B139A504BBF5}.MinSizeRel|x64.Build.0 = MinSizeRel|x64
		{B76C0250-063E-3212-9F3A-B139A504BBF5}.RelWithDebInfo|x64.ActiveCfg = RelWithDebInfo|x64
		{B76C0250-063E-3212-9F3A-B139A504BBF5}.RelWithDebInfo|x64.Build.0 = RelWithDebInfo|x64
		{BEF47020-73BA-34AF-9AD6-5DA548735305}.Debug|x64.ActiveCfg = Debug|x64
		{BEF47020-73BA-34AF-9AD6-5DA548735305}.Debug|x64.Build.0 = Debug|x64
		{BEF47020-73BA-34AF-9AD6-5DA548735305}.Release|x64.ActiveCfg = Release|x64
		{BEF47020-73BA-34AF-9AD6-5DA548735305}.Release|x64.Build.0 = Release|x64
		{BEF47020-73BA-34AF-9AD6-5DA548735305}.MinSizeRel|x64.ActiveCfg = MinSizeRel|x64
		{BEF47020-73BA-34AF-9AD6-5DA548735305}.MinSizeRel|x64.Build.0 = MinSizeRel|x64
		{BEF47020-73BA-34AF-9AD6-5DA548735305}.RelWithDebInfo|x64.ActiveCfg = RelWithDebInfo|x64
		{BEF47020-73BA-34AF-9AD6-5DA548735305}.RelWithDebInfo|x64.Build.0 = RelWithDebInfo|x64
		{886828F5-1385-322E-ACBF-D95190354C36}.Debug|x64.ActiveCfg = Debug|x64
		{886828F5-1385-322E-ACBF-D95190354C36}.Debug|x64.Build.0 = Debug|x64
		{886828F5-1385-322E-ACBF-D95190354C36}.Release|x64.ActiveCfg = Release|x64
		{886828F5-1385-322E-ACBF-D95190354C36}.Release|x64.Build.0 = Release|x64
		{886828F5-1385-322E-ACBF-D95190354C36}.MinSizeRel|x64.ActiveCfg = MinSizeRel|x64
		{886828F5-1385-322E-ACBF-D95190354C36}.MinSizeRel|x64.Build.0 = MinSizeRel|x64
		{886828F5-1385-322E-ACBF-D95190354C36}.RelWithDebInfo|x64.ActiveCfg = RelWithDebInfo|x64
		{886828F5-1385-322E-ACBF-D95190354C36}.RelWithDebInfo|x64.Build.0 = RelWithDebInfo|x64
		{1213E563-6A32-3107-9F8F-576150AA4BF4}.Debug|x64.ActiveCfg = Debug|x64
		{1213E563-6A32-3107-9F8F-576150AA4BF4}.Debug|x64.Build.0 = Debug|x64
		{1213E563-6A32-3107-9F8F-576150AA4BF4}.Release|x64.ActiveCfg = Release|x64
		{1213E563-6A32-3107-9F8F-576150AA4BF4}.Release|x64.Build.0 = Release|x64
		{1213E563-6A32-3107-9F8F-576150AA4BF4}.MinSizeRel|x64.ActiveCfg = MinSizeRel|x64
		{1213E563-6A32-3107-9F8F-576150AA4BF4}.MinSizeRel|x64.Build.0 = MinSizeRel|x64
		{1213E563-6A32-3107-9F8F-576150AA4BF4}.RelWithDebInfo|x64.ActiveCfg = RelWithDebInfo|x64
		{1213E563-6A32-3107-9F8F-576150AA4BF4}.RelWithDebInfo|x64.Build.0 = RelWithDebInfo|x64
		{335DDCB7-EB88-3E90-A3EF-910ACAC3BACA}.Debug|x64.ActiveCfg = Debug|x64
		{335DDCB7-EB88-3E90-A3EF-910ACAC3BACA}.Debug|x64.Build.0 = Debug|x64
		{335DDCB7-EB88-3E90-A3EF-910ACAC3BACA}.Release|x64.ActiveCfg = Release|x64
		{335DDCB7-EB88-3E90-A3EF-910ACAC3BACA}.Release|x64.Build.0 = Release|x64
		{335DDCB7-EB88-3E90-A3EF-910ACAC3BACA}.MinSizeRel|x64.ActiveCfg = MinSizeRel|x64
		{335DDCB7-EB88-3E90-A3EF-910ACAC3BACA}.MinSizeRel|x64.Build.0 = MinSizeRel|x64
		{335DDCB7-EB88-3E90-A3EF-910ACAC3BACA}.RelWithDebInfo|x64.ActiveCfg = RelWithDebInfo|x64
		{335DDCB7-EB88-3E90-A3EF-910ACAC3BACA}.RelWithDebInfo|x64.Build.0 = RelWithDebInfo|x64
		{B4C1A594-2E2A-383F-A9E0-018C54E34CDA}.Debug|x64.ActiveCfg = Debug|x64
		{B4C1A594-2E2A-383F-A9E0-018C54E34CDA}.Debug|x64.Build.0 = Debug|x64
		{B4C1A594-2E2A-383F-A9E0-018C54E34CDA}.Release|x64.ActiveCfg = Release|x64
		{B4C1A594-2E2A-383F-A9E0-018C54E34CDA}.Release|x64.Build.0 = Release|x64
		{B4C1A594-2E2A-383F-A9E0-018C54E34CDA}.MinSizeRel|x64.ActiveCfg = MinSizeRel|x64
		{B4C1A594-2E2A-383F-A9E0-018C54E34CDA}.MinSizeRel|x64.Build.0 = MinSizeRel|x64
		{B4C1A594-2E2A-383F-A9E0-018C54E34CDA}.RelWithDebInfo|x64.ActiveCfg = RelWithDebInfo|x64
		{B4C1A594-2E2A-383F-A9E0-018C54E34CDA}.RelWithDebInfo|x64.Build.0 = RelWithDebInfo|x64
		{A975A0CB-0828-32E3-B534-2B24573EFA9E}.Debug|x64.ActiveCfg = Debug|x64
		{A975A0CB-0828-32E3-B534-2B24573EFA9E}.Debug|x64.Build.0 = Debug|x64
		{A975A0CB-0828-32E3-B534-2B24573EFA9E}.Release|x64.ActiveCfg = Release|x64
		{A975A0CB-0828-32E3-B534-2B24573EFA9E}.Release|x64.Build.0 = Release|x64
		{A975A0CB-0828-32E3-B534-2B24573EFA9E}.MinSizeRel|x64.ActiveCfg = MinSizeRel|x64
		{A975A0CB-0828-32E3-B534-2B24573EFA9E}.MinSizeRel|x64.Build.0 = MinSizeRel|x64
		{A975A0CB-0828-32E3-B534-2B24573EFA9E}.RelWithDebInfo|x64.ActiveCfg = RelWithDebInfo|x64
		{A975A0CB-0828-32E3-B534-2B24573EFA9E}.RelWithDebInfo|x64.Build.0 = RelWithDebInfo|x64
		{793AD386-7DE5-32B0-9A7B-772AFD6060B0}.Debug|x64.ActiveCfg = Debug|x64
		{793AD386-7DE5-32B0-9A7B-772AFD6060B0}.Debug|x64.Build.0 = Debug|x64
		{793AD386-7DE5-32B0-9A7B-772AFD6060B0}.Release|x64.ActiveCfg = Release|x64
		{793AD386-7DE5-32B0-9A7B-772AFD6060B0}.Release|x64.Build.0 = Release|x64
		{793AD386-7DE5-32B0-9A7B-772AFD6060B0}.MinSizeRel|x64.ActiveCfg = MinSizeRel|x64
		{793AD386-7DE5-32B0-9A7B-772AFD6060B0}.MinSizeRel|x64.Build.0 = MinSizeRel|x64
		{793AD386-7DE5-32B0-9A7B-772AFD6060B0}.RelWithDebInfo|x64.ActiveCfg = RelWithDebInfo|x64
		{793AD386-7DE5-32B0-9A7B-772AFD6060B0}.RelWithDebInfo|x64.Build.0 = RelWithDebInfo|x64
		{2CE8075A-395B-3D45-8145-7D019DFF68FD}.Debug|x64.ActiveCfg = Debug|x64
		{2CE8075A-395B-3D45-8145-7D019DFF68FD}.Debug|x64.Build.0 = Debug|x64
		{2CE8075A-395B-3D45-8145-7D019DFF68FD}.Release|x64.ActiveCfg = Release|x64
		{2CE8075A-395B-3D45-8145-7D019DFF68FD}.Release|x64.Build.0 = Release|x64
		{2CE8075A-395B-3D45-8145-7D019DFF68FD}.MinSizeRel|x64.ActiveCfg = MinSizeRel|x64
		{2CE8075A-395B-3D45-8145-7D019DFF68FD}.MinSizeRel|x64.Build.0 = MinSizeRel|x64
		{2CE8075A-395B-3D45-8145-7D019DFF68FD}.RelWithDebInfo|x64.ActiveCfg = RelWithDebInfo|x64
		{2CE8075A-395B-3D45-8145-7D019DFF68FD}.RelWithDebInfo|x64.Build.0 = RelWithDebInfo|x64
		{DE1C56D6-E3DF-3952-ADB4-681777EDD5AD}.Debug|x64.ActiveCfg = Debug|x64
		{DE1C56D6-E3DF-3952-ADB4-681777EDD5AD}.Debug|x64.Build.0 = Debug|x64
		{DE1C56D6-E3DF-3952-ADB4-681777EDD5AD}.Release|x64.ActiveCfg = Release|x64
		{DE1C56D6-E3DF-3952-ADB4-681777EDD5AD}.Release|x64.Build.0 = Release|x64
		{DE1C56D6-E3DF-3952-ADB4-681777EDD5AD}.MinSizeRel|x64.ActiveCfg = MinSizeRel|x64
		{DE1C56D6-E3DF-3952-ADB4-681777EDD5AD}.MinSizeRel|x64.Build.0 = MinSizeRel|x64
		{DE1C56D6-E3DF-3952-ADB4-681777EDD5AD}.RelWithDebInfo|x64.ActiveCfg = RelWithDebInfo|x64
		{DE1C56D6-E3DF-3952-ADB4-681777EDD5AD}.RelWithDebInfo|x64.Build.0 = RelWithDebInfo|x64
		{28CF0FA4-32B8-30E9-9874-F4F75C181830}.Debug|x64.ActiveCfg = Debug|x64
		{28CF0FA4-32B8-30E9-9874-F4F75C181830}.Debug|x64.Build.0 = Debug|x64
		{28CF0FA4-32B8-30E9-9874-F4F75C181830}.Release|x64.ActiveCfg = Release|x64
		{28CF0FA4-32B8-30E9-9874-F4F75C181830}.Release|x64.Build.0 = Release|x64
		{28CF0FA4-32B8-30E9-9874-F4F75C181830}.MinSizeRel|x64.ActiveCfg = MinSizeRel|x64
		{28CF0FA4-32B8-30E9-9874-F4F75C181830}.MinSizeRel|x64.Build.0 = MinSizeRel|x64
		{28CF0FA4-32B8-30E9-9874-F4F75C181830}.RelWithDebInfo|x64.ActiveCfg = RelWithDebInfo|x64
		{28CF0FA4-32B8-30E9-9874-F4F75C181830}.RelWithDebInfo|x64.Build.0 = RelWithDebInfo|x64
		{3C8E8AD9-136A-3642-AAE2-908552A313C2}.Debug|x64.ActiveCfg = Debug|x64
		{3C8E8AD9-136A-3642-AAE2-908552A313C2}.Debug|x64.Build.0 = Debug|x64
		{3C8E8AD9-136A-3642-AAE2-908552A313C2}.Release|x64.ActiveCfg = Release|x64
		{3C8E8AD9-136A-3642-AAE2-908552A313C2}.Release|x64.Build.0 = Release|x64
		{3C8E8AD9-136A-3642-AAE2-908552A313C2}.MinSizeRel|x64.ActiveCfg = MinSizeRel|x64
		{3C8E8AD9-136A-3642-AAE2-908552A313C2}.MinSizeRel|x64.Build.0 = MinSizeRel|x64
		{3C8E8AD9-136A-3642-AAE2-908552A313C2}.RelWithDebInfo|x64.ActiveCfg = RelWithDebInfo|x64
		{3C8E8AD9-136A-3642-AAE2-908552A313C2}.RelWithDebInfo|x64.Build.0 = RelWithDebInfo|x64
		{AFB3F910-8745-3E26-AB6B-4E90B57B6EF1}.Debug|x64.ActiveCfg = Debug|x64
		{AFB3F910-8745-3E26-AB6B-4E90B57B6EF1}.Debug|x64.Build.0 = Debug|x64
		{AFB3F910-8745-3E26-AB6B-4E90B57B6EF1}.Release|x64.ActiveCfg = Release|x64
		{AFB3F910-8745-3E26-AB6B-4E90B57B6EF1}.Release|x64.Build.0 = Release|x64
		{AFB3F910-8745-3E26-AB6B-4E90B57B6EF1}.MinSizeRel|x64.ActiveCfg = MinSizeRel|x64
		{AFB3F910-8745-3E26-AB6B-4E90B57B6EF1}.MinSizeRel|x64.Build.0 = MinSizeRel|x64
		{AFB3F910-8745-3E26-AB6B-4E90B57B6EF1}.RelWithDebInfo|x64.ActiveCfg = RelWithDebInfo|x64
		{AFB3F910-8745-3E26-AB6B-4E90B57B6EF1}.RelWithDebInfo|x64.Build.0 = RelWithDebInfo|x64
		{A8927D5C-F8C5-349A-9053-C92ACA501515}.Debug|x64.ActiveCfg = Debug|x64
		{A8927D5C-F8C5-349A-9053-C92ACA501515}.Debug|x64.Build.0 = Debug|x64
		{A8927D5C-F8C5-349A-9053-C92ACA501515}.Release|x64.ActiveCfg = Release|x64
		{A8927D5C-F8C5-349A-9053-C92ACA501515}.Release|x64.Build.0 = Release|x64
		{A8927D5C-F8C5-349A-9053-C92ACA501515}.MinSizeRel|x64.ActiveCfg = MinSizeRel|x64
		{A8927D5C-F8C5-349A-9053-C92ACA501515}.MinSizeRel|x64.Build.0 = MinSizeRel|x64
		{A8927D5C-F8C5-349A-9053-C92ACA501515}.RelWithDebInfo|x64.ActiveCfg = RelWithDebInfo|x64
		{A8927D5C-F8C5-349A-9053-C92ACA501515}.RelWithDebInfo|x64.Build.0 = RelWithDebInfo|x64
		{CB492573-DAF0-3A51-B3D8-061DA80810EB}.Debug|x64.ActiveCfg = Debug|x64
		{CB492573-DAF0-3A51-B3D8-061DA80810EB}.Debug|x64.Build.0 = Debug|x64
		{CB492573-DAF0-3A51-B3D8-061DA80810EB}.Release|x64.ActiveCfg = Release|x64
		{CB492573-DAF0-3A51-B3D8-061DA80810EB}.Release|x64.Build.0 = Release|x64
		{CB492573-DAF0-3A51-B3D8-061DA80810EB}.MinSizeRel|x64.ActiveCfg = MinSizeRel|x64
		{CB492573-DAF0-3A51-B3D8-061DA80810EB}.MinSizeRel|x64.Build.0 = MinSizeRel|x64
		{CB492573-DAF0-3A51-B3D8-061DA80810EB}.RelWithDebInfo|x64.ActiveCfg = RelWithDebInfo|x64
		{CB492573-DAF0-3A51-B3D8-061DA80810EB}.RelWithDebInfo|x64.Build.0 = RelWithDebInfo|x64
		{A7EE0A91-3B9A-30A2-BE8B-EB0B6DD50F33}.Debug|x64.ActiveCfg = Debug|x64
		{A7EE0A91-3B9A-30A2-BE8B-EB0B6DD50F33}.Debug|x64.Build.0 = Debug|x64
		{A7EE0A91-3B9A-30A2-BE8B-EB0B6DD50F33}.Release|x64.ActiveCfg = Release|x64
		{A7EE0A91-3B9A-30A2-BE8B-EB0B6DD50F33}.Release|x64.Build.0 = Release|x64
		{A7EE0A91-3B9A-30A2-BE8B-EB0B6DD50F33}.MinSizeRel|x64.ActiveCfg = MinSizeRel|x64
		{A7EE0A91-3B9A-30A2-BE8B-EB0B6DD50F33}.MinSizeRel|x64.Build.0 = MinSizeRel|x64
		{A7EE0A91-3B9A-30A2-BE8B-EB0B6DD50F33}.RelWithDebInfo|x64.ActiveCfg = RelWithDebInfo|x64
		{A7EE0A91-3B9A-30A2-BE8B-EB0B6DD50F33}.RelWithDebInfo|x64.Build.0 = RelWithDebInfo|x64
		{42D15C0B-A4C6-3BBC-AB3A-C1D91CFC3CDB}.Debug|x64.ActiveCfg = Debug|x64
		{42D15C0B-A4C6-3BBC-AB3A-C1D91CFC3CDB}.Debug|x64.Build.0 = Debug|x64
		{42D15C0B-A4C6-3BBC-AB3A-C1D91CFC3CDB}.Release|x64.ActiveCfg = Release|x64
		{42D15C0B-A4C6-3BBC-AB3A-C1D91CFC3CDB}.Release|x64.Build.0 = Release|x64
		{42D15C0B-A4C6-3BBC-AB3A-C1D91CFC3CDB}.MinSizeRel|x64.ActiveCfg = MinSizeRel|x64
		{42D15C0B-A4C6-3BBC-AB3A-C1D91CFC3CDB}.MinSizeRel|x64.Build.0 = MinSizeRel|x64
		{42D15C0B-A4C6-3BBC-AB3A-C1D91CFC3CDB}.RelWithDebInfo|x64.ActiveCfg = RelWithDebInfo|x64
		{42D15C0B-A4C6-3BBC-AB3A-C1D91CFC3CDB}.RelWithDebInfo|x64.Build.0 = RelWithDebInfo|x64
		{712BDAD3-8907-3430-A8E5-2F04856ED450}.Debug|x64.ActiveCfg = Debug|x64
		{712BDAD3-8907-3430-A8E5-2F04856ED450}.Debug|x64.Build.0 = Debug|x64
		{712BDAD3-8907-3430-A8E5-2F04856ED450}.Release|x64.ActiveCfg = Release|x64
		{712BDAD3-8907-3430-A8E5-2F04856ED450}.Release|x64.Build.0 = Release|x64
		{712BDAD3-8907-3430-A8E5-2F04856ED450}.MinSizeRel|x64.ActiveCfg = MinSizeRel|x64
		{712BDAD3-8907-3430-A8E5-2F04856ED450}.MinSizeRel|x64.Build.0 = MinSizeRel|x64
		{712BDAD3-8907-3430-A8E5-2F04856ED450}.RelWithDebInfo|x64.ActiveCfg = RelWithDebInfo|x64
		{712BDAD3-8907-3430-A8E5-2F04856ED450}.RelWithDebInfo|x64.Build.0 = RelWithDebInfo|x64
		{5A961607-4835-3803-B26F-DC1FE4F27DE2}.Debug|x64.ActiveCfg = Debug|x64
		{5A961607-4835-3803-B26F-DC1FE4F27DE2}.Debug|x64.Build.0 = Debug|x64
		{5A961607-4835-3803-B26F-DC1FE4F27DE2}.Release|x64.ActiveCfg = Release|x64
		{5A961607-4835-3803-B26F-DC1FE4F27DE2}.Release|x64.Build.0 = Release|x64
		{5A961607-4835-3803-B26F-DC1FE4F27DE2}.MinSizeRel|x64.ActiveCfg = MinSizeRel|x64
		{5A961607-4835-3803-B26F-DC1FE4F27DE2}.MinSizeRel|x64.Build.0 = MinSizeRel|x64
		{5A961607-4835-3803-B26F-DC1FE4F27DE2}.RelWithDebInfo|x64.ActiveCfg = RelWithDebInfo|x64
		{5A961607-4835-3803-B26F-DC1FE4F27DE2}.RelWithDebInfo|x64.Build.0 = RelWithDebInfo|x64
		{E86F18F9-CB7C-3A2A-AD3F-D8F9C858D817}.Debug|x64.ActiveCfg = Debug|x64
		{E86F18F9-CB7C-3A2A-AD3F-D8F9C858D817}.Debug|x64.Build.0 = Debug|x64
		{E86F18F9-CB7C-3A2A-AD3F-D8F9C858D817}.Release|x64.ActiveCfg = Release|x64
		{E86F18F9-CB7C-3A2A-AD3F-D8F9C858D817}.Release|x64.Build.0 = Release|x64
		{E86F18F9-CB7C-3A2A-AD3F-D8F9C858D817}.MinSizeRel|x64.ActiveCfg = MinSizeRel|x64
		{E86F18F9-CB7C-3A2A-AD3F-D8F9C858D817}.MinSizeRel|x64.Build.0 = MinSizeRel|x64
		{E86F18F9-CB7C-3A2A-AD3F-D8F9C858D817}.RelWithDebInfo|x64.ActiveCfg = RelWithDebInfo|x64
		{E86F18F9-CB7C-3A2A-AD3F-D8F9C858D817}.RelWithDebInfo|x64.Build.0 = RelWithDebInfo|x64
		{AFEEBB3D-5568-3B11-A9C5-36F114D93A67}.Debug|x64.ActiveCfg = Debug|x64
		{AFEEBB3D-5568-3B11-A9C5-36F114D93A67}.Release|x64.ActiveCfg = Release|x64
		{AFEEBB3D-5568-3B11-A9C5-36F114D93A67}.MinSizeRel|x64.ActiveCfg = MinSizeRel|x64
		{AFEEBB3D-5568-3B11-A9C5-36F114D93A67}.RelWithDebInfo|x64.ActiveCfg = RelWithDebInfo|x64
		{8C5B45F2-2615-37DD-8D49-4D7D3F6D7C77}.Debug|x64.ActiveCfg = Debug|x64
		{8C5B45F2-2615-37DD-8D49-4D7D3F6D7C77}.Debug|x64.Build.0 = Debug|x64
		{8C5B45F2-2615-37DD-8D49-4D7D3F6D7C77}.Release|x64.ActiveCfg = Release|x64
		{8C5B45F2-2615-37DD-8D49-4D7D3F6D7C77}.Release|x64.Build.0 = Release|x64
		{8C5B45F2-2615-37DD-8D49-4D7D3F6D7C77}.MinSizeRel|x64.ActiveCfg = MinSizeRel|x64
		{8C5B45F2-2615-37DD-8D49-4D7D3F6D7C77}.MinSizeRel|x64.Build.0 = MinSizeRel|x64
		{8C5B45F2-2615-37DD-8D49-4D7D3F6D7C77}.RelWithDebInfo|x64.ActiveCfg = RelWithDebInfo|x64
		{8C5B45F2-2615-37DD-8D49-4D7D3F6D7C77}.RelWithDebInfo|x64.Build.0 = RelWithDebInfo|x64
		{D71D0B66-D279-389C-9DBB-B873233013F5}.Debug|x64.ActiveCfg = Debug|x64
		{D71D0B66-D279-389C-9DBB-B873233013F5}.Debug|x64.Build.0 = Debug|x64
		{D71D0B66-D279-389C-9DBB-B873233013F5}.Release|x64.ActiveCfg = Release|x64
		{D71D0B66-D279-389C-9DBB-B873233013F5}.Release|x64.Build.0 = Release|x64
		{D71D0B66-D279-389C-9DBB-B873233013F5}.MinSizeRel|x64.ActiveCfg = MinSizeRel|x64
		{D71D0B66-D279-389C-9DBB-B873233013F5}.MinSizeRel|x64.Build.0 = MinSizeRel|x64
		{D71D0B66-D279-389C-9DBB-B873233013F5}.RelWithDebInfo|x64.ActiveCfg = RelWithDebInfo|x64
		{D71D0B66-D279-389C-9DBB-B873233013F5}.RelWithDebInfo|x64.Build.0 = RelWithDebInfo|x64
		{78795CC6-8B1A-338B-8CC0-F3C1791DC1C5}.Debug|x64.ActiveCfg = Debug|x64
		{78795CC6-8B1A-338B-8CC0-F3C1791DC1C5}.Debug|x64.Build.0 = Debug|x64
		{78795CC6-8B1A-338B-8CC0-F3C1791DC1C5}.Release|x64.ActiveCfg = Release|x64
		{78795CC6-8B1A-338B-8CC0-F3C1791DC1C5}.Release|x64.Build.0 = Release|x64
		{78795CC6-8B1A-338B-8CC0-F3C1791DC1C5}.MinSizeRel|x64.ActiveCfg = MinSizeRel|x64
		{78795CC6-8B1A-338B-8CC0-F3C1791DC1C5}.MinSizeRel|x64.Build.0 = MinSizeRel|x64
		{78795CC6-8B1A-338B-8CC0-F3C1791DC1C5}.RelWithDebInfo|x64.ActiveCfg = RelWithDebInfo|x64
		{78795CC6-8B1A-338B-8CC0-F3C1791DC1C5}.RelWithDebInfo|x64.Build.0 = RelWithDebInfo|x64
		{833D0F90-4887-3B94-90F1-78F452C6C179}.Debug|x64.ActiveCfg = Debug|x64
		{833D0F90-4887-3B94-90F1-78F452C6C179}.Debug|x64.Build.0 = Debug|x64
		{833D0F90-4887-3B94-90F1-78F452C6C179}.Release|x64.ActiveCfg = Release|x64
		{833D0F90-4887-3B94-90F1-78F452C6C179}.Release|x64.Build.0 = Release|x64
		{833D0F90-4887-3B94-90F1-78F452C6C179}.MinSizeRel|x64.ActiveCfg = MinSizeRel|x64
		{833D0F90-4887-3B94-90F1-78F452C6C179}.MinSizeRel|x64.Build.0 = MinSizeRel|x64
		{833D0F90-4887-3B94-90F1-78F452C6C179}.RelWithDebInfo|x64.ActiveCfg = RelWithDebInfo|x64
		{833D0F90-4887-3B94-90F1-78F452C6C179}.RelWithDebInfo|x64.Build.0 = RelWithDebInfo|x64
	EndGlobalSection
	GlobalSection(ExtensibilityGlobals) = postSolution
		SolutionGuid = {D741B442-2E29-355A-A199-9654A7B26F34}
	EndGlobalSection
	GlobalSection(ExtensibilityAddIns) = postSolution
	EndGlobalSection
EndGlobal
