<?xml version="1.0" encoding="utf-8"?>
<Project ToolsVersion="16.0" xmlns="http://schemas.microsoft.com/developer/msbuild/2003">
  <ItemGroup>
    <ClCompile Include="C:\Users\Paul\Downloads\bullet-2.82-r2704\bullet-2.82-r2704\Extras\Serialize\BulletXmlWorldImporter\btBulletXmlWorldImporter.cpp">
      <Filter>Source Files</Filter>
    </ClCompile>
    <ClCompile Include="C:\Users\Paul\Downloads\bullet-2.82-r2704\bullet-2.82-r2704\Extras\Serialize\BulletXmlWorldImporter\string_split.cpp">
      <Filter>Source Files</Filter>
    </ClCompile>
    <ClCompile Include="C:\Users\Paul\Downloads\bullet-2.82-r2704\bullet-2.82-r2704\Extras\Serialize\BulletXmlWorldImporter\tinyxml.cpp">
      <Filter>Source Files</Filter>
    </ClCompile>
    <ClCompile Include="C:\Users\Paul\Downloads\bullet-2.82-r2704\bullet-2.82-r2704\Extras\Serialize\BulletXmlWorldImporter\tinystr.cpp">
      <Filter>Source Files</Filter>
    </ClCompile>
    <ClCompile Include="C:\Users\Paul\Downloads\bullet-2.82-r2704\bullet-2.82-r2704\Extras\Serialize\BulletXmlWorldImporter\tinyxmlerror.cpp">
      <Filter>Source Files</Filter>
    </ClCompile>
    <ClCompile Include="C:\Users\Paul\Downloads\bullet-2.82-r2704\bullet-2.82-r2704\Extras\Serialize\BulletXmlWorldImporter\tinyxmlparser.cpp">
      <Filter>Source Files</Filter>
    </ClCompile>
  </ItemGroup>
  <ItemGroup>
    <ClInclude Include="C:\Users\Paul\Downloads\bullet-2.82-r2704\bullet-2.82-r2704\Extras\Serialize\BulletXmlWorldImporter\btBulletXmlWorldImporter.h">
      <Filter>Header Files</Filter>
    </ClInclude>
    <ClInclude Include="C:\Users\Paul\Downloads\bullet-2.82-r2704\bullet-2.82-r2704\Extras\Serialize\BulletXmlWorldImporter\string_split.h">
      <Filter>Header Files</Filter>
    </ClInclude>
    <ClInclude Include="C:\Users\Paul\Downloads\bullet-2.82-r2704\bullet-2.82-r2704\Extras\Serialize\BulletXmlWorldImporter\tinyxml.h">
      <Filter>Header Files</Filter>
    </ClInclude>
    <ClInclude Include="C:\Users\Paul\Downloads\bullet-2.82-r2704\bullet-2.82-r2704\Extras\Serialize\BulletXmlWorldImporter\tinystr.h">
      <Filter>Header Files</Filter>
    </ClInclude>
  </ItemGroup>
  <ItemGroup>
    <CustomBuild Include="C:\Users\Paul\Downloads\bullet-2.82-r2704\bullet-2.82-r2704\Extras\Serialize\BulletXmlWorldImporter\CMakeLists.txt" />
  </ItemGroup>
  <ItemGroup>
    <Filter Include="Header Files">
      <UniqueIdentifier>{CD5EE022-5628-31B3-ABAE-A152627790FC}</UniqueIdentifier>
    </Filter>
    <Filter Include="Source Files">
      <UniqueIdentifier>{002F0037-F607-366D-8651-69B51AE29B82}</UniqueIdentifier>
    </Filter>
  </ItemGroup>
</Project>
